// !$*UTF8*$!
{
	archiveVersion = 1;
	classes = {
	};
	objectVersion = 46;
	objects = {

/* Begin PBXBuildFile section */
		3C80135D1CC7BEEA005F3027 /* 占位头像.png in Resources */ = {isa = PBXBuildFile; fileRef = 3C80135C1CC7BEEA005F3027 /* 占位头像.png */; };
		3CA385E41CC467AC008B6CFC /* main.m in Sources */ = {isa = PBXBuildFile; fileRef = 3CA385E31CC467AC008B6CFC /* main.m */; };
		3CA385E71CC467AC008B6CFC /* AppDelegate.mm in Sources */ = {isa = PBXBuildFile; fileRef = 3CA385E61CC467AC008B6CFC /* AppDelegate.mm */; };
		3CA385EF1CC467AC008B6CFC /* Assets.xcassets in Resources */ = {isa = PBXBuildFile; fileRef = 3CA385EE1CC467AC008B6CFC /* Assets.xcassets */; };
		3CA385F21CC467AC008B6CFC /* LaunchScreen.storyboard in Resources */ = {isa = PBXBuildFile; fileRef = 3CA385F01CC467AC008B6CFC /* LaunchScreen.storyboard */; };
		3CA385FD1CC467AC008B6CFC /* HeySayTests.m in Sources */ = {isa = PBXBuildFile; fileRef = 3CA385FC1CC467AC008B6CFC /* HeySayTests.m */; };
		3CA387081CC473B3008B6CFC /* KCPinyinHelper.m in Sources */ = {isa = PBXBuildFile; fileRef = 3CA386B91CC473B3008B6CFC /* KCPinyinHelper.m */; settings = {COMPILER_FLAGS = "-fno-objc-arc"; }; };
		3CA3874E1CC473F5008B6CFC /* LoginBackgroundImg.png in Resources */ = {isa = PBXBuildFile; fileRef = 3CA387391CC473F5008B6CFC /* LoginBackgroundImg.png */; };
		3CA387791CC47490008B6CFC /* .gitignore in Resources */ = {isa = PBXBuildFile; fileRef = 3CA387551CC47490008B6CFC /* .gitignore */; };
		3CA3877A1CC47490008B6CFC /* .gitignore in Resources */ = {isa = PBXBuildFile; fileRef = 3CA387571CC47490008B6CFC /* .gitignore */; };
		3CA3877B1CC47490008B6CFC /* .gitignore in Resources */ = {isa = PBXBuildFile; fileRef = 3CA387591CC47490008B6CFC /* .gitignore */; };
		3CA3877C1CC47490008B6CFC /* .gitignore in Resources */ = {isa = PBXBuildFile; fileRef = 3CA3875C1CC47490008B6CFC /* .gitignore */; };
		3CA3877D1CC47490008B6CFC /* .gitignore in Resources */ = {isa = PBXBuildFile; fileRef = 3CA3875E1CC47490008B6CFC /* .gitignore */; };
		3CA3877E1CC47490008B6CFC /* .gitignore in Resources */ = {isa = PBXBuildFile; fileRef = 3CA387601CC47490008B6CFC /* .gitignore */; };
		3CA3877F1CC47490008B6CFC /* ViewController.m in Sources */ = {isa = PBXBuildFile; fileRef = 3CA387631CC47490008B6CFC /* ViewController.m */; };
		3CA387801CC47490008B6CFC /* .gitignore in Resources */ = {isa = PBXBuildFile; fileRef = 3CA387661CC47490008B6CFC /* .gitignore */; };
		3CA387811CC47490008B6CFC /* .gitignore in Resources */ = {isa = PBXBuildFile; fileRef = 3CA387681CC47490008B6CFC /* .gitignore */; };
		3CA387821CC47490008B6CFC /* .gitignore in Resources */ = {isa = PBXBuildFile; fileRef = 3CA3876A1CC47490008B6CFC /* .gitignore */; };
		3CA387831CC47490008B6CFC /* .gitignore in Resources */ = {isa = PBXBuildFile; fileRef = 3CA3876D1CC47490008B6CFC /* .gitignore */; };
		3CA387841CC47490008B6CFC /* .gitignore in Resources */ = {isa = PBXBuildFile; fileRef = 3CA3876F1CC47490008B6CFC /* .gitignore */; };
		3CA387851CC47490008B6CFC /* .gitignore in Resources */ = {isa = PBXBuildFile; fileRef = 3CA387711CC47490008B6CFC /* .gitignore */; };
		3CA387861CC47490008B6CFC /* .gitignore in Resources */ = {isa = PBXBuildFile; fileRef = 3CA387741CC47490008B6CFC /* .gitignore */; };
		3CA387871CC47490008B6CFC /* .gitignore in Resources */ = {isa = PBXBuildFile; fileRef = 3CA387761CC47490008B6CFC /* .gitignore */; };
		3CA387881CC47490008B6CFC /* .gitignore in Resources */ = {isa = PBXBuildFile; fileRef = 3CA387781CC47490008B6CFC /* .gitignore */; };
		3CA3878B1CC47672008B6CFC /* libicucore.tbd in Frameworks */ = {isa = PBXBuildFile; fileRef = 3CA3878A1CC47672008B6CFC /* libicucore.tbd */; };
		3CA3878D1CC47679008B6CFC /* libsqlite3.tbd in Frameworks */ = {isa = PBXBuildFile; fileRef = 3CA3878C1CC47679008B6CFC /* libsqlite3.tbd */; };
		3CA3878F1CC4767F008B6CFC /* libz.tbd in Frameworks */ = {isa = PBXBuildFile; fileRef = 3CA3878E1CC4767F008B6CFC /* libz.tbd */; };
		3CA387911CC4768C008B6CFC /* libstdc++.6.0.9.tbd in Frameworks */ = {isa = PBXBuildFile; fileRef = 3CA387901CC4768C008B6CFC /* libstdc++.6.0.9.tbd */; };
		3CA387931CC476A2008B6CFC /* CoreTelephony.framework in Frameworks */ = {isa = PBXBuildFile; fileRef = 3CA387921CC476A2008B6CFC /* CoreTelephony.framework */; };
		3CA387951CC476A6008B6CFC /* MediaPlayer.framework in Frameworks */ = {isa = PBXBuildFile; fileRef = 3CA387941CC476A6008B6CFC /* MediaPlayer.framework */; };
		3CA387971CC476AC008B6CFC /* CFNetwork.framework in Frameworks */ = {isa = PBXBuildFile; fileRef = 3CA387961CC476AC008B6CFC /* CFNetwork.framework */; };
		3CA387991CC476B2008B6CFC /* SystemConfiguration.framework in Frameworks */ = {isa = PBXBuildFile; fileRef = 3CA387981CC476B2008B6CFC /* SystemConfiguration.framework */; };
		3CA3879B1CC476B8008B6CFC /* MobileCoreServices.framework in Frameworks */ = {isa = PBXBuildFile; fileRef = 3CA3879A1CC476B8008B6CFC /* MobileCoreServices.framework */; };
		3CA3879D1CC476BF008B6CFC /* AudioToolbox.framework in Frameworks */ = {isa = PBXBuildFile; fileRef = 3CA3879C1CC476BF008B6CFC /* AudioToolbox.framework */; };
		3CA3879F1CC476C4008B6CFC /* CoreGraphics.framework in Frameworks */ = {isa = PBXBuildFile; fileRef = 3CA3879E1CC476C4008B6CFC /* CoreGraphics.framework */; };
		3CA387A11CC476C9008B6CFC /* AVFoundation.framework in Frameworks */ = {isa = PBXBuildFile; fileRef = 3CA387A01CC476C9008B6CFC /* AVFoundation.framework */; };
		3CA387A51CC4E1B1008B6CFC /* ChatViewController.m in Sources */ = {isa = PBXBuildFile; fileRef = 3CA387A31CC4E1B1008B6CFC /* ChatViewController.m */; };
		3CA387A61CC4E1B1008B6CFC /* ChatViewController.xib in Resources */ = {isa = PBXBuildFile; fileRef = 3CA387A41CC4E1B1008B6CFC /* ChatViewController.xib */; };
		3CA387AA1CC4E29D008B6CFC /* SessionViewController.m in Sources */ = {isa = PBXBuildFile; fileRef = 3CA387A81CC4E29D008B6CFC /* SessionViewController.m */; };
		3CA387AB1CC4E29D008B6CFC /* SessionViewController.xib in Resources */ = {isa = PBXBuildFile; fileRef = 3CA387A91CC4E29D008B6CFC /* SessionViewController.xib */; };
		3CA387AE1CC4E498008B6CFC /* ChatKeyBoardInputView.m in Sources */ = {isa = PBXBuildFile; fileRef = 3CA387AD1CC4E498008B6CFC /* ChatKeyBoardInputView.m */; };
		3CA387FC1CC517B4008B6CFC /* MessageTableViewCell.m in Sources */ = {isa = PBXBuildFile; fileRef = 3CA387FB1CC517B4008B6CFC /* MessageTableViewCell.m */; };
		3CA8F4B71CC9C8E200B96088 /* MBProgressHUD.m in Sources */ = {isa = PBXBuildFile; fileRef = 3CA8F4B61CC9C8E200B96088 /* MBProgressHUD.m */; };
		3CBECFAD1CC8826300B83B5F /* LeanCloudManager.m in Sources */ = {isa = PBXBuildFile; fileRef = 3CBECFAC1CC8826300B83B5F /* LeanCloudManager.m */; };
		3CBECFB31CC8BCC700B83B5F /* NSString+DocumentPath.m in Sources */ = {isa = PBXBuildFile; fileRef = 3CBECFB01CC8BCC700B83B5F /* NSString+DocumentPath.m */; };
		3CBECFB41CC8BCC700B83B5F /* NSString+MD5.m in Sources */ = {isa = PBXBuildFile; fileRef = 3CBECFB21CC8BCC700B83B5F /* NSString+MD5.m */; };
		3CBECFBA1CC90EE300B83B5F /* UserModel.m in Sources */ = {isa = PBXBuildFile; fileRef = 3CBECFB91CC90EE300B83B5F /* UserModel.m */; };
		3CBECFFA1CC919C300B83B5F /* CCPSDKBundle.bundle in Resources */ = {isa = PBXBuildFile; fileRef = 3CBECFBD1CC919C200B83B5F /* CCPSDKBundle.bundle */; };
		3CBECFFB1CC919C300B83B5F /* libCCPiPhoneSDK_FullLib.a in Frameworks */ = {isa = PBXBuildFile; fileRef = 3CBECFCE1CC919C200B83B5F /* libCCPiPhoneSDK_FullLib.a */; };
		3CCD01761CC5DF4D004C5703 /* chat_receiver_bg@2x.png in Resources */ = {isa = PBXBuildFile; fileRef = 3CCD01741CC5DF4D004C5703 /* chat_receiver_bg@2x.png */; };
		3CCD01771CC5DF4D004C5703 /* chat_sender_bg@2x.png in Resources */ = {isa = PBXBuildFile; fileRef = 3CCD01751CC5DF4D004C5703 /* chat_sender_bg@2x.png */; };
		3CCD017A1CC6058E004C5703 /* DeviceDelegateHelper.m in Sources */ = {isa = PBXBuildFile; fileRef = 3CCD01781CC6058E004C5703 /* DeviceDelegateHelper.m */; };
		3CCD01811CC60BDD004C5703 /* RegisterViewController.m in Sources */ = {isa = PBXBuildFile; fileRef = 3CCD01801CC60BDD004C5703 /* RegisterViewController.m */; };
		3CCD01831CC60E87004C5703 /* 用户2.png in Resources */ = {isa = PBXBuildFile; fileRef = 3CCD01821CC60E87004C5703 /* 用户2.png */; };
		3CCD01891CC61A90004C5703 /* backgroundImg01.jpg in Resources */ = {isa = PBXBuildFile; fileRef = 3CCD01881CC61A90004C5703 /* backgroundImg01.jpg */; };
		3CCD018F1CC628DE004C5703 /* DatabaseManager.m in Sources */ = {isa = PBXBuildFile; fileRef = 3CCD018E1CC628DE004C5703 /* DatabaseManager.m */; };
		3CCD01931CC65902004C5703 /* MainTabBarController.m in Sources */ = {isa = PBXBuildFile; fileRef = 3CCD01921CC65902004C5703 /* MainTabBarController.m */; };
		3CCD01961CC65A67004C5703 /* MineViewController.m in Sources */ = {isa = PBXBuildFile; fileRef = 3CCD01951CC65A67004C5703 /* MineViewController.m */; };
		3CCD01E11CC678FC004C5703 /* Main.storyboard in Resources */ = {isa = PBXBuildFile; fileRef = 3CCD01E01CC678FC004C5703 /* Main.storyboard */; };
		42D6AE3F901201BC44806FA2 /* libPods.a in Frameworks */ = {isa = PBXBuildFile; fileRef = EEDFBC959DFB9DD69D2409AB /* libPods.a */; };
/* End PBXBuildFile section */

/* Begin PBXContainerItemProxy section */
		3CA385F91CC467AC008B6CFC /* PBXContainerItemProxy */ = {
			isa = PBXContainerItemProxy;
			containerPortal = 3CA385D71CC467AC008B6CFC /* Project object */;
			proxyType = 1;
			remoteGlobalIDString = 3CA385DE1CC467AC008B6CFC;
			remoteInfo = HeySay;
		};
/* End PBXContainerItemProxy section */

/* Begin PBXFileReference section */
		3C80135C1CC7BEEA005F3027 /* 占位头像.png */ = {isa = PBXFileReference; lastKnownFileType = image.png; path = "占位头像.png"; sourceTree = "<group>"; };
		3CA385DF1CC467AC008B6CFC /* HeySay.app */ = {isa = PBXFileReference; explicitFileType = wrapper.application; includeInIndex = 0; path = HeySay.app; sourceTree = BUILT_PRODUCTS_DIR; };
		3CA385E31CC467AC008B6CFC /* main.m */ = {isa = PBXFileReference; lastKnownFileType = sourcecode.c.objc; path = main.m; sourceTree = "<group>"; };
		3CA385E51CC467AC008B6CFC /* AppDelegate.h */ = {isa = PBXFileReference; lastKnownFileType = sourcecode.c.h; path = AppDelegate.h; sourceTree = "<group>"; };
		3CA385E61CC467AC008B6CFC /* AppDelegate.mm */ = {isa = PBXFileReference; lastKnownFileType = sourcecode.cpp.objcpp; path = AppDelegate.mm; sourceTree = "<group>"; };
		3CA385EE1CC467AC008B6CFC /* Assets.xcassets */ = {isa = PBXFileReference; lastKnownFileType = folder.assetcatalog; path = Assets.xcassets; sourceTree = "<group>"; };
		3CA385F11CC467AC008B6CFC /* Base */ = {isa = PBXFileReference; lastKnownFileType = file.storyboard; name = Base; path = Base.lproj/LaunchScreen.storyboard; sourceTree = "<group>"; };
		3CA385F31CC467AC008B6CFC /* Info.plist */ = {isa = PBXFileReference; lastKnownFileType = text.plist.xml; path = Info.plist; sourceTree = "<group>"; };
		3CA385F81CC467AC008B6CFC /* HeySayTests.xctest */ = {isa = PBXFileReference; explicitFileType = wrapper.cfbundle; includeInIndex = 0; path = HeySayTests.xctest; sourceTree = BUILT_PRODUCTS_DIR; };
		3CA385FC1CC467AC008B6CFC /* HeySayTests.m */ = {isa = PBXFileReference; lastKnownFileType = sourcecode.c.objc; path = HeySayTests.m; sourceTree = "<group>"; };
		3CA385FE1CC467AC008B6CFC /* Info.plist */ = {isa = PBXFileReference; lastKnownFileType = text.plist.xml; path = Info.plist; sourceTree = "<group>"; };
		3CA386B81CC473B3008B6CFC /* KCPinyinHelper.h */ = {isa = PBXFileReference; fileEncoding = 4; lastKnownFileType = sourcecode.c.h; path = KCPinyinHelper.h; sourceTree = "<group>"; };
		3CA386B91CC473B3008B6CFC /* KCPinyinHelper.m */ = {isa = PBXFileReference; fileEncoding = 4; lastKnownFileType = sourcecode.c.objc; path = KCPinyinHelper.m; sourceTree = "<group>"; };
		3CA387391CC473F5008B6CFC /* LoginBackgroundImg.png */ = {isa = PBXFileReference; lastKnownFileType = image.png; path = LoginBackgroundImg.png; sourceTree = "<group>"; };
		3CA387551CC47490008B6CFC /* .gitignore */ = {isa = PBXFileReference; fileEncoding = 4; lastKnownFileType = text; path = .gitignore; sourceTree = "<group>"; };
		3CA387571CC47490008B6CFC /* .gitignore */ = {isa = PBXFileReference; fileEncoding = 4; lastKnownFileType = text; path = .gitignore; sourceTree = "<group>"; };
		3CA387591CC47490008B6CFC /* .gitignore */ = {isa = PBXFileReference; fileEncoding = 4; lastKnownFileType = text; path = .gitignore; sourceTree = "<group>"; };
		3CA3875C1CC47490008B6CFC /* .gitignore */ = {isa = PBXFileReference; fileEncoding = 4; lastKnownFileType = text; path = .gitignore; sourceTree = "<group>"; };
		3CA3875E1CC47490008B6CFC /* .gitignore */ = {isa = PBXFileReference; fileEncoding = 4; lastKnownFileType = text; path = .gitignore; sourceTree = "<group>"; };
		3CA387601CC47490008B6CFC /* .gitignore */ = {isa = PBXFileReference; fileEncoding = 4; lastKnownFileType = text; path = .gitignore; sourceTree = "<group>"; };
		3CA387621CC47490008B6CFC /* ViewController.h */ = {isa = PBXFileReference; fileEncoding = 4; lastKnownFileType = sourcecode.c.h; name = ViewController.h; path = "Classes/Login&Register/ViewController.h"; sourceTree = "<group>"; };
		3CA387631CC47490008B6CFC /* ViewController.m */ = {isa = PBXFileReference; fileEncoding = 4; lastKnownFileType = sourcecode.c.objc; name = ViewController.m; path = "Classes/Login&Register/ViewController.m"; sourceTree = "<group>"; };
		3CA387661CC47490008B6CFC /* .gitignore */ = {isa = PBXFileReference; fileEncoding = 4; lastKnownFileType = text; path = .gitignore; sourceTree = "<group>"; };
		3CA387681CC47490008B6CFC /* .gitignore */ = {isa = PBXFileReference; fileEncoding = 4; lastKnownFileType = text; path = .gitignore; sourceTree = "<group>"; };
		3CA3876A1CC47490008B6CFC /* .gitignore */ = {isa = PBXFileReference; fileEncoding = 4; lastKnownFileType = text; path = .gitignore; sourceTree = "<group>"; };
		3CA3876D1CC47490008B6CFC /* .gitignore */ = {isa = PBXFileReference; fileEncoding = 4; lastKnownFileType = text; path = .gitignore; sourceTree = "<group>"; };
		3CA3876F1CC47490008B6CFC /* .gitignore */ = {isa = PBXFileReference; fileEncoding = 4; lastKnownFileType = text; path = .gitignore; sourceTree = "<group>"; };
		3CA387711CC47490008B6CFC /* .gitignore */ = {isa = PBXFileReference; fileEncoding = 4; lastKnownFileType = text; path = .gitignore; sourceTree = "<group>"; };
		3CA387741CC47490008B6CFC /* .gitignore */ = {isa = PBXFileReference; fileEncoding = 4; lastKnownFileType = text; path = .gitignore; sourceTree = "<group>"; };
		3CA387761CC47490008B6CFC /* .gitignore */ = {isa = PBXFileReference; fileEncoding = 4; lastKnownFileType = text; path = .gitignore; sourceTree = "<group>"; };
		3CA387781CC47490008B6CFC /* .gitignore */ = {isa = PBXFileReference; fileEncoding = 4; lastKnownFileType = text; path = .gitignore; sourceTree = "<group>"; };
		3CA387891CC47521008B6CFC /* HeySay.pch */ = {isa = PBXFileReference; fileEncoding = 4; lastKnownFileType = sourcecode.c.h; path = HeySay.pch; sourceTree = "<group>"; };
		3CA3878A1CC47672008B6CFC /* libicucore.tbd */ = {isa = PBXFileReference; lastKnownFileType = "sourcecode.text-based-dylib-definition"; name = libicucore.tbd; path = usr/lib/libicucore.tbd; sourceTree = SDKROOT; };
		3CA3878C1CC47679008B6CFC /* libsqlite3.tbd */ = {isa = PBXFileReference; lastKnownFileType = "sourcecode.text-based-dylib-definition"; name = libsqlite3.tbd; path = usr/lib/libsqlite3.tbd; sourceTree = SDKROOT; };
		3CA3878E1CC4767F008B6CFC /* libz.tbd */ = {isa = PBXFileReference; lastKnownFileType = "sourcecode.text-based-dylib-definition"; name = libz.tbd; path = usr/lib/libz.tbd; sourceTree = SDKROOT; };
		3CA387901CC4768C008B6CFC /* libstdc++.6.0.9.tbd */ = {isa = PBXFileReference; lastKnownFileType = "sourcecode.text-based-dylib-definition"; name = "libstdc++.6.0.9.tbd"; path = "usr/lib/libstdc++.6.0.9.tbd"; sourceTree = SDKROOT; };
		3CA387921CC476A2008B6CFC /* CoreTelephony.framework */ = {isa = PBXFileReference; lastKnownFileType = wrapper.framework; name = CoreTelephony.framework; path = System/Library/Frameworks/CoreTelephony.framework; sourceTree = SDKROOT; };
		3CA387941CC476A6008B6CFC /* MediaPlayer.framework */ = {isa = PBXFileReference; lastKnownFileType = wrapper.framework; name = MediaPlayer.framework; path = System/Library/Frameworks/MediaPlayer.framework; sourceTree = SDKROOT; };
		3CA387961CC476AC008B6CFC /* CFNetwork.framework */ = {isa = PBXFileReference; lastKnownFileType = wrapper.framework; name = CFNetwork.framework; path = System/Library/Frameworks/CFNetwork.framework; sourceTree = SDKROOT; };
		3CA387981CC476B2008B6CFC /* SystemConfiguration.framework */ = {isa = PBXFileReference; lastKnownFileType = wrapper.framework; name = SystemConfiguration.framework; path = System/Library/Frameworks/SystemConfiguration.framework; sourceTree = SDKROOT; };
		3CA3879A1CC476B8008B6CFC /* MobileCoreServices.framework */ = {isa = PBXFileReference; lastKnownFileType = wrapper.framework; name = MobileCoreServices.framework; path = System/Library/Frameworks/MobileCoreServices.framework; sourceTree = SDKROOT; };
		3CA3879C1CC476BF008B6CFC /* AudioToolbox.framework */ = {isa = PBXFileReference; lastKnownFileType = wrapper.framework; name = AudioToolbox.framework; path = System/Library/Frameworks/AudioToolbox.framework; sourceTree = SDKROOT; };
		3CA3879E1CC476C4008B6CFC /* CoreGraphics.framework */ = {isa = PBXFileReference; lastKnownFileType = wrapper.framework; name = CoreGraphics.framework; path = System/Library/Frameworks/CoreGraphics.framework; sourceTree = SDKROOT; };
		3CA387A01CC476C9008B6CFC /* AVFoundation.framework */ = {isa = PBXFileReference; lastKnownFileType = wrapper.framework; name = AVFoundation.framework; path = System/Library/Frameworks/AVFoundation.framework; sourceTree = SDKROOT; };
		3CA387A21CC4E1B1008B6CFC /* ChatViewController.h */ = {isa = PBXFileReference; fileEncoding = 4; lastKnownFileType = sourcecode.c.h; path = ChatViewController.h; sourceTree = "<group>"; };
		3CA387A31CC4E1B1008B6CFC /* ChatViewController.m */ = {isa = PBXFileReference; fileEncoding = 4; lastKnownFileType = sourcecode.c.objc; path = ChatViewController.m; sourceTree = "<group>"; };
		3CA387A41CC4E1B1008B6CFC /* ChatViewController.xib */ = {isa = PBXFileReference; fileEncoding = 4; lastKnownFileType = file.xib; path = ChatViewController.xib; sourceTree = "<group>"; };
		3CA387A71CC4E29D008B6CFC /* SessionViewController.h */ = {isa = PBXFileReference; fileEncoding = 4; lastKnownFileType = sourcecode.c.h; path = SessionViewController.h; sourceTree = "<group>"; };
		3CA387A81CC4E29D008B6CFC /* SessionViewController.m */ = {isa = PBXFileReference; fileEncoding = 4; lastKnownFileType = sourcecode.c.objc; path = SessionViewController.m; sourceTree = "<group>"; };
		3CA387A91CC4E29D008B6CFC /* SessionViewController.xib */ = {isa = PBXFileReference; fileEncoding = 4; lastKnownFileType = file.xib; path = SessionViewController.xib; sourceTree = "<group>"; };
		3CA387AC1CC4E498008B6CFC /* ChatKeyBoardInputView.h */ = {isa = PBXFileReference; fileEncoding = 4; lastKnownFileType = sourcecode.c.h; path = ChatKeyBoardInputView.h; sourceTree = "<group>"; };
		3CA387AD1CC4E498008B6CFC /* ChatKeyBoardInputView.m */ = {isa = PBXFileReference; fileEncoding = 4; lastKnownFileType = sourcecode.c.objc; path = ChatKeyBoardInputView.m; sourceTree = "<group>"; };
		3CA387FA1CC517B4008B6CFC /* MessageTableViewCell.h */ = {isa = PBXFileReference; fileEncoding = 4; lastKnownFileType = sourcecode.c.h; path = MessageTableViewCell.h; sourceTree = "<group>"; };
		3CA387FB1CC517B4008B6CFC /* MessageTableViewCell.m */ = {isa = PBXFileReference; fileEncoding = 4; lastKnownFileType = sourcecode.c.objc; path = MessageTableViewCell.m; sourceTree = "<group>"; };
		3CA8F4B51CC9C8E200B96088 /* MBProgressHUD.h */ = {isa = PBXFileReference; fileEncoding = 4; lastKnownFileType = sourcecode.c.h; path = MBProgressHUD.h; sourceTree = "<group>"; };
		3CA8F4B61CC9C8E200B96088 /* MBProgressHUD.m */ = {isa = PBXFileReference; fileEncoding = 4; lastKnownFileType = sourcecode.c.objc; path = MBProgressHUD.m; sourceTree = "<group>"; };
		3CBECFAB1CC8826300B83B5F /* LeanCloudManager.h */ = {isa = PBXFileReference; fileEncoding = 4; lastKnownFileType = sourcecode.c.h; path = LeanCloudManager.h; sourceTree = "<group>"; };
		3CBECFAC1CC8826300B83B5F /* LeanCloudManager.m */ = {isa = PBXFileReference; fileEncoding = 4; lastKnownFileType = sourcecode.c.objc; path = LeanCloudManager.m; sourceTree = "<group>"; };
		3CBECFAF1CC8BCC700B83B5F /* NSString+DocumentPath.h */ = {isa = PBXFileReference; fileEncoding = 4; lastKnownFileType = sourcecode.c.h; path = "NSString+DocumentPath.h"; sourceTree = "<group>"; };
		3CBECFB01CC8BCC700B83B5F /* NSString+DocumentPath.m */ = {isa = PBXFileReference; fileEncoding = 4; lastKnownFileType = sourcecode.c.objc; path = "NSString+DocumentPath.m"; sourceTree = "<group>"; };
		3CBECFB11CC8BCC700B83B5F /* NSString+MD5.h */ = {isa = PBXFileReference; fileEncoding = 4; lastKnownFileType = sourcecode.c.h; path = "NSString+MD5.h"; sourceTree = "<group>"; };
		3CBECFB21CC8BCC700B83B5F /* NSString+MD5.m */ = {isa = PBXFileReference; fileEncoding = 4; lastKnownFileType = sourcecode.c.objc; path = "NSString+MD5.m"; sourceTree = "<group>"; };
		3CBECFB81CC90EE300B83B5F /* UserModel.h */ = {isa = PBXFileReference; fileEncoding = 4; lastKnownFileType = sourcecode.c.h; path = UserModel.h; sourceTree = "<group>"; };
		3CBECFB91CC90EE300B83B5F /* UserModel.m */ = {isa = PBXFileReference; fileEncoding = 4; lastKnownFileType = sourcecode.c.objc; path = UserModel.m; sourceTree = "<group>"; };
		3CBECFBD1CC919C200B83B5F /* CCPSDKBundle.bundle */ = {isa = PBXFileReference; lastKnownFileType = "wrapper.plug-in"; path = CCPSDKBundle.bundle; sourceTree = "<group>"; };
		3CBECFBF1CC919C200B83B5F /* ECChatDelegate.h */ = {isa = PBXFileReference; fileEncoding = 4; lastKnownFileType = sourcecode.c.h; path = ECChatDelegate.h; sourceTree = "<group>"; };
		3CBECFC01CC919C200B83B5F /* ECDelegateBase.h */ = {isa = PBXFileReference; fileEncoding = 4; lastKnownFileType = sourcecode.c.h; path = ECDelegateBase.h; sourceTree = "<group>"; };
		3CBECFC11CC919C200B83B5F /* ECDeskDelegate.h */ = {isa = PBXFileReference; fileEncoding = 4; lastKnownFileType = sourcecode.c.h; path = ECDeskDelegate.h; sourceTree = "<group>"; };
		3CBECFC21CC919C200B83B5F /* ECGroupDelegate.h */ = {isa = PBXFileReference; fileEncoding = 4; lastKnownFileType = sourcecode.c.h; path = ECGroupDelegate.h; sourceTree = "<group>"; };
		3CBECFC31CC919C200B83B5F /* ECMeetingDelegate.h */ = {isa = PBXFileReference; fileEncoding = 4; lastKnownFileType = sourcecode.c.h; path = ECMeetingDelegate.h; sourceTree = "<group>"; };
		3CBECFC41CC919C200B83B5F /* ECMessageDelegate.h */ = {isa = PBXFileReference; fileEncoding = 4; lastKnownFileType = sourcecode.c.h; path = ECMessageDelegate.h; sourceTree = "<group>"; };
		3CBECFC51CC919C200B83B5F /* ECNetworkDelegate.h */ = {isa = PBXFileReference; fileEncoding = 4; lastKnownFileType = sourcecode.c.h; path = ECNetworkDelegate.h; sourceTree = "<group>"; };
		3CBECFC61CC919C200B83B5F /* ECSystemDelegate.h */ = {isa = PBXFileReference; fileEncoding = 4; lastKnownFileType = sourcecode.c.h; path = ECSystemDelegate.h; sourceTree = "<group>"; };
		3CBECFC71CC919C200B83B5F /* ECVoIPCallDelegate.h */ = {isa = PBXFileReference; fileEncoding = 4; lastKnownFileType = sourcecode.c.h; path = ECVoIPCallDelegate.h; sourceTree = "<group>"; };
		3CBECFC81CC919C200B83B5F /* ECDevice.h */ = {isa = PBXFileReference; fileEncoding = 4; lastKnownFileType = sourcecode.c.h; path = ECDevice.h; sourceTree = "<group>"; };
		3CBECFC91CC919C200B83B5F /* ECDeviceDelegate.h */ = {isa = PBXFileReference; fileEncoding = 4; lastKnownFileType = sourcecode.c.h; path = ECDeviceDelegate.h; sourceTree = "<group>"; };
		3CBECFCA1CC919C200B83B5F /* ECDeviceHeaders.h */ = {isa = PBXFileReference; fileEncoding = 4; lastKnownFileType = sourcecode.c.h; path = ECDeviceHeaders.h; sourceTree = "<group>"; };
		3CBECFCC1CC919C200B83B5F /* ECEnumDefs.h */ = {isa = PBXFileReference; fileEncoding = 4; lastKnownFileType = sourcecode.c.h; path = ECEnumDefs.h; sourceTree = "<group>"; };
		3CBECFCE1CC919C200B83B5F /* libCCPiPhoneSDK_FullLib.a */ = {isa = PBXFileReference; lastKnownFileType = archive.ar; path = libCCPiPhoneSDK_FullLib.a; sourceTree = "<group>"; };
		3CBECFD01CC919C300B83B5F /* ECChatManager.h */ = {isa = PBXFileReference; fileEncoding = 4; lastKnownFileType = sourcecode.c.h; path = ECChatManager.h; sourceTree = "<group>"; };
		3CBECFD11CC919C300B83B5F /* ECDeskManager.h */ = {isa = PBXFileReference; fileEncoding = 4; lastKnownFileType = sourcecode.c.h; path = ECDeskManager.h; sourceTree = "<group>"; };
		3CBECFD21CC919C300B83B5F /* ECGroupManager.h */ = {isa = PBXFileReference; fileEncoding = 4; lastKnownFileType = sourcecode.c.h; path = ECGroupManager.h; sourceTree = "<group>"; };
		3CBECFD31CC919C300B83B5F /* ECManagerBase.h */ = {isa = PBXFileReference; fileEncoding = 4; lastKnownFileType = sourcecode.c.h; path = ECManagerBase.h; sourceTree = "<group>"; };
		3CBECFD41CC919C300B83B5F /* ECMeetingManager.h */ = {isa = PBXFileReference; fileEncoding = 4; lastKnownFileType = sourcecode.c.h; path = ECMeetingManager.h; sourceTree = "<group>"; };
		3CBECFD51CC919C300B83B5F /* ECMessageManager.h */ = {isa = PBXFileReference; fileEncoding = 4; lastKnownFileType = sourcecode.c.h; path = ECMessageManager.h; sourceTree = "<group>"; };
		3CBECFD61CC919C300B83B5F /* ECVoIPCallManager.h */ = {isa = PBXFileReference; fileEncoding = 4; lastKnownFileType = sourcecode.c.h; path = ECVoIPCallManager.h; sourceTree = "<group>"; };
		3CBECFD71CC919C300B83B5F /* ECVoIPManager.h */ = {isa = PBXFileReference; fileEncoding = 4; lastKnownFileType = sourcecode.c.h; path = ECVoIPManager.h; sourceTree = "<group>"; };
		3CBECFD81CC919C300B83B5F /* ECVoIPSetManager.h */ = {isa = PBXFileReference; fileEncoding = 4; lastKnownFileType = sourcecode.c.h; path = ECVoIPSetManager.h; sourceTree = "<group>"; };
		3CBECFDA1CC919C300B83B5F /* CameraDeviceInfo.h */ = {isa = PBXFileReference; fileEncoding = 4; lastKnownFileType = sourcecode.c.h; path = CameraDeviceInfo.h; sourceTree = "<group>"; };
		3CBECFDB1CC919C300B83B5F /* ECAudioConfig.h */ = {isa = PBXFileReference; fileEncoding = 4; lastKnownFileType = sourcecode.c.h; path = ECAudioConfig.h; sourceTree = "<group>"; };
		3CBECFDC1CC919C300B83B5F /* ECCallMessageBody.h */ = {isa = PBXFileReference; fileEncoding = 4; lastKnownFileType = sourcecode.c.h; path = ECCallMessageBody.h; sourceTree = "<group>"; };
		3CBECFDD1CC919C300B83B5F /* ECCreateMeetingParams.h */ = {isa = PBXFileReference; fileEncoding = 4; lastKnownFileType = sourcecode.c.h; path = ECCreateMeetingParams.h; sourceTree = "<group>"; };
		3CBECFDE1CC919C300B83B5F /* ECError.h */ = {isa = PBXFileReference; fileEncoding = 4; lastKnownFileType = sourcecode.c.h; path = ECError.h; sourceTree = "<group>"; };
		3CBECFDF1CC919C300B83B5F /* ECFileMessageBody.h */ = {isa = PBXFileReference; fileEncoding = 4; lastKnownFileType = sourcecode.c.h; path = ECFileMessageBody.h; sourceTree = "<group>"; };
		3CBECFE01CC919C300B83B5F /* ECGroup.h */ = {isa = PBXFileReference; fileEncoding = 4; lastKnownFileType = sourcecode.c.h; path = ECGroup.h; sourceTree = "<group>"; };
		3CBECFE11CC919C300B83B5F /* ECGroupMatch.h */ = {isa = PBXFileReference; fileEncoding = 4; lastKnownFileType = sourcecode.c.h; path = ECGroupMatch.h; sourceTree = "<group>"; };
		3CBECFE21CC919C300B83B5F /* ECGroupMember.h */ = {isa = PBXFileReference; fileEncoding = 4; lastKnownFileType = sourcecode.c.h; path = ECGroupMember.h; sourceTree = "<group>"; };
		3CBECFE31CC919C300B83B5F /* ECGroupNoticeMessage.h */ = {isa = PBXFileReference; fileEncoding = 4; lastKnownFileType = sourcecode.c.h; path = ECGroupNoticeMessage.h; sourceTree = "<group>"; };
		3CBECFE41CC919C300B83B5F /* ECGroupOption.h */ = {isa = PBXFileReference; fileEncoding = 4; lastKnownFileType = sourcecode.c.h; path = ECGroupOption.h; sourceTree = "<group>"; };
		3CBECFE51CC919C300B83B5F /* ECImageMessageBody.h */ = {isa = PBXFileReference; fileEncoding = 4; lastKnownFileType = sourcecode.c.h; path = ECImageMessageBody.h; sourceTree = "<group>"; };
		3CBECFE61CC919C300B83B5F /* ECInterphoneMeetingMsg.h */ = {isa = PBXFileReference; fileEncoding = 4; lastKnownFileType = sourcecode.c.h; path = ECInterphoneMeetingMsg.h; sourceTree = "<group>"; };
		3CBECFE71CC919C300B83B5F /* ECLocationMessageBody.h */ = {isa = PBXFileReference; fileEncoding = 4; lastKnownFileType = sourcecode.c.h; path = ECLocationMessageBody.h; sourceTree = "<group>"; };
		3CBECFE81CC919C300B83B5F /* ECLoginInfo.h */ = {isa = PBXFileReference; fileEncoding = 4; lastKnownFileType = sourcecode.c.h; path = ECLoginInfo.h; sourceTree = "<group>"; };
		3CBECFE91CC919C300B83B5F /* ECMeetingMember.h */ = {isa = PBXFileReference; fileEncoding = 4; lastKnownFileType = sourcecode.c.h; path = ECMeetingMember.h; sourceTree = "<group>"; };
		3CBECFEA1CC919C300B83B5F /* ECMeetingRoom.h */ = {isa = PBXFileReference; fileEncoding = 4; lastKnownFileType = sourcecode.c.h; path = ECMeetingRoom.h; sourceTree = "<group>"; };
		3CBECFEB1CC919C300B83B5F /* ECMessage.h */ = {isa = PBXFileReference; fileEncoding = 4; lastKnownFileType = sourcecode.c.h; path = ECMessage.h; sourceTree = "<group>"; };
		3CBECFEC1CC919C300B83B5F /* ECMessageBody.h */ = {isa = PBXFileReference; fileEncoding = 4; lastKnownFileType = sourcecode.c.h; path = ECMessageBody.h; sourceTree = "<group>"; };
		3CBECFED1CC919C300B83B5F /* ECMessageNotifyMsg.h */ = {isa = PBXFileReference; fileEncoding = 4; lastKnownFileType = sourcecode.c.h; path = ECMessageNotifyMsg.h; sourceTree = "<group>"; };
		3CBECFEE1CC919C300B83B5F /* ECMultiDeviceState.h */ = {isa = PBXFileReference; fileEncoding = 4; lastKnownFileType = sourcecode.c.h; path = ECMultiDeviceState.h; sourceTree = "<group>"; };
		3CBECFEF1CC919C300B83B5F /* ECMultiVideoMeetingMsg.h */ = {isa = PBXFileReference; fileEncoding = 4; lastKnownFileType = sourcecode.c.h; path = ECMultiVideoMeetingMsg.h; sourceTree = "<group>"; };
		3CBECFF01CC919C300B83B5F /* ECMultiVoiceMeetingMsg.h */ = {isa = PBXFileReference; fileEncoding = 4; lastKnownFileType = sourcecode.c.h; path = ECMultiVoiceMeetingMsg.h; sourceTree = "<group>"; };
		3CBECFF11CC919C300B83B5F /* ECPersonInfo.h */ = {isa = PBXFileReference; fileEncoding = 4; lastKnownFileType = sourcecode.c.h; path = ECPersonInfo.h; sourceTree = "<group>"; };
		3CBECFF21CC919C300B83B5F /* ECProgressDelegate.h */ = {isa = PBXFileReference; fileEncoding = 4; lastKnownFileType = sourcecode.c.h; path = ECProgressDelegate.h; sourceTree = "<group>"; };
		3CBECFF31CC919C300B83B5F /* ECSountTouchConfig.h */ = {isa = PBXFileReference; fileEncoding = 4; lastKnownFileType = sourcecode.c.h; path = ECSountTouchConfig.h; sourceTree = "<group>"; };
		3CBECFF41CC919C300B83B5F /* ECTextMessageBody.h */ = {isa = PBXFileReference; fileEncoding = 4; lastKnownFileType = sourcecode.c.h; path = ECTextMessageBody.h; sourceTree = "<group>"; };
		3CBECFF51CC919C300B83B5F /* ECUserState.h */ = {isa = PBXFileReference; fileEncoding = 4; lastKnownFileType = sourcecode.c.h; path = ECUserState.h; sourceTree = "<group>"; };
		3CBECFF61CC919C300B83B5F /* ECVideoMessageBody.h */ = {isa = PBXFileReference; fileEncoding = 4; lastKnownFileType = sourcecode.c.h; path = ECVideoMessageBody.h; sourceTree = "<group>"; };
		3CBECFF71CC919C300B83B5F /* ECVoiceMessageBody.h */ = {isa = PBXFileReference; fileEncoding = 4; lastKnownFileType = sourcecode.c.h; path = ECVoiceMessageBody.h; sourceTree = "<group>"; };
		3CBECFF81CC919C300B83B5F /* NetworkStatistic.h */ = {isa = PBXFileReference; fileEncoding = 4; lastKnownFileType = sourcecode.c.h; path = NetworkStatistic.h; sourceTree = "<group>"; };
		3CBECFF91CC919C300B83B5F /* VoipCall.h */ = {isa = PBXFileReference; fileEncoding = 4; lastKnownFileType = sourcecode.c.h; path = VoipCall.h; sourceTree = "<group>"; };
		3CCD01741CC5DF4D004C5703 /* chat_receiver_bg@2x.png */ = {isa = PBXFileReference; lastKnownFileType = image.png; path = "chat_receiver_bg@2x.png"; sourceTree = "<group>"; };
		3CCD01751CC5DF4D004C5703 /* chat_sender_bg@2x.png */ = {isa = PBXFileReference; lastKnownFileType = image.png; path = "chat_sender_bg@2x.png"; sourceTree = "<group>"; };
		3CCD01781CC6058E004C5703 /* DeviceDelegateHelper.m */ = {isa = PBXFileReference; fileEncoding = 4; lastKnownFileType = sourcecode.c.objc; path = DeviceDelegateHelper.m; sourceTree = "<group>"; };
		3CCD01791CC6058E004C5703 /* DeviceDelegateHelper.h */ = {isa = PBXFileReference; fileEncoding = 4; lastKnownFileType = sourcecode.c.h; path = DeviceDelegateHelper.h; sourceTree = "<group>"; };
		3CCD017F1CC60BDD004C5703 /* RegisterViewController.h */ = {isa = PBXFileReference; fileEncoding = 4; lastKnownFileType = sourcecode.c.h; path = RegisterViewController.h; sourceTree = "<group>"; };
		3CCD01801CC60BDD004C5703 /* RegisterViewController.m */ = {isa = PBXFileReference; fileEncoding = 4; lastKnownFileType = sourcecode.c.objc; path = RegisterViewController.m; sourceTree = "<group>"; };
		3CCD01821CC60E87004C5703 /* 用户2.png */ = {isa = PBXFileReference; lastKnownFileType = image.png; path = "用户2.png"; sourceTree = "<group>"; };
		3CCD01881CC61A90004C5703 /* backgroundImg01.jpg */ = {isa = PBXFileReference; lastKnownFileType = image.jpeg; path = backgroundImg01.jpg; sourceTree = "<group>"; };
		3CCD018D1CC628DE004C5703 /* DatabaseManager.h */ = {isa = PBXFileReference; fileEncoding = 4; lastKnownFileType = sourcecode.c.h; path = DatabaseManager.h; sourceTree = "<group>"; };
		3CCD018E1CC628DE004C5703 /* DatabaseManager.m */ = {isa = PBXFileReference; fileEncoding = 4; lastKnownFileType = sourcecode.c.objc; path = DatabaseManager.m; sourceTree = "<group>"; };
		3CCD01911CC65902004C5703 /* MainTabBarController.h */ = {isa = PBXFileReference; fileEncoding = 4; lastKnownFileType = sourcecode.c.h; path = MainTabBarController.h; sourceTree = "<group>"; };
		3CCD01921CC65902004C5703 /* MainTabBarController.m */ = {isa = PBXFileReference; fileEncoding = 4; lastKnownFileType = sourcecode.c.objc; path = MainTabBarController.m; sourceTree = "<group>"; };
		3CCD01941CC65A67004C5703 /* MineViewController.h */ = {isa = PBXFileReference; fileEncoding = 4; lastKnownFileType = sourcecode.c.h; path = MineViewController.h; sourceTree = "<group>"; };
		3CCD01951CC65A67004C5703 /* MineViewController.m */ = {isa = PBXFileReference; fileEncoding = 4; lastKnownFileType = sourcecode.c.objc; path = MineViewController.m; sourceTree = "<group>"; };
		3CCD01E01CC678FC004C5703 /* Main.storyboard */ = {isa = PBXFileReference; fileEncoding = 4; lastKnownFileType = file.storyboard; path = Main.storyboard; sourceTree = "<group>"; };
		781EE794A961C6017E0DEDB5 /* Pods.release.xcconfig */ = {isa = PBXFileReference; includeInIndex = 1; lastKnownFileType = text.xcconfig; name = Pods.release.xcconfig; path = "Pods/Target Support Files/Pods/Pods.release.xcconfig"; sourceTree = "<group>"; };
		8182D54A00801ECC9D21F5FF /* Pods.debug.xcconfig */ = {isa = PBXFileReference; includeInIndex = 1; lastKnownFileType = text.xcconfig; name = Pods.debug.xcconfig; path = "Pods/Target Support Files/Pods/Pods.debug.xcconfig"; sourceTree = "<group>"; };
		EEDFBC959DFB9DD69D2409AB /* libPods.a */ = {isa = PBXFileReference; explicitFileType = archive.ar; includeInIndex = 0; path = libPods.a; sourceTree = BUILT_PRODUCTS_DIR; };
/* End PBXFileReference section */

/* Begin PBXFrameworksBuildPhase section */
		3CA385DC1CC467AC008B6CFC /* Frameworks */ = {
			isa = PBXFrameworksBuildPhase;
			buildActionMask = 2147483647;
			files = (
				3CA387A11CC476C9008B6CFC /* AVFoundation.framework in Frameworks */,
				3CA3879F1CC476C4008B6CFC /* CoreGraphics.framework in Frameworks */,
				3CA3879D1CC476BF008B6CFC /* AudioToolbox.framework in Frameworks */,
				3CBECFFB1CC919C300B83B5F /* libCCPiPhoneSDK_FullLib.a in Frameworks */,
				3CA3879B1CC476B8008B6CFC /* MobileCoreServices.framework in Frameworks */,
				3CA387991CC476B2008B6CFC /* SystemConfiguration.framework in Frameworks */,
				3CA387971CC476AC008B6CFC /* CFNetwork.framework in Frameworks */,
				3CA387951CC476A6008B6CFC /* MediaPlayer.framework in Frameworks */,
				3CA387931CC476A2008B6CFC /* CoreTelephony.framework in Frameworks */,
				3CA387911CC4768C008B6CFC /* libstdc++.6.0.9.tbd in Frameworks */,
				3CA3878F1CC4767F008B6CFC /* libz.tbd in Frameworks */,
				3CA3878D1CC47679008B6CFC /* libsqlite3.tbd in Frameworks */,
				3CA3878B1CC47672008B6CFC /* libicucore.tbd in Frameworks */,
				42D6AE3F901201BC44806FA2 /* libPods.a in Frameworks */,
			);
			runOnlyForDeploymentPostprocessing = 0;
		};
		3CA385F51CC467AC008B6CFC /* Frameworks */ = {
			isa = PBXFrameworksBuildPhase;
			buildActionMask = 2147483647;
			files = (
			);
			runOnlyForDeploymentPostprocessing = 0;
		};
/* End PBXFrameworksBuildPhase section */

/* Begin PBXGroup section */
		3CA385D61CC467AC008B6CFC = {
			isa = PBXGroup;
			children = (
				3CA385E11CC467AC008B6CFC /* HeySay */,
				3CA385FB1CC467AC008B6CFC /* HeySayTests */,
				3CA385E01CC467AC008B6CFC /* Products */,
				507D63713C583AA257E4FA7A /* Pods */,
				EC0A82692D6F649CB56E0C88 /* Frameworks */,
			);
			sourceTree = "<group>";
		};
		3CA385E01CC467AC008B6CFC /* Products */ = {
			isa = PBXGroup;
			children = (
				3CA385DF1CC467AC008B6CFC /* HeySay.app */,
				3CA385F81CC467AC008B6CFC /* HeySayTests.xctest */,
			);
			name = Products;
			sourceTree = "<group>";
		};
		3CA385E11CC467AC008B6CFC /* HeySay */ = {
			isa = PBXGroup;
			children = (
				3CA387521CC47490008B6CFC /* Classes */,
				3CA385E51CC467AC008B6CFC /* AppDelegate.h */,
				3CA385E61CC467AC008B6CFC /* AppDelegate.mm */,
				3CA387621CC47490008B6CFC /* ViewController.h */,
				3CA387631CC47490008B6CFC /* ViewController.m */,
				3CCD01E01CC678FC004C5703 /* Main.storyboard */,
				3CA385F01CC467AC008B6CFC /* LaunchScreen.storyboard */,
				3CA385EE1CC467AC008B6CFC /* Assets.xcassets */,
				3CA385F31CC467AC008B6CFC /* Info.plist */,
				3CBECFBB1CC919C200B83B5F /* SDK */,
				3CA387381CC473F5008B6CFC /* Source */,
				3CA386491CC473B3008B6CFC /* thirdparty */,
				3CA3871F1CC473F5008B6CFC /* FrameWorks */,
				3CA385E21CC467AC008B6CFC /* Supporting Files */,
			);
			path = HeySay;
			sourceTree = "<group>";
		};
		3CA385E21CC467AC008B6CFC /* Supporting Files */ = {
			isa = PBXGroup;
			children = (
				3CA387891CC47521008B6CFC /* HeySay.pch */,
				3CA385E31CC467AC008B6CFC /* main.m */,
			);
			name = "Supporting Files";
			sourceTree = "<group>";
		};
		3CA385FB1CC467AC008B6CFC /* HeySayTests */ = {
			isa = PBXGroup;
			children = (
				3CA385FC1CC467AC008B6CFC /* HeySayTests.m */,
				3CA385FE1CC467AC008B6CFC /* Info.plist */,
			);
			path = HeySayTests;
			sourceTree = "<group>";
		};
		3CA386491CC473B3008B6CFC /* thirdparty */ = {
			isa = PBXGroup;
			children = (
				3CA8F4B41CC9C8E200B96088 /* MBProgressHUD */,
				3CA386B71CC473B3008B6CFC /* Pinyin */,
			);
			path = thirdparty;
			sourceTree = "<group>";
		};
		3CA386B71CC473B3008B6CFC /* Pinyin */ = {
			isa = PBXGroup;
			children = (
				3CA386B81CC473B3008B6CFC /* KCPinyinHelper.h */,
				3CA386B91CC473B3008B6CFC /* KCPinyinHelper.m */,
			);
			path = Pinyin;
			sourceTree = "<group>";
		};
		3CA3871F1CC473F5008B6CFC /* FrameWorks */ = {
			isa = PBXGroup;
			children = (
				3CA387A01CC476C9008B6CFC /* AVFoundation.framework */,
				3CA3879E1CC476C4008B6CFC /* CoreGraphics.framework */,
				3CA3879C1CC476BF008B6CFC /* AudioToolbox.framework */,
				3CA3879A1CC476B8008B6CFC /* MobileCoreServices.framework */,
				3CA387981CC476B2008B6CFC /* SystemConfiguration.framework */,
				3CA387961CC476AC008B6CFC /* CFNetwork.framework */,
				3CA387941CC476A6008B6CFC /* MediaPlayer.framework */,
				3CA387921CC476A2008B6CFC /* CoreTelephony.framework */,
				3CA387901CC4768C008B6CFC /* libstdc++.6.0.9.tbd */,
				3CA3878E1CC4767F008B6CFC /* libz.tbd */,
				3CA3878C1CC47679008B6CFC /* libsqlite3.tbd */,
				3CA3878A1CC47672008B6CFC /* libicucore.tbd */,
			);
			path = FrameWorks;
			sourceTree = "<group>";
		};
		3CA387381CC473F5008B6CFC /* Source */ = {
			isa = PBXGroup;
			children = (
				3C80135C1CC7BEEA005F3027 /* 占位头像.png */,
				3CCD01821CC60E87004C5703 /* 用户2.png */,
				3CCD01741CC5DF4D004C5703 /* chat_receiver_bg@2x.png */,
				3CCD01751CC5DF4D004C5703 /* chat_sender_bg@2x.png */,
				3CCD01881CC61A90004C5703 /* backgroundImg01.jpg */,
				3CA387391CC473F5008B6CFC /* LoginBackgroundImg.png */,
			);
			path = Source;
			sourceTree = "<group>";
		};
		3CA387521CC47490008B6CFC /* Classes */ = {
			isa = PBXGroup;
			children = (
				3CCD01901CC658DA004C5703 /* MainTabBarController */,
				3CA387E71CC51250008B6CFC /* Tools */,
				3CA387531CC47490008B6CFC /* Chat */,
				3CA3875A1CC47490008B6CFC /* Friends */,
				3CA387611CC47490008B6CFC /* Login&Register */,
				3CA387641CC47490008B6CFC /* Mine */,
				3CA3876B1CC47490008B6CFC /* Session */,
				3CA387721CC47490008B6CFC /* TimeLine */,
			);
			path = Classes;
			sourceTree = "<group>";
		};
		3CA387531CC47490008B6CFC /* Chat */ = {
			isa = PBXGroup;
			children = (
				3CA387541CC47490008B6CFC /* Controller */,
				3CA387561CC47490008B6CFC /* Model */,
				3CA387581CC47490008B6CFC /* Views */,
			);
			path = Chat;
			sourceTree = "<group>";
		};
		3CA387541CC47490008B6CFC /* Controller */ = {
			isa = PBXGroup;
			children = (
				3CA387551CC47490008B6CFC /* .gitignore */,
				3CA387A21CC4E1B1008B6CFC /* ChatViewController.h */,
				3CA387A31CC4E1B1008B6CFC /* ChatViewController.m */,
				3CA387A41CC4E1B1008B6CFC /* ChatViewController.xib */,
			);
			path = Controller;
			sourceTree = "<group>";
		};
		3CA387561CC47490008B6CFC /* Model */ = {
			isa = PBXGroup;
			children = (
				3CA387571CC47490008B6CFC /* .gitignore */,
			);
			path = Model;
			sourceTree = "<group>";
		};
		3CA387581CC47490008B6CFC /* Views */ = {
			isa = PBXGroup;
			children = (
				3CA387591CC47490008B6CFC /* .gitignore */,
				3CA387AC1CC4E498008B6CFC /* ChatKeyBoardInputView.h */,
				3CA387AD1CC4E498008B6CFC /* ChatKeyBoardInputView.m */,
				3CA387FA1CC517B4008B6CFC /* MessageTableViewCell.h */,
				3CA387FB1CC517B4008B6CFC /* MessageTableViewCell.m */,
			);
			path = Views;
			sourceTree = "<group>";
		};
		3CA3875A1CC47490008B6CFC /* Friends */ = {
			isa = PBXGroup;
			children = (
				3CA3875B1CC47490008B6CFC /* Controller */,
				3CA3875D1CC47490008B6CFC /* Model */,
				3CA3875F1CC47490008B6CFC /* Views */,
			);
			path = Friends;
			sourceTree = "<group>";
		};
		3CA3875B1CC47490008B6CFC /* Controller */ = {
			isa = PBXGroup;
			children = (
				3CA3875C1CC47490008B6CFC /* .gitignore */,
			);
			path = Controller;
			sourceTree = "<group>";
		};
		3CA3875D1CC47490008B6CFC /* Model */ = {
			isa = PBXGroup;
			children = (
				3CA3875E1CC47490008B6CFC /* .gitignore */,
			);
			path = Model;
			sourceTree = "<group>";
		};
		3CA3875F1CC47490008B6CFC /* Views */ = {
			isa = PBXGroup;
			children = (
				3CA387601CC47490008B6CFC /* .gitignore */,
			);
			path = Views;
			sourceTree = "<group>";
		};
		3CA387611CC47490008B6CFC /* Login&Register */ = {
			isa = PBXGroup;
			children = (
				3CCD017F1CC60BDD004C5703 /* RegisterViewController.h */,
				3CCD01801CC60BDD004C5703 /* RegisterViewController.m */,
			);
			path = "Login&Register";
			sourceTree = "<group>";
		};
		3CA387641CC47490008B6CFC /* Mine */ = {
			isa = PBXGroup;
			children = (
				3CA387651CC47490008B6CFC /* Controller */,
				3CA387671CC47490008B6CFC /* Model */,
				3CA387691CC47490008B6CFC /* Views */,
			);
			path = Mine;
			sourceTree = "<group>";
		};
		3CA387651CC47490008B6CFC /* Controller */ = {
			isa = PBXGroup;
			children = (
				3CA387661CC47490008B6CFC /* .gitignore */,
				3CCD01941CC65A67004C5703 /* MineViewController.h */,
				3CCD01951CC65A67004C5703 /* MineViewController.m */,
			);
			path = Controller;
			sourceTree = "<group>";
		};
		3CA387671CC47490008B6CFC /* Model */ = {
			isa = PBXGroup;
			children = (
				3CA387681CC47490008B6CFC /* .gitignore */,
			);
			path = Model;
			sourceTree = "<group>";
		};
		3CA387691CC47490008B6CFC /* Views */ = {
			isa = PBXGroup;
			children = (
				3CA3876A1CC47490008B6CFC /* .gitignore */,
			);
			path = Views;
			sourceTree = "<group>";
		};
		3CA3876B1CC47490008B6CFC /* Session */ = {
			isa = PBXGroup;
			children = (
				3CA3876C1CC47490008B6CFC /* Controller */,
				3CA3876E1CC47490008B6CFC /* Model */,
				3CA387701CC47490008B6CFC /* Views */,
			);
			path = Session;
			sourceTree = "<group>";
		};
		3CA3876C1CC47490008B6CFC /* Controller */ = {
			isa = PBXGroup;
			children = (
				3CA3876D1CC47490008B6CFC /* .gitignore */,
				3CA387A71CC4E29D008B6CFC /* SessionViewController.h */,
				3CA387A81CC4E29D008B6CFC /* SessionViewController.m */,
				3CA387A91CC4E29D008B6CFC /* SessionViewController.xib */,
			);
			path = Controller;
			sourceTree = "<group>";
		};
		3CA3876E1CC47490008B6CFC /* Model */ = {
			isa = PBXGroup;
			children = (
				3CA3876F1CC47490008B6CFC /* .gitignore */,
			);
			path = Model;
			sourceTree = "<group>";
		};
		3CA387701CC47490008B6CFC /* Views */ = {
			isa = PBXGroup;
			children = (
				3CA387711CC47490008B6CFC /* .gitignore */,
			);
			path = Views;
			sourceTree = "<group>";
		};
		3CA387721CC47490008B6CFC /* TimeLine */ = {
			isa = PBXGroup;
			children = (
				3CA387731CC47490008B6CFC /* Controller */,
				3CA387751CC47490008B6CFC /* Model */,
				3CA387771CC47490008B6CFC /* Views */,
			);
			path = TimeLine;
			sourceTree = "<group>";
		};
		3CA387731CC47490008B6CFC /* Controller */ = {
			isa = PBXGroup;
			children = (
				3CA387741CC47490008B6CFC /* .gitignore */,
			);
			path = Controller;
			sourceTree = "<group>";
		};
		3CA387751CC47490008B6CFC /* Model */ = {
			isa = PBXGroup;
			children = (
				3CA387761CC47490008B6CFC /* .gitignore */,
			);
			path = Model;
			sourceTree = "<group>";
		};
		3CA387771CC47490008B6CFC /* Views */ = {
			isa = PBXGroup;
			children = (
				3CA387781CC47490008B6CFC /* .gitignore */,
			);
			path = Views;
			sourceTree = "<group>";
		};
		3CA387E71CC51250008B6CFC /* Tools */ = {
			isa = PBXGroup;
			children = (
				3CBECFAE1CC8BCC700B83B5F /* Category */,
				3CCD01791CC6058E004C5703 /* DeviceDelegateHelper.h */,
				3CCD01781CC6058E004C5703 /* DeviceDelegateHelper.m */,
				3CCD018D1CC628DE004C5703 /* DatabaseManager.h */,
				3CCD018E1CC628DE004C5703 /* DatabaseManager.m */,
				3CBECFAB1CC8826300B83B5F /* LeanCloudManager.h */,
				3CBECFAC1CC8826300B83B5F /* LeanCloudManager.m */,
				3CBECFB81CC90EE300B83B5F /* UserModel.h */,
				3CBECFB91CC90EE300B83B5F /* UserModel.m */,
			);
			path = Tools;
			sourceTree = "<group>";
		};
		3CA8F4B41CC9C8E200B96088 /* MBProgressHUD */ = {
			isa = PBXGroup;
			children = (
				3CA8F4B51CC9C8E200B96088 /* MBProgressHUD.h */,
				3CA8F4B61CC9C8E200B96088 /* MBProgressHUD.m */,
			);
			path = MBProgressHUD;
			sourceTree = "<group>";
		};
		3CBECFAE1CC8BCC700B83B5F /* Category */ = {
			isa = PBXGroup;
			children = (
				3CBECFAF1CC8BCC700B83B5F /* NSString+DocumentPath.h */,
				3CBECFB01CC8BCC700B83B5F /* NSString+DocumentPath.m */,
				3CBECFB11CC8BCC700B83B5F /* NSString+MD5.h */,
				3CBECFB21CC8BCC700B83B5F /* NSString+MD5.m */,
			);
			path = Category;
			sourceTree = "<group>";
		};
		3CBECFBB1CC919C200B83B5F /* SDK */ = {
			isa = PBXGroup;
			children = (
				3CBECFBC1CC919C200B83B5F /* YTX_iOS_Full_SDK_v5.2.0r8 */,
			);
			path = SDK;
			sourceTree = "<group>";
		};
		3CBECFBC1CC919C200B83B5F /* YTX_iOS_Full_SDK_v5.2.0r8 */ = {
			isa = PBXGroup;
			children = (
				3CBECFBD1CC919C200B83B5F /* CCPSDKBundle.bundle */,
				3CBECFBE1CC919C200B83B5F /* Delegate */,
				3CBECFC81CC919C200B83B5F /* ECDevice.h */,
				3CBECFC91CC919C200B83B5F /* ECDeviceDelegate.h */,
				3CBECFCA1CC919C200B83B5F /* ECDeviceHeaders.h */,
				3CBECFCB1CC919C200B83B5F /* enums */,
				3CBECFCD1CC919C200B83B5F /* lib */,
				3CBECFCF1CC919C300B83B5F /* Manager */,
				3CBECFD91CC919C300B83B5F /* types */,
			);
			path = YTX_iOS_Full_SDK_v5.2.0r8;
			sourceTree = "<group>";
		};
		3CBECFBE1CC919C200B83B5F /* Delegate */ = {
			isa = PBXGroup;
			children = (
				3CBECFBF1CC919C200B83B5F /* ECChatDelegate.h */,
				3CBECFC01CC919C200B83B5F /* ECDelegateBase.h */,
				3CBECFC11CC919C200B83B5F /* ECDeskDelegate.h */,
				3CBECFC21CC919C200B83B5F /* ECGroupDelegate.h */,
				3CBECFC31CC919C200B83B5F /* ECMeetingDelegate.h */,
				3CBECFC41CC919C200B83B5F /* ECMessageDelegate.h */,
				3CBECFC51CC919C200B83B5F /* ECNetworkDelegate.h */,
				3CBECFC61CC919C200B83B5F /* ECSystemDelegate.h */,
				3CBECFC71CC919C200B83B5F /* ECVoIPCallDelegate.h */,
			);
			path = Delegate;
			sourceTree = "<group>";
		};
		3CBECFCB1CC919C200B83B5F /* enums */ = {
			isa = PBXGroup;
			children = (
				3CBECFCC1CC919C200B83B5F /* ECEnumDefs.h */,
			);
			path = enums;
			sourceTree = "<group>";
		};
		3CBECFCD1CC919C200B83B5F /* lib */ = {
			isa = PBXGroup;
			children = (
				3CBECFCE1CC919C200B83B5F /* libCCPiPhoneSDK_FullLib.a */,
			);
			path = lib;
			sourceTree = "<group>";
		};
		3CBECFCF1CC919C300B83B5F /* Manager */ = {
			isa = PBXGroup;
			children = (
				3CBECFD01CC919C300B83B5F /* ECChatManager.h */,
				3CBECFD11CC919C300B83B5F /* ECDeskManager.h */,
				3CBECFD21CC919C300B83B5F /* ECGroupManager.h */,
				3CBECFD31CC919C300B83B5F /* ECManagerBase.h */,
				3CBECFD41CC919C300B83B5F /* ECMeetingManager.h */,
				3CBECFD51CC919C300B83B5F /* ECMessageManager.h */,
				3CBECFD61CC919C300B83B5F /* ECVoIPCallManager.h */,
				3CBECFD71CC919C300B83B5F /* ECVoIPManager.h */,
				3CBECFD81CC919C300B83B5F /* ECVoIPSetManager.h */,
			);
			path = Manager;
			sourceTree = "<group>";
		};
		3CBECFD91CC919C300B83B5F /* types */ = {
			isa = PBXGroup;
			children = (
				3CBECFDA1CC919C300B83B5F /* CameraDeviceInfo.h */,
				3CBECFDB1CC919C300B83B5F /* ECAudioConfig.h */,
				3CBECFDC1CC919C300B83B5F /* ECCallMessageBody.h */,
				3CBECFDD1CC919C300B83B5F /* ECCreateMeetingParams.h */,
				3CBECFDE1CC919C300B83B5F /* ECError.h */,
				3CBECFDF1CC919C300B83B5F /* ECFileMessageBody.h */,
				3CBECFE01CC919C300B83B5F /* ECGroup.h */,
				3CBECFE11CC919C300B83B5F /* ECGroupMatch.h */,
				3CBECFE21CC919C300B83B5F /* ECGroupMember.h */,
				3CBECFE31CC919C300B83B5F /* ECGroupNoticeMessage.h */,
				3CBECFE41CC919C300B83B5F /* ECGroupOption.h */,
				3CBECFE51CC919C300B83B5F /* ECImageMessageBody.h */,
				3CBECFE61CC919C300B83B5F /* ECInterphoneMeetingMsg.h */,
				3CBECFE71CC919C300B83B5F /* ECLocationMessageBody.h */,
				3CBECFE81CC919C300B83B5F /* ECLoginInfo.h */,
				3CBECFE91CC919C300B83B5F /* ECMeetingMember.h */,
				3CBECFEA1CC919C300B83B5F /* ECMeetingRoom.h */,
				3CBECFEB1CC919C300B83B5F /* ECMessage.h */,
				3CBECFEC1CC919C300B83B5F /* ECMessageBody.h */,
				3CBECFED1CC919C300B83B5F /* ECMessageNotifyMsg.h */,
				3CBECFEE1CC919C300B83B5F /* ECMultiDeviceState.h */,
				3CBECFEF1CC919C300B83B5F /* ECMultiVideoMeetingMsg.h */,
				3CBECFF01CC919C300B83B5F /* ECMultiVoiceMeetingMsg.h */,
				3CBECFF11CC919C300B83B5F /* ECPersonInfo.h */,
				3CBECFF21CC919C300B83B5F /* ECProgressDelegate.h */,
				3CBECFF31CC919C300B83B5F /* ECSountTouchConfig.h */,
				3CBECFF41CC919C300B83B5F /* ECTextMessageBody.h */,
				3CBECFF51CC919C300B83B5F /* ECUserState.h */,
				3CBECFF61CC919C300B83B5F /* ECVideoMessageBody.h */,
				3CBECFF71CC919C300B83B5F /* ECVoiceMessageBody.h */,
				3CBECFF81CC919C300B83B5F /* NetworkStatistic.h */,
				3CBECFF91CC919C300B83B5F /* VoipCall.h */,
			);
			path = types;
			sourceTree = "<group>";
		};
		3CCD01901CC658DA004C5703 /* MainTabBarController */ = {
			isa = PBXGroup;
			children = (
				3CCD01911CC65902004C5703 /* MainTabBarController.h */,
				3CCD01921CC65902004C5703 /* MainTabBarController.m */,
			);
			path = MainTabBarController;
			sourceTree = "<group>";
		};
		507D63713C583AA257E4FA7A /* Pods */ = {
			isa = PBXGroup;
			children = (
				8182D54A00801ECC9D21F5FF /* Pods.debug.xcconfig */,
				781EE794A961C6017E0DEDB5 /* Pods.release.xcconfig */,
			);
			name = Pods;
			sourceTree = "<group>";
		};
		EC0A82692D6F649CB56E0C88 /* Frameworks */ = {
			isa = PBXGroup;
			children = (
				EEDFBC959DFB9DD69D2409AB /* libPods.a */,
			);
			name = Frameworks;
			sourceTree = "<group>";
		};
/* End PBXGroup section */

/* Begin PBXNativeTarget section */
		3CA385DE1CC467AC008B6CFC /* HeySay */ = {
			isa = PBXNativeTarget;
			buildConfigurationList = 3CA386011CC467AC008B6CFC /* Build configuration list for PBXNativeTarget "HeySay" */;
			buildPhases = (
				F2A6CAA30FBDBA5BD982FDF6 /* Check Pods Manifest.lock */,
				3CA385DB1CC467AC008B6CFC /* Sources */,
				3CA385DC1CC467AC008B6CFC /* Frameworks */,
				3CA385DD1CC467AC008B6CFC /* Resources */,
				47DEAF628D4E824C0AD4B3D7 /* Embed Pods Frameworks */,
				140FD12FEEE9FADC67DED594 /* Copy Pods Resources */,
			);
			buildRules = (
			);
			dependencies = (
			);
			name = HeySay;
			productName = HeySay;
			productReference = 3CA385DF1CC467AC008B6CFC /* HeySay.app */;
			productType = "com.apple.product-type.application";
		};
		3CA385F71CC467AC008B6CFC /* HeySayTests */ = {
			isa = PBXNativeTarget;
			buildConfigurationList = 3CA386041CC467AC008B6CFC /* Build configuration list for PBXNativeTarget "HeySayTests" */;
			buildPhases = (
				3CA385F41CC467AC008B6CFC /* Sources */,
				3CA385F51CC467AC008B6CFC /* Frameworks */,
				3CA385F61CC467AC008B6CFC /* Resources */,
			);
			buildRules = (
			);
			dependencies = (
				3CA385FA1CC467AC008B6CFC /* PBXTargetDependency */,
			);
			name = HeySayTests;
			productName = HeySayTests;
			productReference = 3CA385F81CC467AC008B6CFC /* HeySayTests.xctest */;
			productType = "com.apple.product-type.bundle.unit-test";
		};
/* End PBXNativeTarget section */

/* Begin PBXProject section */
		3CA385D71CC467AC008B6CFC /* Project object */ = {
			isa = PBXProject;
			attributes = {
				LastUpgradeCheck = 0730;
				ORGANIZATIONNAME = ChinaChong;
				TargetAttributes = {
					3CA385DE1CC467AC008B6CFC = {
						CreatedOnToolsVersion = 7.3;
						DevelopmentTeam = TA5737D738;
					};
					3CA385F71CC467AC008B6CFC = {
						CreatedOnToolsVersion = 7.3;
						DevelopmentTeam = TA5737D738;
						TestTargetID = 3CA385DE1CC467AC008B6CFC;
					};
				};
			};
			buildConfigurationList = 3CA385DA1CC467AC008B6CFC /* Build configuration list for PBXProject "HeySay" */;
			compatibilityVersion = "Xcode 3.2";
			developmentRegion = English;
			hasScannedForEncodings = 0;
			knownRegions = (
				en,
				Base,
			);
			mainGroup = 3CA385D61CC467AC008B6CFC;
			productRefGroup = 3CA385E01CC467AC008B6CFC /* Products */;
			projectDirPath = "";
			projectRoot = "";
			targets = (
				3CA385DE1CC467AC008B6CFC /* HeySay */,
				3CA385F71CC467AC008B6CFC /* HeySayTests */,
			);
		};
/* End PBXProject section */

/* Begin PBXResourcesBuildPhase section */
		3CA385DD1CC467AC008B6CFC /* Resources */ = {
			isa = PBXResourcesBuildPhase;
			buildActionMask = 2147483647;
			files = (
				3CA387811CC47490008B6CFC /* .gitignore in Resources */,
				3CCD01891CC61A90004C5703 /* backgroundImg01.jpg in Resources */,
				3CA387821CC47490008B6CFC /* .gitignore in Resources */,
				3CBECFFA1CC919C300B83B5F /* CCPSDKBundle.bundle in Resources */,
				3C80135D1CC7BEEA005F3027 /* 占位头像.png in Resources */,
				3CA387A61CC4E1B1008B6CFC /* ChatViewController.xib in Resources */,
				3CCD01771CC5DF4D004C5703 /* chat_sender_bg@2x.png in Resources */,
				3CA3877C1CC47490008B6CFC /* .gitignore in Resources */,
				3CCD01E11CC678FC004C5703 /* Main.storyboard in Resources */,
				3CA387831CC47490008B6CFC /* .gitignore in Resources */,
				3CA387841CC47490008B6CFC /* .gitignore in Resources */,
				3CA387881CC47490008B6CFC /* .gitignore in Resources */,
				3CA385F21CC467AC008B6CFC /* LaunchScreen.storyboard in Resources */,
				3CA3877D1CC47490008B6CFC /* .gitignore in Resources */,
				3CA385EF1CC467AC008B6CFC /* Assets.xcassets in Resources */,
				3CA387861CC47490008B6CFC /* .gitignore in Resources */,
				3CA387AB1CC4E29D008B6CFC /* SessionViewController.xib in Resources */,
				3CCD01831CC60E87004C5703 /* 用户2.png in Resources */,
				3CCD01761CC5DF4D004C5703 /* chat_receiver_bg@2x.png in Resources */,
				3CA3877A1CC47490008B6CFC /* .gitignore in Resources */,
				3CA387801CC47490008B6CFC /* .gitignore in Resources */,
				3CA387851CC47490008B6CFC /* .gitignore in Resources */,
				3CA3874E1CC473F5008B6CFC /* LoginBackgroundImg.png in Resources */,
				3CA3877B1CC47490008B6CFC /* .gitignore in Resources */,
				3CA387791CC47490008B6CFC /* .gitignore in Resources */,
				3CA3877E1CC47490008B6CFC /* .gitignore in Resources */,
				3CA387871CC47490008B6CFC /* .gitignore in Resources */,
			);
			runOnlyForDeploymentPostprocessing = 0;
		};
		3CA385F61CC467AC008B6CFC /* Resources */ = {
			isa = PBXResourcesBuildPhase;
			buildActionMask = 2147483647;
			files = (
			);
			runOnlyForDeploymentPostprocessing = 0;
		};
/* End PBXResourcesBuildPhase section */

/* Begin PBXShellScriptBuildPhase section */
		140FD12FEEE9FADC67DED594 /* Copy Pods Resources */ = {
			isa = PBXShellScriptBuildPhase;
			buildActionMask = 2147483647;
			files = (
			);
			inputPaths = (
			);
			name = "Copy Pods Resources";
			outputPaths = (
			);
			runOnlyForDeploymentPostprocessing = 0;
			shellPath = /bin/sh;
			shellScript = "\"${SRCROOT}/Pods/Target Support Files/Pods/Pods-resources.sh\"\n";
			showEnvVarsInLog = 0;
		};
		47DEAF628D4E824C0AD4B3D7 /* Embed Pods Frameworks */ = {
			isa = PBXShellScriptBuildPhase;
			buildActionMask = 2147483647;
			files = (
			);
			inputPaths = (
			);
			name = "Embed Pods Frameworks";
			outputPaths = (
			);
			runOnlyForDeploymentPostprocessing = 0;
			shellPath = /bin/sh;
			shellScript = "\"${SRCROOT}/Pods/Target Support Files/Pods/Pods-frameworks.sh\"\n";
			showEnvVarsInLog = 0;
		};
		F2A6CAA30FBDBA5BD982FDF6 /* Check Pods Manifest.lock */ = {
			isa = PBXShellScriptBuildPhase;
			buildActionMask = 2147483647;
			files = (
			);
			inputPaths = (
			);
			name = "Check Pods Manifest.lock";
			outputPaths = (
			);
			runOnlyForDeploymentPostprocessing = 0;
			shellPath = /bin/sh;
			shellScript = "diff \"${PODS_ROOT}/../Podfile.lock\" \"${PODS_ROOT}/Manifest.lock\" > /dev/null\nif [[ $? != 0 ]] ; then\n    cat << EOM\nerror: The sandbox is not in sync with the Podfile.lock. Run 'pod install' or update your CocoaPods installation.\nEOM\n    exit 1\nfi\n";
			showEnvVarsInLog = 0;
		};
/* End PBXShellScriptBuildPhase section */

/* Begin PBXSourcesBuildPhase section */
		3CA385DB1CC467AC008B6CFC /* Sources */ = {
			isa = PBXSourcesBuildPhase;
			buildActionMask = 2147483647;
			files = (
				3CA3877F1CC47490008B6CFC /* ViewController.m in Sources */,
				3CCD01961CC65A67004C5703 /* MineViewController.m in Sources */,
				3CBECFB41CC8BCC700B83B5F /* NSString+MD5.m in Sources */,
				3CA385E71CC467AC008B6CFC /* AppDelegate.mm in Sources */,
				3CA387FC1CC517B4008B6CFC /* MessageTableViewCell.m in Sources */,
				3CBECFBA1CC90EE300B83B5F /* UserModel.m in Sources */,
				3CA387AE1CC4E498008B6CFC /* ChatKeyBoardInputView.m in Sources */,
				3CCD017A1CC6058E004C5703 /* DeviceDelegateHelper.m in Sources */,
				3CA387081CC473B3008B6CFC /* KCPinyinHelper.m in Sources */,
				3CCD01931CC65902004C5703 /* MainTabBarController.m in Sources */,
				3CA385E41CC467AC008B6CFC /* main.m in Sources */,
				3CA387A51CC4E1B1008B6CFC /* ChatViewController.m in Sources */,
				3CBECFB31CC8BCC700B83B5F /* NSString+DocumentPath.m in Sources */,
				3CA8F4B71CC9C8E200B96088 /* MBProgressHUD.m in Sources */,
				3CCD01811CC60BDD004C5703 /* RegisterViewController.m in Sources */,
				3CA387AA1CC4E29D008B6CFC /* SessionViewController.m in Sources */,
				3CCD018F1CC628DE004C5703 /* DatabaseManager.m in Sources */,
				3CBECFAD1CC8826300B83B5F /* LeanCloudManager.m in Sources */,
			);
			runOnlyForDeploymentPostprocessing = 0;
		};
		3CA385F41CC467AC008B6CFC /* Sources */ = {
			isa = PBXSourcesBuildPhase;
			buildActionMask = 2147483647;
			files = (
				3CA385FD1CC467AC008B6CFC /* HeySayTests.m in Sources */,
			);
			runOnlyForDeploymentPostprocessing = 0;
		};
/* End PBXSourcesBuildPhase section */

/* Begin PBXTargetDependency section */
		3CA385FA1CC467AC008B6CFC /* PBXTargetDependency */ = {
			isa = PBXTargetDependency;
			target = 3CA385DE1CC467AC008B6CFC /* HeySay */;
			targetProxy = 3CA385F91CC467AC008B6CFC /* PBXContainerItemProxy */;
		};
/* End PBXTargetDependency section */

/* Begin PBXVariantGroup section */
		3CA385F01CC467AC008B6CFC /* LaunchScreen.storyboard */ = {
			isa = PBXVariantGroup;
			children = (
				3CA385F11CC467AC008B6CFC /* Base */,
			);
			name = LaunchScreen.storyboard;
			sourceTree = "<group>";
		};
/* End PBXVariantGroup section */

/* Begin XCBuildConfiguration section */
		3CA385FF1CC467AC008B6CFC /* Debug */ = {
			isa = XCBuildConfiguration;
			buildSettings = {
				ALWAYS_SEARCH_USER_PATHS = NO;
				CLANG_ANALYZER_NONNULL = YES;
				CLANG_CXX_LANGUAGE_STANDARD = "gnu++0x";
				CLANG_CXX_LIBRARY = "libc++";
				CLANG_ENABLE_MODULES = YES;
				CLANG_ENABLE_OBJC_ARC = YES;
				CLANG_WARN_BOOL_CONVERSION = YES;
				CLANG_WARN_CONSTANT_CONVERSION = YES;
				CLANG_WARN_DIRECT_OBJC_ISA_USAGE = YES_ERROR;
				CLANG_WARN_EMPTY_BODY = YES;
				CLANG_WARN_ENUM_CONVERSION = YES;
				CLANG_WARN_INT_CONVERSION = YES;
				CLANG_WARN_OBJC_ROOT_CLASS = YES_ERROR;
				CLANG_WARN_UNREACHABLE_CODE = YES;
				CLANG_WARN__DUPLICATE_METHOD_MATCH = YES;
				CODE_SIGN_IDENTITY = "iPhone Developer";
				"CODE_SIGN_IDENTITY[sdk=iphoneos*]" = "iPhone Developer";
				COPY_PHASE_STRIP = NO;
				DEBUG_INFORMATION_FORMAT = dwarf;
				ENABLE_STRICT_OBJC_MSGSEND = YES;
				ENABLE_TESTABILITY = YES;
				GCC_C_LANGUAGE_STANDARD = gnu99;
				GCC_DYNAMIC_NO_PIC = NO;
				GCC_NO_COMMON_BLOCKS = YES;
				GCC_OPTIMIZATION_LEVEL = 0;
				GCC_PREPROCESSOR_DEFINITIONS = (
					"DEBUG=1",
					"$(inherited)",
				);
				GCC_WARN_64_TO_32_BIT_CONVERSION = YES;
				GCC_WARN_ABOUT_RETURN_TYPE = YES_ERROR;
				GCC_WARN_UNDECLARED_SELECTOR = YES;
				GCC_WARN_UNINITIALIZED_AUTOS = YES_AGGRESSIVE;
				GCC_WARN_UNUSED_FUNCTION = YES;
				GCC_WARN_UNUSED_VARIABLE = YES;
				IPHONEOS_DEPLOYMENT_TARGET = 9.0;
				MTL_ENABLE_DEBUG_INFO = YES;
				ONLY_ACTIVE_ARCH = YES;
				SDKROOT = iphoneos;
			};
			name = Debug;
		};
		3CA386001CC467AC008B6CFC /* Release */ = {
			isa = XCBuildConfiguration;
			buildSettings = {
				ALWAYS_SEARCH_USER_PATHS = NO;
				CLANG_ANALYZER_NONNULL = YES;
				CLANG_CXX_LANGUAGE_STANDARD = "gnu++0x";
				CLANG_CXX_LIBRARY = "libc++";
				CLANG_ENABLE_MODULES = YES;
				CLANG_ENABLE_OBJC_ARC = YES;
				CLANG_WARN_BOOL_CONVERSION = YES;
				CLANG_WARN_CONSTANT_CONVERSION = YES;
				CLANG_WARN_DIRECT_OBJC_ISA_USAGE = YES_ERROR;
				CLANG_WARN_EMPTY_BODY = YES;
				CLANG_WARN_ENUM_CONVERSION = YES;
				CLANG_WARN_INT_CONVERSION = YES;
				CLANG_WARN_OBJC_ROOT_CLASS = YES_ERROR;
				CLANG_WARN_UNREACHABLE_CODE = YES;
				CLANG_WARN__DUPLICATE_METHOD_MATCH = YES;
				CODE_SIGN_IDENTITY = "iPhone Developer";
				"CODE_SIGN_IDENTITY[sdk=iphoneos*]" = "iPhone Developer";
				COPY_PHASE_STRIP = NO;
				DEBUG_INFORMATION_FORMAT = "dwarf-with-dsym";
				ENABLE_NS_ASSERTIONS = NO;
				ENABLE_STRICT_OBJC_MSGSEND = YES;
				GCC_C_LANGUAGE_STANDARD = gnu99;
				GCC_NO_COMMON_BLOCKS = YES;
				GCC_WARN_64_TO_32_BIT_CONVERSION = YES;
				GCC_WARN_ABOUT_RETURN_TYPE = YES_ERROR;
				GCC_WARN_UNDECLARED_SELECTOR = YES;
				GCC_WARN_UNINITIALIZED_AUTOS = YES_AGGRESSIVE;
				GCC_WARN_UNUSED_FUNCTION = YES;
				GCC_WARN_UNUSED_VARIABLE = YES;
				IPHONEOS_DEPLOYMENT_TARGET = 9.0;
				MTL_ENABLE_DEBUG_INFO = NO;
				SDKROOT = iphoneos;
				VALIDATE_PRODUCT = YES;
			};
			name = Release;
		};
		3CA386021CC467AC008B6CFC /* Debug */ = {
			isa = XCBuildConfiguration;
			baseConfigurationReference = 8182D54A00801ECC9D21F5FF /* Pods.debug.xcconfig */;
			buildSettings = {
				ASSETCATALOG_COMPILER_APPICON_NAME = AppIcon;
				CODE_SIGN_IDENTITY = "iPhone Developer";
				"CODE_SIGN_IDENTITY[sdk=iphoneos*]" = "iPhone Developer";
				ENABLE_BITCODE = NO;
				FRAMEWORK_SEARCH_PATHS = (
					"$(inherited)",
					"$(PROJECT_DIR)/HeySay/thirdparty/ShareSDK",
					"$(PROJECT_DIR)/HeySay/thirdparty/ShareSDK/Support/Optional",
					"$(PROJECT_DIR)/HeySay/thirdparty/ShareSDK/Support/Required",
				);
				GCC_PREFIX_HEADER = "$(SRCROOT)/HeySay/HeySay.pch";
				INFOPLIST_FILE = HeySay/Info.plist;
				IPHONEOS_DEPLOYMENT_TARGET = 9.0;
				LD_RUNPATH_SEARCH_PATHS = "$(inherited) @executable_path/Frameworks";
				LIBRARY_SEARCH_PATHS = (
					"$(inherited)",
					"$(PROJECT_DIR)/HeySay/YTX_iOS_Full_SDK_v5.2.0r8/lib",
					"$(PROJECT_DIR)/HeySay/thirdparty/ShareSDK/Support/PlatformSDK/WeChatSDK",
					"$(PROJECT_DIR)/HeySay/SDK/YTX_iOS_Full_SDK_v5.2.0r8/lib",
				);
				PRODUCT_BUNDLE_IDENTIFIER = ChinaChong.HeySayhahaha;
				PRODUCT_NAME = "$(TARGET_NAME)";
				PROVISIONING_PROFILE = "";
			};
			name = Debug;
		};
		3CA386031CC467AC008B6CFC /* Release */ = {
			isa = XCBuildConfiguration;
			baseConfigurationReference = 781EE794A961C6017E0DEDB5 /* Pods.release.xcconfig */;
			buildSettings = {
				ASSETCATALOG_COMPILER_APPICON_NAME = AppIcon;
				CODE_SIGN_IDENTITY = "iPhone Developer";
				"CODE_SIGN_IDENTITY[sdk=iphoneos*]" = "iPhone Developer";
				ENABLE_BITCODE = NO;
				FRAMEWORK_SEARCH_PATHS = (
					"$(inherited)",
					"$(PROJECT_DIR)/HeySay/thirdparty/ShareSDK",
					"$(PROJECT_DIR)/HeySay/thirdparty/ShareSDK/Support/Optional",
					"$(PROJECT_DIR)/HeySay/thirdparty/ShareSDK/Support/Required",
				);
				GCC_PREFIX_HEADER = "$(SRCROOT)/HeySay/HeySay.pch";
				INFOPLIST_FILE = HeySay/Info.plist;
				IPHONEOS_DEPLOYMENT_TARGET = 9.0;
				LD_RUNPATH_SEARCH_PATHS = "$(inherited) @executable_path/Frameworks";
				LIBRARY_SEARCH_PATHS = (
					"$(inherited)",
					"$(PROJECT_DIR)/HeySay/YTX_iOS_Full_SDK_v5.2.0r8/lib",
					"$(PROJECT_DIR)/HeySay/thirdparty/ShareSDK/Support/PlatformSDK/WeChatSDK",
					"$(PROJECT_DIR)/HeySay/SDK/YTX_iOS_Full_SDK_v5.2.0r8/lib",
				);
				PRODUCT_BUNDLE_IDENTIFIER = ChinaChong.HeySayhahaha;
				PRODUCT_NAME = "$(TARGET_NAME)";
				PROVISIONING_PROFILE = "";
			};
			name = Release;
		};
		3CA386051CC467AC008B6CFC /* Debug */ = {
			isa = XCBuildConfiguration;
			buildSettings = {
				BUNDLE_LOADER = "$(TEST_HOST)";
				INFOPLIST_FILE = HeySayTests/Info.plist;
				LD_RUNPATH_SEARCH_PATHS = "$(inherited) @executable_path/Frameworks @loader_path/Frameworks";
				PRODUCT_BUNDLE_IDENTIFIER = ChinaChong.HeySayTests;
				PRODUCT_NAME = "$(TARGET_NAME)";
				TEST_HOST = "$(BUILT_PRODUCTS_DIR)/HeySay.app/HeySay";
			};
			name = Debug;
		};
		3CA386061CC467AC008B6CFC /* Release */ = {
			isa = XCBuildConfiguration;
			buildSettings = {
				BUNDLE_LOADER = "$(TEST_HOST)";
				INFOPLIST_FILE = HeySayTests/Info.plist;
				LD_RUNPATH_SEARCH_PATHS = "$(inherited) @executable_path/Frameworks @loader_path/Frameworks";
				PRODUCT_BUNDLE_IDENTIFIER = ChinaChong.HeySayTests;
				PRODUCT_NAME = "$(TARGET_NAME)";
				TEST_HOST = "$(BUILT_PRODUCTS_DIR)/HeySay.app/HeySay";
			};
			name = Release;
		};
/* End XCBuildConfiguration section */

/* Begin XCConfigurationList section */
		3CA385DA1CC467AC008B6CFC /* Build configuration list for PBXProject "HeySay" */ = {
			isa = XCConfigurationList;
			buildConfigurations = (
				3CA385FF1CC467AC008B6CFC /* Debug */,
				3CA386001CC467AC008B6CFC /* Release */,
			);
			defaultConfigurationIsVisible = 0;
			defaultConfigurationName = Release;
		};
		3CA386011CC467AC008B6CFC /* Build configuration list for PBXNativeTarget "HeySay" */ = {
			isa = XCConfigurationList;
			buildConfigurations = (
				3CA386021CC467AC008B6CFC /* Debug */,
				3CA386031CC467AC008B6CFC /* Release */,
			);
			defaultConfigurationIsVisible = 0;
			defaultConfigurationName = Release;
		};
		3CA386041CC467AC008B6CFC /* Build configuration list for PBXNativeTarget "HeySayTests" */ = {
			isa = XCConfigurationList;
			buildConfigurations = (
				3CA386051CC467AC008B6CFC /* Debug */,
				3CA386061CC467AC008B6CFC /* Release */,
			);
			defaultConfigurationIsVisible = 0;
			defaultConfigurationName = Release;
		};
/* End XCConfigurationList section */
	};
	rootObject = 3CA385D71CC467AC008B6CFC /* Project object */;
}
