// !$*UTF8*$!
{
	archiveVersion = 1;
	classes = {
	};
	objectVersion = 46;
	objects = {

/* Begin PBXBuildFile section */
		3C20B90A1CCCDC49006170F4 /* Assets.xcassets in Resources */ = {isa = PBXBuildFile; fileRef = 3C20B9091CCCDC49006170F4 /* Assets.xcassets */; };
		3C2758091CCB1BD900E2FFCF /* TimeLineTableViewController.m in Sources */ = {isa = PBXBuildFile; fileRef = 3C2758081CCB1BD900E2FFCF /* TimeLineTableViewController.m */; };
		3C80135D1CC7BEEA005F3027 /* 占位头像.png in Resources */ = {isa = PBXBuildFile; fileRef = 3C80135C1CC7BEEA005F3027 /* 占位头像.png */; };
		3CA385E41CC467AC008B6CFC /* main.m in Sources */ = {isa = PBXBuildFile; fileRef = 3CA385E31CC467AC008B6CFC /* main.m */; };
		3CA385E71CC467AC008B6CFC /* AppDelegate.mm in Sources */ = {isa = PBXBuildFile; fileRef = 3CA385E61CC467AC008B6CFC /* AppDelegate.mm */; };
		3CA385F21CC467AC008B6CFC /* LaunchScreen.storyboard in Resources */ = {isa = PBXBuildFile; fileRef = 3CA385F01CC467AC008B6CFC /* LaunchScreen.storyboard */; };
		3CA385FD1CC467AC008B6CFC /* HeySayTests.m in Sources */ = {isa = PBXBuildFile; fileRef = 3CA385FC1CC467AC008B6CFC /* HeySayTests.m */; };
		3CA387081CC473B3008B6CFC /* KCPinyinHelper.m in Sources */ = {isa = PBXBuildFile; fileRef = 3CA386B91CC473B3008B6CFC /* KCPinyinHelper.m */; settings = {COMPILER_FLAGS = "-fno-objc-arc"; }; };
		3CA3874E1CC473F5008B6CFC /* LoginBackgroundImg.png in Resources */ = {isa = PBXBuildFile; fileRef = 3CA387391CC473F5008B6CFC /* LoginBackgroundImg.png */; };
		3CA387791CC47490008B6CFC /* .gitignore in Resources */ = {isa = PBXBuildFile; fileRef = 3CA387551CC47490008B6CFC /* .gitignore */; };
		3CA3877A1CC47490008B6CFC /* .gitignore in Resources */ = {isa = PBXBuildFile; fileRef = 3CA387571CC47490008B6CFC /* .gitignore */; };
		3CA3877B1CC47490008B6CFC /* .gitignore in Resources */ = {isa = PBXBuildFile; fileRef = 3CA387591CC47490008B6CFC /* .gitignore */; };
		3CA3877C1CC47490008B6CFC /* .gitignore in Resources */ = {isa = PBXBuildFile; fileRef = 3CA3875C1CC47490008B6CFC /* .gitignore */; };
		3CA3877D1CC47490008B6CFC /* .gitignore in Resources */ = {isa = PBXBuildFile; fileRef = 3CA3875E1CC47490008B6CFC /* .gitignore */; };
		3CA3877E1CC47490008B6CFC /* .gitignore in Resources */ = {isa = PBXBuildFile; fileRef = 3CA387601CC47490008B6CFC /* .gitignore */; };
		3CA3877F1CC47490008B6CFC /* ViewController.m in Sources */ = {isa = PBXBuildFile; fileRef = 3CA387631CC47490008B6CFC /* ViewController.m */; };
		3CA387801CC47490008B6CFC /* .gitignore in Resources */ = {isa = PBXBuildFile; fileRef = 3CA387661CC47490008B6CFC /* .gitignore */; };
		3CA387811CC47490008B6CFC /* .gitignore in Resources */ = {isa = PBXBuildFile; fileRef = 3CA387681CC47490008B6CFC /* .gitignore */; };
		3CA387821CC47490008B6CFC /* .gitignore in Resources */ = {isa = PBXBuildFile; fileRef = 3CA3876A1CC47490008B6CFC /* .gitignore */; };
		3CA387831CC47490008B6CFC /* .gitignore in Resources */ = {isa = PBXBuildFile; fileRef = 3CA3876D1CC47490008B6CFC /* .gitignore */; };
		3CA387841CC47490008B6CFC /* .gitignore in Resources */ = {isa = PBXBuildFile; fileRef = 3CA3876F1CC47490008B6CFC /* .gitignore */; };
		3CA387851CC47490008B6CFC /* .gitignore in Resources */ = {isa = PBXBuildFile; fileRef = 3CA387711CC47490008B6CFC /* .gitignore */; };
		3CA387861CC47490008B6CFC /* .gitignore in Resources */ = {isa = PBXBuildFile; fileRef = 3CA387741CC47490008B6CFC /* .gitignore */; };
		3CA387871CC47490008B6CFC /* .gitignore in Resources */ = {isa = PBXBuildFile; fileRef = 3CA387761CC47490008B6CFC /* .gitignore */; };
		3CA387881CC47490008B6CFC /* .gitignore in Resources */ = {isa = PBXBuildFile; fileRef = 3CA387781CC47490008B6CFC /* .gitignore */; };
		3CA3878B1CC47672008B6CFC /* libicucore.tbd in Frameworks */ = {isa = PBXBuildFile; fileRef = 3CA3878A1CC47672008B6CFC /* libicucore.tbd */; };
		3CA3878D1CC47679008B6CFC /* libsqlite3.tbd in Frameworks */ = {isa = PBXBuildFile; fileRef = 3CA3878C1CC47679008B6CFC /* libsqlite3.tbd */; };
		3CA3878F1CC4767F008B6CFC /* libz.tbd in Frameworks */ = {isa = PBXBuildFile; fileRef = 3CA3878E1CC4767F008B6CFC /* libz.tbd */; };
		3CA387911CC4768C008B6CFC /* libstdc++.6.0.9.tbd in Frameworks */ = {isa = PBXBuildFile; fileRef = 3CA387901CC4768C008B6CFC /* libstdc++.6.0.9.tbd */; };
		3CA387931CC476A2008B6CFC /* CoreTelephony.framework in Frameworks */ = {isa = PBXBuildFile; fileRef = 3CA387921CC476A2008B6CFC /* CoreTelephony.framework */; };
		3CA387951CC476A6008B6CFC /* MediaPlayer.framework in Frameworks */ = {isa = PBXBuildFile; fileRef = 3CA387941CC476A6008B6CFC /* MediaPlayer.framework */; };
		3CA387971CC476AC008B6CFC /* CFNetwork.framework in Frameworks */ = {isa = PBXBuildFile; fileRef = 3CA387961CC476AC008B6CFC /* CFNetwork.framework */; };
		3CA387991CC476B2008B6CFC /* SystemConfiguration.framework in Frameworks */ = {isa = PBXBuildFile; fileRef = 3CA387981CC476B2008B6CFC /* SystemConfiguration.framework */; };
		3CA3879B1CC476B8008B6CFC /* MobileCoreServices.framework in Frameworks */ = {isa = PBXBuildFile; fileRef = 3CA3879A1CC476B8008B6CFC /* MobileCoreServices.framework */; };
		3CA3879D1CC476BF008B6CFC /* AudioToolbox.framework in Frameworks */ = {isa = PBXBuildFile; fileRef = 3CA3879C1CC476BF008B6CFC /* AudioToolbox.framework */; };
		3CA3879F1CC476C4008B6CFC /* CoreGraphics.framework in Frameworks */ = {isa = PBXBuildFile; fileRef = 3CA3879E1CC476C4008B6CFC /* CoreGraphics.framework */; };
		3CA387A11CC476C9008B6CFC /* AVFoundation.framework in Frameworks */ = {isa = PBXBuildFile; fileRef = 3CA387A01CC476C9008B6CFC /* AVFoundation.framework */; };
		3CA387A51CC4E1B1008B6CFC /* ChatViewController.m in Sources */ = {isa = PBXBuildFile; fileRef = 3CA387A31CC4E1B1008B6CFC /* ChatViewController.m */; };
		3CA387A61CC4E1B1008B6CFC /* ChatViewController.xib in Resources */ = {isa = PBXBuildFile; fileRef = 3CA387A41CC4E1B1008B6CFC /* ChatViewController.xib */; };
		3CA387AA1CC4E29D008B6CFC /* SessionViewController.m in Sources */ = {isa = PBXBuildFile; fileRef = 3CA387A81CC4E29D008B6CFC /* SessionViewController.m */; };
		3CA387AB1CC4E29D008B6CFC /* SessionViewController.xib in Resources */ = {isa = PBXBuildFile; fileRef = 3CA387A91CC4E29D008B6CFC /* SessionViewController.xib */; };
		3CA387AE1CC4E498008B6CFC /* ChatKeyBoardInputView.m in Sources */ = {isa = PBXBuildFile; fileRef = 3CA387AD1CC4E498008B6CFC /* ChatKeyBoardInputView.m */; };
		3CA387FC1CC517B4008B6CFC /* MessageTableViewCell.m in Sources */ = {isa = PBXBuildFile; fileRef = 3CA387FB1CC517B4008B6CFC /* MessageTableViewCell.m */; };
		3CA8F4B71CC9C8E200B96088 /* MBProgressHUD.m in Sources */ = {isa = PBXBuildFile; fileRef = 3CA8F4B61CC9C8E200B96088 /* MBProgressHUD.m */; };
		3CA8F4BB1CCA48D100B96088 /* FriendsViewController.m in Sources */ = {isa = PBXBuildFile; fileRef = 3CA8F4BA1CCA48D100B96088 /* FriendsViewController.m */; };
		3CBECFAD1CC8826300B83B5F /* LeanCloudManager.m in Sources */ = {isa = PBXBuildFile; fileRef = 3CBECFAC1CC8826300B83B5F /* LeanCloudManager.m */; };
		3CBECFB31CC8BCC700B83B5F /* NSString+DocumentPath.m in Sources */ = {isa = PBXBuildFile; fileRef = 3CBECFB01CC8BCC700B83B5F /* NSString+DocumentPath.m */; };
		3CBECFB41CC8BCC700B83B5F /* NSString+MD5.m in Sources */ = {isa = PBXBuildFile; fileRef = 3CBECFB21CC8BCC700B83B5F /* NSString+MD5.m */; };
		3CBECFBA1CC90EE300B83B5F /* UserModel.m in Sources */ = {isa = PBXBuildFile; fileRef = 3CBECFB91CC90EE300B83B5F /* UserModel.m */; };
		3CC084B51CCDB9E90006D71C /* AddFriendsViewController.m in Sources */ = {isa = PBXBuildFile; fileRef = 3CC084B41CCDB9E90006D71C /* AddFriendsViewController.m */; };
		3CC084BB1CCDBC640006D71C /* FriendModel.m in Sources */ = {isa = PBXBuildFile; fileRef = 3CC084BA1CCDBC640006D71C /* FriendModel.m */; };
		3CC084BF1CCDBCDC0006D71C /* AddFriendsViewController.xib in Resources */ = {isa = PBXBuildFile; fileRef = 3CC084BE1CCDBCDC0006D71C /* AddFriendsViewController.xib */; };
		3CC084C31CCE17790006D71C /* FriendTableViewCell.m in Sources */ = {isa = PBXBuildFile; fileRef = 3CC084C11CCE17790006D71C /* FriendTableViewCell.m */; };
		3CC084C41CCE17790006D71C /* FriendTableViewCell.xib in Resources */ = {isa = PBXBuildFile; fileRef = 3CC084C21CCE17790006D71C /* FriendTableViewCell.xib */; };
		3CCCDBA11CD1A2FC005C5465 /* LaunchScreenViewController.m in Sources */ = {isa = PBXBuildFile; fileRef = 3CCCDBA01CD1A2FC005C5465 /* LaunchScreenViewController.m */; };
		3CCCDBAB1CD1AEC0005C5465 /* 10279353.jpg in Resources */ = {isa = PBXBuildFile; fileRef = 3CCCDBAA1CD1AEC0005C5465 /* 10279353.jpg */; };
		3CCCDBAD1CD1B046005C5465 /* pic-5285-9-1080x1920.jpg in Resources */ = {isa = PBXBuildFile; fileRef = 3CCCDBAC1CD1B046005C5465 /* pic-5285-9-1080x1920.jpg */; };
		3CCCDBAF1CD1BA35005C5465 /* 5174f7aa15e99af391d797a7f2b6cb58.jpeg in Resources */ = {isa = PBXBuildFile; fileRef = 3CCCDBAE1CD1BA35005C5465 /* 5174f7aa15e99af391d797a7f2b6cb58.jpeg */; };
		3CCD01761CC5DF4D004C5703 /* chat_receiver_bg@2x.png in Resources */ = {isa = PBXBuildFile; fileRef = 3CCD01741CC5DF4D004C5703 /* chat_receiver_bg@2x.png */; };
		3CCD01771CC5DF4D004C5703 /* chat_sender_bg@2x.png in Resources */ = {isa = PBXBuildFile; fileRef = 3CCD01751CC5DF4D004C5703 /* chat_sender_bg@2x.png */; };
		3CCD017A1CC6058E004C5703 /* DeviceDelegateHelper.m in Sources */ = {isa = PBXBuildFile; fileRef = 3CCD01781CC6058E004C5703 /* DeviceDelegateHelper.m */; };
		3CCD01811CC60BDD004C5703 /* RegisterViewController.m in Sources */ = {isa = PBXBuildFile; fileRef = 3CCD01801CC60BDD004C5703 /* RegisterViewController.m */; };
		3CCD01831CC60E87004C5703 /* 用户2.png in Resources */ = {isa = PBXBuildFile; fileRef = 3CCD01821CC60E87004C5703 /* 用户2.png */; };
		3CCD01891CC61A90004C5703 /* backgroundImg01.jpg in Resources */ = {isa = PBXBuildFile; fileRef = 3CCD01881CC61A90004C5703 /* backgroundImg01.jpg */; };
		3CCD01931CC65902004C5703 /* MainTabBarController.m in Sources */ = {isa = PBXBuildFile; fileRef = 3CCD01921CC65902004C5703 /* MainTabBarController.m */; };
		3CCD01961CC65A67004C5703 /* MineViewController.m in Sources */ = {isa = PBXBuildFile; fileRef = 3CCD01951CC65A67004C5703 /* MineViewController.m */; };
		3CCD01E11CC678FC004C5703 /* Main.storyboard in Resources */ = {isa = PBXBuildFile; fileRef = 3CCD01E01CC678FC004C5703 /* Main.storyboard */; };
		3CD073361CCF61F5008ADF21 /* ChatLogModel.m in Sources */ = {isa = PBXBuildFile; fileRef = 3CD073351CCF61F5008ADF21 /* ChatLogModel.m */; };
		3CD073391CCF6278008ADF21 /* ChatLogManager.m in Sources */ = {isa = PBXBuildFile; fileRef = 3CD073381CCF6278008ADF21 /* ChatLogManager.m */; };
		3CD0735F1CCFAB57008ADF21 /* SessionModel.m in Sources */ = {isa = PBXBuildFile; fileRef = 3CD0735E1CCFAB57008ADF21 /* SessionModel.m */; };
		3CF4AE641CD0A33F00462255 /* SessionTableViewCell.m in Sources */ = {isa = PBXBuildFile; fileRef = 3CF4AE621CD0A33F00462255 /* SessionTableViewCell.m */; };
		3CF4AE651CD0A33F00462255 /* SessionTableViewCell.xib in Resources */ = {isa = PBXBuildFile; fileRef = 3CF4AE631CD0A33F00462255 /* SessionTableViewCell.xib */; };
		3CF4AE681CD0A7BF00462255 /* SessionListManager.m in Sources */ = {isa = PBXBuildFile; fileRef = 3CF4AE671CD0A7BF00462255 /* SessionListManager.m */; };
		3CF4AE711CD10A3100462255 /* PersonInfoViewController.m in Sources */ = {isa = PBXBuildFile; fileRef = 3CF4AE6F1CD10A3100462255 /* PersonInfoViewController.m */; };
		3CF4AE721CD10A3100462255 /* PersonInfoViewController.xib in Resources */ = {isa = PBXBuildFile; fileRef = 3CF4AE701CD10A3100462255 /* PersonInfoViewController.xib */; };
		3CF4AE761CD10A4300462255 /* AboutUsViewController.m in Sources */ = {isa = PBXBuildFile; fileRef = 3CF4AE741CD10A4300462255 /* AboutUsViewController.m */; };
		3CF4AE771CD10A4300462255 /* AboutUsViewController.xib in Resources */ = {isa = PBXBuildFile; fileRef = 3CF4AE751CD10A4300462255 /* AboutUsViewController.xib */; };
		42D6AE3F901201BC44806FA2 /* libPods.a in Frameworks */ = {isa = PBXBuildFile; fileRef = EEDFBC959DFB9DD69D2409AB /* libPods.a */; };
		C23166AC1CCB219A00E39DE9 /* CCPSDKBundle.bundle in Resources */ = {isa = PBXBuildFile; fileRef = C231666F1CCB219A00E39DE9 /* CCPSDKBundle.bundle */; };
		C23166AD1CCB219A00E39DE9 /* libCCPiPhoneSDK_FullLib.a in Frameworks */ = {isa = PBXBuildFile; fileRef = C23166801CCB219A00E39DE9 /* libCCPiPhoneSDK_FullLib.a */; };
		C23166B21CCB228D00E39DE9 /* TimeLineFrame.m in Sources */ = {isa = PBXBuildFile; fileRef = C23166AF1CCB228D00E39DE9 /* TimeLineFrame.m */; };
		C23166B31CCB228D00E39DE9 /* TimeLineModel.m in Sources */ = {isa = PBXBuildFile; fileRef = C23166B11CCB228D00E39DE9 /* TimeLineModel.m */; };
		C23166B61CCB229600E39DE9 /* TimeLineCell.m in Sources */ = {isa = PBXBuildFile; fileRef = C23166B51CCB229600E39DE9 /* TimeLineCell.m */; };
		C23166C71CCB24AF00E39DE9 /* 范冰冰.png in Resources */ = {isa = PBXBuildFile; fileRef = C23166B81CCB24AF00E39DE9 /* 范冰冰.png */; };
		C23166C81CCB24AF00E39DE9 /* 高圆圆.png in Resources */ = {isa = PBXBuildFile; fileRef = C23166B91CCB24AF00E39DE9 /* 高圆圆.png */; };
		C23166C91CCB24AF00E39DE9 /* 林峰.png in Resources */ = {isa = PBXBuildFile; fileRef = C23166BA1CCB24AF00E39DE9 /* 林峰.png */; };
		C23166CA1CCB24AF00E39DE9 /* addPictures.png in Resources */ = {isa = PBXBuildFile; fileRef = C23166BB1CCB24AF00E39DE9 /* addPictures.png */; };
		C23166CB1CCB24AF00E39DE9 /* background.jpg in Resources */ = {isa = PBXBuildFile; fileRef = C23166BC1CCB24AF00E39DE9 /* background.jpg */; };
		C23166CC1CCB24AF00E39DE9 /* buttonSend@2x.png in Resources */ = {isa = PBXBuildFile; fileRef = C23166BD1CCB24AF00E39DE9 /* buttonSend@2x.png */; };
		C23166CD1CCB24AF00E39DE9 /* FamilyGroup.plist in Resources */ = {isa = PBXBuildFile; fileRef = C23166BE1CCB24AF00E39DE9 /* FamilyGroup.plist */; };
		C23166CE1CCB24AF00E39DE9 /* headicon.png in Resources */ = {isa = PBXBuildFile; fileRef = C23166BF1CCB24AF00E39DE9 /* headicon.png */; };
		C23166CF1CCB24AF00E39DE9 /* location.png in Resources */ = {isa = PBXBuildFile; fileRef = C23166C01CCB24AF00E39DE9 /* location.png */; };
		C23166D01CCB24AF00E39DE9 /* picture1.png in Resources */ = {isa = PBXBuildFile; fileRef = C23166C11CCB24AF00E39DE9 /* picture1.png */; };
		C23166D11CCB24AF00E39DE9 /* picture2.png in Resources */ = {isa = PBXBuildFile; fileRef = C23166C21CCB24AF00E39DE9 /* picture2.png */; };
		C23166D21CCB24AF00E39DE9 /* picture3.png in Resources */ = {isa = PBXBuildFile; fileRef = C23166C31CCB24AF00E39DE9 /* picture3.png */; };
		C23166D31CCB24AF00E39DE9 /* picture4.png in Resources */ = {isa = PBXBuildFile; fileRef = C23166C41CCB24AF00E39DE9 /* picture4.png */; };
		C23166D41CCB24AF00E39DE9 /* reply.png in Resources */ = {isa = PBXBuildFile; fileRef = C23166C51CCB24AF00E39DE9 /* reply.png */; };
		C23166D51CCB24AF00E39DE9 /* seen.png in Resources */ = {isa = PBXBuildFile; fileRef = C23166C61CCB24AF00E39DE9 /* seen.png */; };
/* End PBXBuildFile section */

/* Begin PBXContainerItemProxy section */
		3CA385F91CC467AC008B6CFC /* PBXContainerItemProxy */ = {
			isa = PBXContainerItemProxy;
			containerPortal = 3CA385D71CC467AC008B6CFC /* Project object */;
			proxyType = 1;
			remoteGlobalIDString = 3CA385DE1CC467AC008B6CFC;
			remoteInfo = HeySay;
		};
/* End PBXContainerItemProxy section */

/* Begin PBXFileReference section */
		3C20B9091CCCDC49006170F4 /* Assets.xcassets */ = {isa = PBXFileReference; lastKnownFileType = folder.assetcatalog; path = Assets.xcassets; sourceTree = "<group>"; };
		3C2758071CCB1BD900E2FFCF /* TimeLineTableViewController.h */ = {isa = PBXFileReference; fileEncoding = 4; lastKnownFileType = sourcecode.c.h; path = TimeLineTableViewController.h; sourceTree = "<group>"; };
		3C2758081CCB1BD900E2FFCF /* TimeLineTableViewController.m */ = {isa = PBXFileReference; fileEncoding = 4; lastKnownFileType = sourcecode.c.objc; path = TimeLineTableViewController.m; sourceTree = "<group>"; };
		3C80135C1CC7BEEA005F3027 /* 占位头像.png */ = {isa = PBXFileReference; lastKnownFileType = image.png; path = "占位头像.png"; sourceTree = "<group>"; };
		3CA385DF1CC467AC008B6CFC /* HeySay.app */ = {isa = PBXFileReference; explicitFileType = wrapper.application; includeInIndex = 0; path = HeySay.app; sourceTree = BUILT_PRODUCTS_DIR; };
		3CA385E31CC467AC008B6CFC /* main.m */ = {isa = PBXFileReference; lastKnownFileType = sourcecode.c.objc; path = main.m; sourceTree = "<group>"; };
		3CA385E51CC467AC008B6CFC /* AppDelegate.h */ = {isa = PBXFileReference; lastKnownFileType = sourcecode.c.h; path = AppDelegate.h; sourceTree = "<group>"; };
		3CA385E61CC467AC008B6CFC /* AppDelegate.mm */ = {isa = PBXFileReference; lastKnownFileType = sourcecode.cpp.objcpp; path = AppDelegate.mm; sourceTree = "<group>"; };
		3CA385F11CC467AC008B6CFC /* Base */ = {isa = PBXFileReference; lastKnownFileType = file.storyboard; name = Base; path = Base.lproj/LaunchScreen.storyboard; sourceTree = "<group>"; };
		3CA385F31CC467AC008B6CFC /* Info.plist */ = {isa = PBXFileReference; lastKnownFileType = text.plist.xml; path = Info.plist; sourceTree = "<group>"; };
		3CA385F81CC467AC008B6CFC /* HeySayTests.xctest */ = {isa = PBXFileReference; explicitFileType = wrapper.cfbundle; includeInIndex = 0; path = HeySayTests.xctest; sourceTree = BUILT_PRODUCTS_DIR; };
		3CA385FC1CC467AC008B6CFC /* HeySayTests.m */ = {isa = PBXFileReference; lastKnownFileType = sourcecode.c.objc; path = HeySayTests.m; sourceTree = "<group>"; };
		3CA385FE1CC467AC008B6CFC /* Info.plist */ = {isa = PBXFileReference; lastKnownFileType = text.plist.xml; path = Info.plist; sourceTree = "<group>"; };
		3CA386B81CC473B3008B6CFC /* KCPinyinHelper.h */ = {isa = PBXFileReference; fileEncoding = 4; lastKnownFileType = sourcecode.c.h; path = KCPinyinHelper.h; sourceTree = "<group>"; };
		3CA386B91CC473B3008B6CFC /* KCPinyinHelper.m */ = {isa = PBXFileReference; fileEncoding = 4; lastKnownFileType = sourcecode.c.objc; path = KCPinyinHelper.m; sourceTree = "<group>"; };
		3CA387391CC473F5008B6CFC /* LoginBackgroundImg.png */ = {isa = PBXFileReference; lastKnownFileType = image.png; path = LoginBackgroundImg.png; sourceTree = "<group>"; };
		3CA387551CC47490008B6CFC /* .gitignore */ = {isa = PBXFileReference; fileEncoding = 4; lastKnownFileType = text; path = .gitignore; sourceTree = "<group>"; };
		3CA387571CC47490008B6CFC /* .gitignore */ = {isa = PBXFileReference; fileEncoding = 4; lastKnownFileType = text; path = .gitignore; sourceTree = "<group>"; };
		3CA387591CC47490008B6CFC /* .gitignore */ = {isa = PBXFileReference; fileEncoding = 4; lastKnownFileType = text; path = .gitignore; sourceTree = "<group>"; };
		3CA3875C1CC47490008B6CFC /* .gitignore */ = {isa = PBXFileReference; fileEncoding = 4; lastKnownFileType = text; path = .gitignore; sourceTree = "<group>"; };
		3CA3875E1CC47490008B6CFC /* .gitignore */ = {isa = PBXFileReference; fileEncoding = 4; lastKnownFileType = text; path = .gitignore; sourceTree = "<group>"; };
		3CA387601CC47490008B6CFC /* .gitignore */ = {isa = PBXFileReference; fileEncoding = 4; lastKnownFileType = text; path = .gitignore; sourceTree = "<group>"; };
		3CA387621CC47490008B6CFC /* ViewController.h */ = {isa = PBXFileReference; fileEncoding = 4; lastKnownFileType = sourcecode.c.h; name = ViewController.h; path = "Classes/Login&Register/ViewController.h"; sourceTree = "<group>"; };
		3CA387631CC47490008B6CFC /* ViewController.m */ = {isa = PBXFileReference; fileEncoding = 4; lastKnownFileType = sourcecode.c.objc; name = ViewController.m; path = "Classes/Login&Register/ViewController.m"; sourceTree = "<group>"; };
		3CA387661CC47490008B6CFC /* .gitignore */ = {isa = PBXFileReference; fileEncoding = 4; lastKnownFileType = text; path = .gitignore; sourceTree = "<group>"; };
		3CA387681CC47490008B6CFC /* .gitignore */ = {isa = PBXFileReference; fileEncoding = 4; lastKnownFileType = text; path = .gitignore; sourceTree = "<group>"; };
		3CA3876A1CC47490008B6CFC /* .gitignore */ = {isa = PBXFileReference; fileEncoding = 4; lastKnownFileType = text; path = .gitignore; sourceTree = "<group>"; };
		3CA3876D1CC47490008B6CFC /* .gitignore */ = {isa = PBXFileReference; fileEncoding = 4; lastKnownFileType = text; path = .gitignore; sourceTree = "<group>"; };
		3CA3876F1CC47490008B6CFC /* .gitignore */ = {isa = PBXFileReference; fileEncoding = 4; lastKnownFileType = text; path = .gitignore; sourceTree = "<group>"; };
		3CA387711CC47490008B6CFC /* .gitignore */ = {isa = PBXFileReference; fileEncoding = 4; lastKnownFileType = text; path = .gitignore; sourceTree = "<group>"; };
		3CA387741CC47490008B6CFC /* .gitignore */ = {isa = PBXFileReference; fileEncoding = 4; lastKnownFileType = text; path = .gitignore; sourceTree = "<group>"; };
		3CA387761CC47490008B6CFC /* .gitignore */ = {isa = PBXFileReference; fileEncoding = 4; lastKnownFileType = text; path = .gitignore; sourceTree = "<group>"; };
		3CA387781CC47490008B6CFC /* .gitignore */ = {isa = PBXFileReference; fileEncoding = 4; lastKnownFileType = text; path = .gitignore; sourceTree = "<group>"; };
		3CA387891CC47521008B6CFC /* HeySay.pch */ = {isa = PBXFileReference; fileEncoding = 4; lastKnownFileType = sourcecode.c.h; path = HeySay.pch; sourceTree = "<group>"; };
		3CA3878A1CC47672008B6CFC /* libicucore.tbd */ = {isa = PBXFileReference; lastKnownFileType = "sourcecode.text-based-dylib-definition"; name = libicucore.tbd; path = usr/lib/libicucore.tbd; sourceTree = SDKROOT; };
		3CA3878C1CC47679008B6CFC /* libsqlite3.tbd */ = {isa = PBXFileReference; lastKnownFileType = "sourcecode.text-based-dylib-definition"; name = libsqlite3.tbd; path = usr/lib/libsqlite3.tbd; sourceTree = SDKROOT; };
		3CA3878E1CC4767F008B6CFC /* libz.tbd */ = {isa = PBXFileReference; lastKnownFileType = "sourcecode.text-based-dylib-definition"; name = libz.tbd; path = usr/lib/libz.tbd; sourceTree = SDKROOT; };
		3CA387901CC4768C008B6CFC /* libstdc++.6.0.9.tbd */ = {isa = PBXFileReference; lastKnownFileType = "sourcecode.text-based-dylib-definition"; name = "libstdc++.6.0.9.tbd"; path = "usr/lib/libstdc++.6.0.9.tbd"; sourceTree = SDKROOT; };
		3CA387921CC476A2008B6CFC /* CoreTelephony.framework */ = {isa = PBXFileReference; lastKnownFileType = wrapper.framework; name = CoreTelephony.framework; path = System/Library/Frameworks/CoreTelephony.framework; sourceTree = SDKROOT; };
		3CA387941CC476A6008B6CFC /* MediaPlayer.framework */ = {isa = PBXFileReference; lastKnownFileType = wrapper.framework; name = MediaPlayer.framework; path = System/Library/Frameworks/MediaPlayer.framework; sourceTree = SDKROOT; };
		3CA387961CC476AC008B6CFC /* CFNetwork.framework */ = {isa = PBXFileReference; lastKnownFileType = wrapper.framework; name = CFNetwork.framework; path = System/Library/Frameworks/CFNetwork.framework; sourceTree = SDKROOT; };
		3CA387981CC476B2008B6CFC /* SystemConfiguration.framework */ = {isa = PBXFileReference; lastKnownFileType = wrapper.framework; name = SystemConfiguration.framework; path = System/Library/Frameworks/SystemConfiguration.framework; sourceTree = SDKROOT; };
		3CA3879A1CC476B8008B6CFC /* MobileCoreServices.framework */ = {isa = PBXFileReference; lastKnownFileType = wrapper.framework; name = MobileCoreServices.framework; path = System/Library/Frameworks/MobileCoreServices.framework; sourceTree = SDKROOT; };
		3CA3879C1CC476BF008B6CFC /* AudioToolbox.framework */ = {isa = PBXFileReference; lastKnownFileType = wrapper.framework; name = AudioToolbox.framework; path = System/Library/Frameworks/AudioToolbox.framework; sourceTree = SDKROOT; };
		3CA3879E1CC476C4008B6CFC /* CoreGraphics.framework */ = {isa = PBXFileReference; lastKnownFileType = wrapper.framework; name = CoreGraphics.framework; path = System/Library/Frameworks/CoreGraphics.framework; sourceTree = SDKROOT; };
		3CA387A01CC476C9008B6CFC /* AVFoundation.framework */ = {isa = PBXFileReference; lastKnownFileType = wrapper.framework; name = AVFoundation.framework; path = System/Library/Frameworks/AVFoundation.framework; sourceTree = SDKROOT; };
		3CA387A21CC4E1B1008B6CFC /* ChatViewController.h */ = {isa = PBXFileReference; fileEncoding = 4; lastKnownFileType = sourcecode.c.h; path = ChatViewController.h; sourceTree = "<group>"; };
		3CA387A31CC4E1B1008B6CFC /* ChatViewController.m */ = {isa = PBXFileReference; fileEncoding = 4; lastKnownFileType = sourcecode.c.objc; path = ChatViewController.m; sourceTree = "<group>"; };
		3CA387A41CC4E1B1008B6CFC /* ChatViewController.xib */ = {isa = PBXFileReference; fileEncoding = 4; lastKnownFileType = file.xib; path = ChatViewController.xib; sourceTree = "<group>"; };
		3CA387A71CC4E29D008B6CFC /* SessionViewController.h */ = {isa = PBXFileReference; fileEncoding = 4; lastKnownFileType = sourcecode.c.h; path = SessionViewController.h; sourceTree = "<group>"; };
		3CA387A81CC4E29D008B6CFC /* SessionViewController.m */ = {isa = PBXFileReference; fileEncoding = 4; lastKnownFileType = sourcecode.c.objc; path = SessionViewController.m; sourceTree = "<group>"; };
		3CA387A91CC4E29D008B6CFC /* SessionViewController.xib */ = {isa = PBXFileReference; fileEncoding = 4; lastKnownFileType = file.xib; path = SessionViewController.xib; sourceTree = "<group>"; };
		3CA387AC1CC4E498008B6CFC /* ChatKeyBoardInputView.h */ = {isa = PBXFileReference; fileEncoding = 4; lastKnownFileType = sourcecode.c.h; path = ChatKeyBoardInputView.h; sourceTree = "<group>"; };
		3CA387AD1CC4E498008B6CFC /* ChatKeyBoardInputView.m */ = {isa = PBXFileReference; fileEncoding = 4; lastKnownFileType = sourcecode.c.objc; path = ChatKeyBoardInputView.m; sourceTree = "<group>"; };
		3CA387FA1CC517B4008B6CFC /* MessageTableViewCell.h */ = {isa = PBXFileReference; fileEncoding = 4; lastKnownFileType = sourcecode.c.h; path = MessageTableViewCell.h; sourceTree = "<group>"; };
		3CA387FB1CC517B4008B6CFC /* MessageTableViewCell.m */ = {isa = PBXFileReference; fileEncoding = 4; lastKnownFileType = sourcecode.c.objc; path = MessageTableViewCell.m; sourceTree = "<group>"; };
		3CA8F4B51CC9C8E200B96088 /* MBProgressHUD.h */ = {isa = PBXFileReference; fileEncoding = 4; lastKnownFileType = sourcecode.c.h; path = MBProgressHUD.h; sourceTree = "<group>"; };
		3CA8F4B61CC9C8E200B96088 /* MBProgressHUD.m */ = {isa = PBXFileReference; fileEncoding = 4; lastKnownFileType = sourcecode.c.objc; path = MBProgressHUD.m; sourceTree = "<group>"; };
		3CA8F4B91CCA48D100B96088 /* FriendsViewController.h */ = {isa = PBXFileReference; fileEncoding = 4; lastKnownFileType = sourcecode.c.h; path = FriendsViewController.h; sourceTree = "<group>"; };
		3CA8F4BA1CCA48D100B96088 /* FriendsViewController.m */ = {isa = PBXFileReference; fileEncoding = 4; lastKnownFileType = sourcecode.c.objc; path = FriendsViewController.m; sourceTree = "<group>"; };
		3CBECFAB1CC8826300B83B5F /* LeanCloudManager.h */ = {isa = PBXFileReference; fileEncoding = 4; lastKnownFileType = sourcecode.c.h; path = LeanCloudManager.h; sourceTree = "<group>"; };
		3CBECFAC1CC8826300B83B5F /* LeanCloudManager.m */ = {isa = PBXFileReference; fileEncoding = 4; lastKnownFileType = sourcecode.c.objc; path = LeanCloudManager.m; sourceTree = "<group>"; };
		3CBECFAF1CC8BCC700B83B5F /* NSString+DocumentPath.h */ = {isa = PBXFileReference; fileEncoding = 4; lastKnownFileType = sourcecode.c.h; path = "NSString+DocumentPath.h"; sourceTree = "<group>"; };
		3CBECFB01CC8BCC700B83B5F /* NSString+DocumentPath.m */ = {isa = PBXFileReference; fileEncoding = 4; lastKnownFileType = sourcecode.c.objc; path = "NSString+DocumentPath.m"; sourceTree = "<group>"; };
		3CBECFB11CC8BCC700B83B5F /* NSString+MD5.h */ = {isa = PBXFileReference; fileEncoding = 4; lastKnownFileType = sourcecode.c.h; path = "NSString+MD5.h"; sourceTree = "<group>"; };
		3CBECFB21CC8BCC700B83B5F /* NSString+MD5.m */ = {isa = PBXFileReference; fileEncoding = 4; lastKnownFileType = sourcecode.c.objc; path = "NSString+MD5.m"; sourceTree = "<group>"; };
		3CBECFB81CC90EE300B83B5F /* UserModel.h */ = {isa = PBXFileReference; fileEncoding = 4; lastKnownFileType = sourcecode.c.h; path = UserModel.h; sourceTree = "<group>"; };
		3CBECFB91CC90EE300B83B5F /* UserModel.m */ = {isa = PBXFileReference; fileEncoding = 4; lastKnownFileType = sourcecode.c.objc; path = UserModel.m; sourceTree = "<group>"; };
		3CC084B31CCDB9E90006D71C /* AddFriendsViewController.h */ = {isa = PBXFileReference; fileEncoding = 4; lastKnownFileType = sourcecode.c.h; path = AddFriendsViewController.h; sourceTree = "<group>"; };
		3CC084B41CCDB9E90006D71C /* AddFriendsViewController.m */ = {isa = PBXFileReference; fileEncoding = 4; lastKnownFileType = sourcecode.c.objc; path = AddFriendsViewController.m; sourceTree = "<group>"; };
		3CC084B91CCDBC640006D71C /* FriendModel.h */ = {isa = PBXFileReference; fileEncoding = 4; lastKnownFileType = sourcecode.c.h; path = FriendModel.h; sourceTree = "<group>"; };
		3CC084BA1CCDBC640006D71C /* FriendModel.m */ = {isa = PBXFileReference; fileEncoding = 4; lastKnownFileType = sourcecode.c.objc; path = FriendModel.m; sourceTree = "<group>"; };
		3CC084BE1CCDBCDC0006D71C /* AddFriendsViewController.xib */ = {isa = PBXFileReference; fileEncoding = 4; lastKnownFileType = file.xib; path = AddFriendsViewController.xib; sourceTree = "<group>"; };
		3CC084C01CCE17790006D71C /* FriendTableViewCell.h */ = {isa = PBXFileReference; fileEncoding = 4; lastKnownFileType = sourcecode.c.h; path = FriendTableViewCell.h; sourceTree = "<group>"; };
		3CC084C11CCE17790006D71C /* FriendTableViewCell.m */ = {isa = PBXFileReference; fileEncoding = 4; lastKnownFileType = sourcecode.c.objc; path = FriendTableViewCell.m; sourceTree = "<group>"; };
		3CC084C21CCE17790006D71C /* FriendTableViewCell.xib */ = {isa = PBXFileReference; fileEncoding = 4; lastKnownFileType = file.xib; path = FriendTableViewCell.xib; sourceTree = "<group>"; };
		3CCCDB9F1CD1A2FC005C5465 /* LaunchScreenViewController.h */ = {isa = PBXFileReference; fileEncoding = 4; lastKnownFileType = sourcecode.c.h; path = LaunchScreenViewController.h; sourceTree = "<group>"; };
		3CCCDBA01CD1A2FC005C5465 /* LaunchScreenViewController.m */ = {isa = PBXFileReference; fileEncoding = 4; lastKnownFileType = sourcecode.c.objc; path = LaunchScreenViewController.m; sourceTree = "<group>"; };
		3CCCDBAA1CD1AEC0005C5465 /* 10279353.jpg */ = {isa = PBXFileReference; lastKnownFileType = image.jpeg; path = 10279353.jpg; sourceTree = "<group>"; };
		3CCCDBAC1CD1B046005C5465 /* pic-5285-9-1080x1920.jpg */ = {isa = PBXFileReference; lastKnownFileType = image.jpeg; path = "pic-5285-9-1080x1920.jpg"; sourceTree = "<group>"; };
		3CCCDBAE1CD1BA35005C5465 /* 5174f7aa15e99af391d797a7f2b6cb58.jpeg */ = {isa = PBXFileReference; lastKnownFileType = image.jpeg; path = 5174f7aa15e99af391d797a7f2b6cb58.jpeg; sourceTree = "<group>"; };
		3CCD01741CC5DF4D004C5703 /* chat_receiver_bg@2x.png */ = {isa = PBXFileReference; lastKnownFileType = image.png; path = "chat_receiver_bg@2x.png"; sourceTree = "<group>"; };
		3CCD01751CC5DF4D004C5703 /* chat_sender_bg@2x.png */ = {isa = PBXFileReference; lastKnownFileType = image.png; path = "chat_sender_bg@2x.png"; sourceTree = "<group>"; };
		3CCD01781CC6058E004C5703 /* DeviceDelegateHelper.m */ = {isa = PBXFileReference; fileEncoding = 4; lastKnownFileType = sourcecode.c.objc; path = DeviceDelegateHelper.m; sourceTree = "<group>"; };
		3CCD01791CC6058E004C5703 /* DeviceDelegateHelper.h */ = {isa = PBXFileReference; fileEncoding = 4; lastKnownFileType = sourcecode.c.h; path = DeviceDelegateHelper.h; sourceTree = "<group>"; };
		3CCD017F1CC60BDD004C5703 /* RegisterViewController.h */ = {isa = PBXFileReference; fileEncoding = 4; lastKnownFileType = sourcecode.c.h; path = RegisterViewController.h; sourceTree = "<group>"; };
		3CCD01801CC60BDD004C5703 /* RegisterViewController.m */ = {isa = PBXFileReference; fileEncoding = 4; lastKnownFileType = sourcecode.c.objc; path = RegisterViewController.m; sourceTree = "<group>"; };
		3CCD01821CC60E87004C5703 /* 用户2.png */ = {isa = PBXFileReference; lastKnownFileType = image.png; path = "用户2.png"; sourceTree = "<group>"; };
		3CCD01881CC61A90004C5703 /* backgroundImg01.jpg */ = {isa = PBXFileReference; lastKnownFileType = image.jpeg; path = backgroundImg01.jpg; sourceTree = "<group>"; };
		3CCD01911CC65902004C5703 /* MainTabBarController.h */ = {isa = PBXFileReference; fileEncoding = 4; lastKnownFileType = sourcecode.c.h; path = MainTabBarController.h; sourceTree = "<group>"; };
		3CCD01921CC65902004C5703 /* MainTabBarController.m */ = {isa = PBXFileReference; fileEncoding = 4; lastKnownFileType = sourcecode.c.objc; path = MainTabBarController.m; sourceTree = "<group>"; };
		3CCD01941CC65A67004C5703 /* MineViewController.h */ = {isa = PBXFileReference; fileEncoding = 4; lastKnownFileType = sourcecode.c.h; path = MineViewController.h; sourceTree = "<group>"; };
		3CCD01951CC65A67004C5703 /* MineViewController.m */ = {isa = PBXFileReference; fileEncoding = 4; lastKnownFileType = sourcecode.c.objc; path = MineViewController.m; sourceTree = "<group>"; };
		3CCD01E01CC678FC004C5703 /* Main.storyboard */ = {isa = PBXFileReference; fileEncoding = 4; lastKnownFileType = file.storyboard; path = Main.storyboard; sourceTree = "<group>"; };
		3CD073341CCF61F5008ADF21 /* ChatLogModel.h */ = {isa = PBXFileReference; fileEncoding = 4; lastKnownFileType = sourcecode.c.h; path = ChatLogModel.h; sourceTree = "<group>"; };
		3CD073351CCF61F5008ADF21 /* ChatLogModel.m */ = {isa = PBXFileReference; fileEncoding = 4; lastKnownFileType = sourcecode.c.objc; path = ChatLogModel.m; sourceTree = "<group>"; };
		3CD073371CCF6278008ADF21 /* ChatLogManager.h */ = {isa = PBXFileReference; fileEncoding = 4; lastKnownFileType = sourcecode.c.h; path = ChatLogManager.h; sourceTree = "<group>"; };
		3CD073381CCF6278008ADF21 /* ChatLogManager.m */ = {isa = PBXFileReference; fileEncoding = 4; lastKnownFileType = sourcecode.c.objc; path = ChatLogManager.m; sourceTree = "<group>"; };
		3CD0735D1CCFAB57008ADF21 /* SessionModel.h */ = {isa = PBXFileReference; fileEncoding = 4; lastKnownFileType = sourcecode.c.h; path = SessionModel.h; sourceTree = "<group>"; };
		3CD0735E1CCFAB57008ADF21 /* SessionModel.m */ = {isa = PBXFileReference; fileEncoding = 4; lastKnownFileType = sourcecode.c.objc; path = SessionModel.m; sourceTree = "<group>"; };
		3CF4AE611CD0A33F00462255 /* SessionTableViewCell.h */ = {isa = PBXFileReference; fileEncoding = 4; lastKnownFileType = sourcecode.c.h; path = SessionTableViewCell.h; sourceTree = "<group>"; };
		3CF4AE621CD0A33F00462255 /* SessionTableViewCell.m */ = {isa = PBXFileReference; fileEncoding = 4; lastKnownFileType = sourcecode.c.objc; path = SessionTableViewCell.m; sourceTree = "<group>"; };
		3CF4AE631CD0A33F00462255 /* SessionTableViewCell.xib */ = {isa = PBXFileReference; fileEncoding = 4; lastKnownFileType = file.xib; path = SessionTableViewCell.xib; sourceTree = "<group>"; };
		3CF4AE661CD0A7BF00462255 /* SessionListManager.h */ = {isa = PBXFileReference; fileEncoding = 4; lastKnownFileType = sourcecode.c.h; path = SessionListManager.h; sourceTree = "<group>"; };
		3CF4AE671CD0A7BF00462255 /* SessionListManager.m */ = {isa = PBXFileReference; fileEncoding = 4; lastKnownFileType = sourcecode.c.objc; path = SessionListManager.m; sourceTree = "<group>"; };
		3CF4AE6E1CD10A3100462255 /* PersonInfoViewController.h */ = {isa = PBXFileReference; fileEncoding = 4; lastKnownFileType = sourcecode.c.h; path = PersonInfoViewController.h; sourceTree = "<group>"; };
		3CF4AE6F1CD10A3100462255 /* PersonInfoViewController.m */ = {isa = PBXFileReference; fileEncoding = 4; lastKnownFileType = sourcecode.c.objc; path = PersonInfoViewController.m; sourceTree = "<group>"; };
		3CF4AE701CD10A3100462255 /* PersonInfoViewController.xib */ = {isa = PBXFileReference; fileEncoding = 4; lastKnownFileType = file.xib; path = PersonInfoViewController.xib; sourceTree = "<group>"; };
		3CF4AE731CD10A4300462255 /* AboutUsViewController.h */ = {isa = PBXFileReference; fileEncoding = 4; lastKnownFileType = sourcecode.c.h; path = AboutUsViewController.h; sourceTree = "<group>"; };
		3CF4AE741CD10A4300462255 /* AboutUsViewController.m */ = {isa = PBXFileReference; fileEncoding = 4; lastKnownFileType = sourcecode.c.objc; path = AboutUsViewController.m; sourceTree = "<group>"; };
		3CF4AE751CD10A4300462255 /* AboutUsViewController.xib */ = {isa = PBXFileReference; fileEncoding = 4; lastKnownFileType = file.xib; path = AboutUsViewController.xib; sourceTree = "<group>"; };
		781EE794A961C6017E0DEDB5 /* Pods.release.xcconfig */ = {isa = PBXFileReference; includeInIndex = 1; lastKnownFileType = text.xcconfig; name = Pods.release.xcconfig; path = "Pods/Target Support Files/Pods/Pods.release.xcconfig"; sourceTree = "<group>"; };
		8182D54A00801ECC9D21F5FF /* Pods.debug.xcconfig */ = {isa = PBXFileReference; includeInIndex = 1; lastKnownFileType = text.xcconfig; name = Pods.debug.xcconfig; path = "Pods/Target Support Files/Pods/Pods.debug.xcconfig"; sourceTree = "<group>"; };
		C231666F1CCB219A00E39DE9 /* CCPSDKBundle.bundle */ = {isa = PBXFileReference; lastKnownFileType = "wrapper.plug-in"; path = CCPSDKBundle.bundle; sourceTree = "<group>"; };
		C23166711CCB219A00E39DE9 /* ECChatDelegate.h */ = {isa = PBXFileReference; fileEncoding = 4; lastKnownFileType = sourcecode.c.h; path = ECChatDelegate.h; sourceTree = "<group>"; };
		C23166721CCB219A00E39DE9 /* ECDelegateBase.h */ = {isa = PBXFileReference; fileEncoding = 4; lastKnownFileType = sourcecode.c.h; path = ECDelegateBase.h; sourceTree = "<group>"; };
		C23166731CCB219A00E39DE9 /* ECDeskDelegate.h */ = {isa = PBXFileReference; fileEncoding = 4; lastKnownFileType = sourcecode.c.h; path = ECDeskDelegate.h; sourceTree = "<group>"; };
		C23166741CCB219A00E39DE9 /* ECGroupDelegate.h */ = {isa = PBXFileReference; fileEncoding = 4; lastKnownFileType = sourcecode.c.h; path = ECGroupDelegate.h; sourceTree = "<group>"; };
		C23166751CCB219A00E39DE9 /* ECMeetingDelegate.h */ = {isa = PBXFileReference; fileEncoding = 4; lastKnownFileType = sourcecode.c.h; path = ECMeetingDelegate.h; sourceTree = "<group>"; };
		C23166761CCB219A00E39DE9 /* ECMessageDelegate.h */ = {isa = PBXFileReference; fileEncoding = 4; lastKnownFileType = sourcecode.c.h; path = ECMessageDelegate.h; sourceTree = "<group>"; };
		C23166771CCB219A00E39DE9 /* ECNetworkDelegate.h */ = {isa = PBXFileReference; fileEncoding = 4; lastKnownFileType = sourcecode.c.h; path = ECNetworkDelegate.h; sourceTree = "<group>"; };
		C23166781CCB219A00E39DE9 /* ECSystemDelegate.h */ = {isa = PBXFileReference; fileEncoding = 4; lastKnownFileType = sourcecode.c.h; path = ECSystemDelegate.h; sourceTree = "<group>"; };
		C23166791CCB219A00E39DE9 /* ECVoIPCallDelegate.h */ = {isa = PBXFileReference; fileEncoding = 4; lastKnownFileType = sourcecode.c.h; path = ECVoIPCallDelegate.h; sourceTree = "<group>"; };
		C231667A1CCB219A00E39DE9 /* ECDevice.h */ = {isa = PBXFileReference; fileEncoding = 4; lastKnownFileType = sourcecode.c.h; path = ECDevice.h; sourceTree = "<group>"; };
		C231667B1CCB219A00E39DE9 /* ECDeviceDelegate.h */ = {isa = PBXFileReference; fileEncoding = 4; lastKnownFileType = sourcecode.c.h; path = ECDeviceDelegate.h; sourceTree = "<group>"; };
		C231667C1CCB219A00E39DE9 /* ECDeviceHeaders.h */ = {isa = PBXFileReference; fileEncoding = 4; lastKnownFileType = sourcecode.c.h; path = ECDeviceHeaders.h; sourceTree = "<group>"; };
		C231667E1CCB219A00E39DE9 /* ECEnumDefs.h */ = {isa = PBXFileReference; fileEncoding = 4; lastKnownFileType = sourcecode.c.h; path = ECEnumDefs.h; sourceTree = "<group>"; };
		C23166801CCB219A00E39DE9 /* libCCPiPhoneSDK_FullLib.a */ = {isa = PBXFileReference; lastKnownFileType = archive.ar; path = libCCPiPhoneSDK_FullLib.a; sourceTree = "<group>"; };
		C23166821CCB219A00E39DE9 /* ECChatManager.h */ = {isa = PBXFileReference; fileEncoding = 4; lastKnownFileType = sourcecode.c.h; path = ECChatManager.h; sourceTree = "<group>"; };
		C23166831CCB219A00E39DE9 /* ECDeskManager.h */ = {isa = PBXFileReference; fileEncoding = 4; lastKnownFileType = sourcecode.c.h; path = ECDeskManager.h; sourceTree = "<group>"; };
		C23166841CCB219A00E39DE9 /* ECGroupManager.h */ = {isa = PBXFileReference; fileEncoding = 4; lastKnownFileType = sourcecode.c.h; path = ECGroupManager.h; sourceTree = "<group>"; };
		C23166851CCB219A00E39DE9 /* ECManagerBase.h */ = {isa = PBXFileReference; fileEncoding = 4; lastKnownFileType = sourcecode.c.h; path = ECManagerBase.h; sourceTree = "<group>"; };
		C23166861CCB219A00E39DE9 /* ECMeetingManager.h */ = {isa = PBXFileReference; fileEncoding = 4; lastKnownFileType = sourcecode.c.h; path = ECMeetingManager.h; sourceTree = "<group>"; };
		C23166871CCB219A00E39DE9 /* ECMessageManager.h */ = {isa = PBXFileReference; fileEncoding = 4; lastKnownFileType = sourcecode.c.h; path = ECMessageManager.h; sourceTree = "<group>"; };
		C23166881CCB219A00E39DE9 /* ECVoIPCallManager.h */ = {isa = PBXFileReference; fileEncoding = 4; lastKnownFileType = sourcecode.c.h; path = ECVoIPCallManager.h; sourceTree = "<group>"; };
		C23166891CCB219A00E39DE9 /* ECVoIPManager.h */ = {isa = PBXFileReference; fileEncoding = 4; lastKnownFileType = sourcecode.c.h; path = ECVoIPManager.h; sourceTree = "<group>"; };
		C231668A1CCB219A00E39DE9 /* ECVoIPSetManager.h */ = {isa = PBXFileReference; fileEncoding = 4; lastKnownFileType = sourcecode.c.h; path = ECVoIPSetManager.h; sourceTree = "<group>"; };
		C231668C1CCB219A00E39DE9 /* CameraDeviceInfo.h */ = {isa = PBXFileReference; fileEncoding = 4; lastKnownFileType = sourcecode.c.h; path = CameraDeviceInfo.h; sourceTree = "<group>"; };
		C231668D1CCB219A00E39DE9 /* ECAudioConfig.h */ = {isa = PBXFileReference; fileEncoding = 4; lastKnownFileType = sourcecode.c.h; path = ECAudioConfig.h; sourceTree = "<group>"; };
		C231668E1CCB219A00E39DE9 /* ECCallMessageBody.h */ = {isa = PBXFileReference; fileEncoding = 4; lastKnownFileType = sourcecode.c.h; path = ECCallMessageBody.h; sourceTree = "<group>"; };
		C231668F1CCB219A00E39DE9 /* ECCreateMeetingParams.h */ = {isa = PBXFileReference; fileEncoding = 4; lastKnownFileType = sourcecode.c.h; path = ECCreateMeetingParams.h; sourceTree = "<group>"; };
		C23166901CCB219A00E39DE9 /* ECError.h */ = {isa = PBXFileReference; fileEncoding = 4; lastKnownFileType = sourcecode.c.h; path = ECError.h; sourceTree = "<group>"; };
		C23166911CCB219A00E39DE9 /* ECFileMessageBody.h */ = {isa = PBXFileReference; fileEncoding = 4; lastKnownFileType = sourcecode.c.h; path = ECFileMessageBody.h; sourceTree = "<group>"; };
		C23166921CCB219A00E39DE9 /* ECGroup.h */ = {isa = PBXFileReference; fileEncoding = 4; lastKnownFileType = sourcecode.c.h; path = ECGroup.h; sourceTree = "<group>"; };
		C23166931CCB219A00E39DE9 /* ECGroupMatch.h */ = {isa = PBXFileReference; fileEncoding = 4; lastKnownFileType = sourcecode.c.h; path = ECGroupMatch.h; sourceTree = "<group>"; };
		C23166941CCB219A00E39DE9 /* ECGroupMember.h */ = {isa = PBXFileReference; fileEncoding = 4; lastKnownFileType = sourcecode.c.h; path = ECGroupMember.h; sourceTree = "<group>"; };
		C23166951CCB219A00E39DE9 /* ECGroupNoticeMessage.h */ = {isa = PBXFileReference; fileEncoding = 4; lastKnownFileType = sourcecode.c.h; path = ECGroupNoticeMessage.h; sourceTree = "<group>"; };
		C23166961CCB219A00E39DE9 /* ECGroupOption.h */ = {isa = PBXFileReference; fileEncoding = 4; lastKnownFileType = sourcecode.c.h; path = ECGroupOption.h; sourceTree = "<group>"; };
		C23166971CCB219A00E39DE9 /* ECImageMessageBody.h */ = {isa = PBXFileReference; fileEncoding = 4; lastKnownFileType = sourcecode.c.h; path = ECImageMessageBody.h; sourceTree = "<group>"; };
		C23166981CCB219A00E39DE9 /* ECInterphoneMeetingMsg.h */ = {isa = PBXFileReference; fileEncoding = 4; lastKnownFileType = sourcecode.c.h; path = ECInterphoneMeetingMsg.h; sourceTree = "<group>"; };
		C23166991CCB219A00E39DE9 /* ECLocationMessageBody.h */ = {isa = PBXFileReference; fileEncoding = 4; lastKnownFileType = sourcecode.c.h; path = ECLocationMessageBody.h; sourceTree = "<group>"; };
		C231669A1CCB219A00E39DE9 /* ECLoginInfo.h */ = {isa = PBXFileReference; fileEncoding = 4; lastKnownFileType = sourcecode.c.h; path = ECLoginInfo.h; sourceTree = "<group>"; };
		C231669B1CCB219A00E39DE9 /* ECMeetingMember.h */ = {isa = PBXFileReference; fileEncoding = 4; lastKnownFileType = sourcecode.c.h; path = ECMeetingMember.h; sourceTree = "<group>"; };
		C231669C1CCB219A00E39DE9 /* ECMeetingRoom.h */ = {isa = PBXFileReference; fileEncoding = 4; lastKnownFileType = sourcecode.c.h; path = ECMeetingRoom.h; sourceTree = "<group>"; };
		C231669D1CCB219A00E39DE9 /* ECMessage.h */ = {isa = PBXFileReference; fileEncoding = 4; lastKnownFileType = sourcecode.c.h; path = ECMessage.h; sourceTree = "<group>"; };
		C231669E1CCB219A00E39DE9 /* ECMessageBody.h */ = {isa = PBXFileReference; fileEncoding = 4; lastKnownFileType = sourcecode.c.h; path = ECMessageBody.h; sourceTree = "<group>"; };
		C231669F1CCB219A00E39DE9 /* ECMessageNotifyMsg.h */ = {isa = PBXFileReference; fileEncoding = 4; lastKnownFileType = sourcecode.c.h; path = ECMessageNotifyMsg.h; sourceTree = "<group>"; };
		C23166A01CCB219A00E39DE9 /* ECMultiDeviceState.h */ = {isa = PBXFileReference; fileEncoding = 4; lastKnownFileType = sourcecode.c.h; path = ECMultiDeviceState.h; sourceTree = "<group>"; };
		C23166A11CCB219A00E39DE9 /* ECMultiVideoMeetingMsg.h */ = {isa = PBXFileReference; fileEncoding = 4; lastKnownFileType = sourcecode.c.h; path = ECMultiVideoMeetingMsg.h; sourceTree = "<group>"; };
		C23166A21CCB219A00E39DE9 /* ECMultiVoiceMeetingMsg.h */ = {isa = PBXFileReference; fileEncoding = 4; lastKnownFileType = sourcecode.c.h; path = ECMultiVoiceMeetingMsg.h; sourceTree = "<group>"; };
		C23166A31CCB219A00E39DE9 /* ECPersonInfo.h */ = {isa = PBXFileReference; fileEncoding = 4; lastKnownFileType = sourcecode.c.h; path = ECPersonInfo.h; sourceTree = "<group>"; };
		C23166A41CCB219A00E39DE9 /* ECProgressDelegate.h */ = {isa = PBXFileReference; fileEncoding = 4; lastKnownFileType = sourcecode.c.h; path = ECProgressDelegate.h; sourceTree = "<group>"; };
		C23166A51CCB219A00E39DE9 /* ECSountTouchConfig.h */ = {isa = PBXFileReference; fileEncoding = 4; lastKnownFileType = sourcecode.c.h; path = ECSountTouchConfig.h; sourceTree = "<group>"; };
		C23166A61CCB219A00E39DE9 /* ECTextMessageBody.h */ = {isa = PBXFileReference; fileEncoding = 4; lastKnownFileType = sourcecode.c.h; path = ECTextMessageBody.h; sourceTree = "<group>"; };
		C23166A71CCB219A00E39DE9 /* ECUserState.h */ = {isa = PBXFileReference; fileEncoding = 4; lastKnownFileType = sourcecode.c.h; path = ECUserState.h; sourceTree = "<group>"; };
		C23166A81CCB219A00E39DE9 /* ECVideoMessageBody.h */ = {isa = PBXFileReference; fileEncoding = 4; lastKnownFileType = sourcecode.c.h; path = ECVideoMessageBody.h; sourceTree = "<group>"; };
		C23166A91CCB219A00E39DE9 /* ECVoiceMessageBody.h */ = {isa = PBXFileReference; fileEncoding = 4; lastKnownFileType = sourcecode.c.h; path = ECVoiceMessageBody.h; sourceTree = "<group>"; };
		C23166AA1CCB219A00E39DE9 /* NetworkStatistic.h */ = {isa = PBXFileReference; fileEncoding = 4; lastKnownFileType = sourcecode.c.h; path = NetworkStatistic.h; sourceTree = "<group>"; };
		C23166AB1CCB219A00E39DE9 /* VoipCall.h */ = {isa = PBXFileReference; fileEncoding = 4; lastKnownFileType = sourcecode.c.h; path = VoipCall.h; sourceTree = "<group>"; };
		C23166AE1CCB228D00E39DE9 /* TimeLineFrame.h */ = {isa = PBXFileReference; fileEncoding = 4; lastKnownFileType = sourcecode.c.h; path = TimeLineFrame.h; sourceTree = "<group>"; };
		C23166AF1CCB228D00E39DE9 /* TimeLineFrame.m */ = {isa = PBXFileReference; fileEncoding = 4; lastKnownFileType = sourcecode.c.objc; path = TimeLineFrame.m; sourceTree = "<group>"; };
		C23166B01CCB228D00E39DE9 /* TimeLineModel.h */ = {isa = PBXFileReference; fileEncoding = 4; lastKnownFileType = sourcecode.c.h; path = TimeLineModel.h; sourceTree = "<group>"; };
		C23166B11CCB228D00E39DE9 /* TimeLineModel.m */ = {isa = PBXFileReference; fileEncoding = 4; lastKnownFileType = sourcecode.c.objc; path = TimeLineModel.m; sourceTree = "<group>"; };
		C23166B41CCB229600E39DE9 /* TimeLineCell.h */ = {isa = PBXFileReference; fileEncoding = 4; lastKnownFileType = sourcecode.c.h; path = TimeLineCell.h; sourceTree = "<group>"; };
		C23166B51CCB229600E39DE9 /* TimeLineCell.m */ = {isa = PBXFileReference; fileEncoding = 4; lastKnownFileType = sourcecode.c.objc; path = TimeLineCell.m; sourceTree = "<group>"; };
		C23166B81CCB24AF00E39DE9 /* 范冰冰.png */ = {isa = PBXFileReference; lastKnownFileType = image.png; path = "范冰冰.png"; sourceTree = "<group>"; };
		C23166B91CCB24AF00E39DE9 /* 高圆圆.png */ = {isa = PBXFileReference; lastKnownFileType = image.png; path = "高圆圆.png"; sourceTree = "<group>"; };
		C23166BA1CCB24AF00E39DE9 /* 林峰.png */ = {isa = PBXFileReference; lastKnownFileType = image.png; path = "林峰.png"; sourceTree = "<group>"; };
		C23166BB1CCB24AF00E39DE9 /* addPictures.png */ = {isa = PBXFileReference; lastKnownFileType = image.png; path = addPictures.png; sourceTree = "<group>"; };
		C23166BC1CCB24AF00E39DE9 /* background.jpg */ = {isa = PBXFileReference; lastKnownFileType = image.jpeg; path = background.jpg; sourceTree = "<group>"; };
		C23166BD1CCB24AF00E39DE9 /* buttonSend@2x.png */ = {isa = PBXFileReference; lastKnownFileType = image.png; path = "buttonSend@2x.png"; sourceTree = "<group>"; };
		C23166BE1CCB24AF00E39DE9 /* FamilyGroup.plist */ = {isa = PBXFileReference; fileEncoding = 4; lastKnownFileType = text.plist.xml; path = FamilyGroup.plist; sourceTree = "<group>"; };
		C23166BF1CCB24AF00E39DE9 /* headicon.png */ = {isa = PBXFileReference; lastKnownFileType = image.png; path = headicon.png; sourceTree = "<group>"; };
		C23166C01CCB24AF00E39DE9 /* location.png */ = {isa = PBXFileReference; lastKnownFileType = image.png; path = location.png; sourceTree = "<group>"; };
		C23166C11CCB24AF00E39DE9 /* picture1.png */ = {isa = PBXFileReference; lastKnownFileType = image.png; path = picture1.png; sourceTree = "<group>"; };
		C23166C21CCB24AF00E39DE9 /* picture2.png */ = {isa = PBXFileReference; lastKnownFileType = image.png; path = picture2.png; sourceTree = "<group>"; };
		C23166C31CCB24AF00E39DE9 /* picture3.png */ = {isa = PBXFileReference; lastKnownFileType = image.png; path = picture3.png; sourceTree = "<group>"; };
		C23166C41CCB24AF00E39DE9 /* picture4.png */ = {isa = PBXFileReference; lastKnownFileType = image.png; path = picture4.png; sourceTree = "<group>"; };
		C23166C51CCB24AF00E39DE9 /* reply.png */ = {isa = PBXFileReference; lastKnownFileType = image.png; path = reply.png; sourceTree = "<group>"; };
		C23166C61CCB24AF00E39DE9 /* seen.png */ = {isa = PBXFileReference; lastKnownFileType = image.png; path = seen.png; sourceTree = "<group>"; };
		EEDFBC959DFB9DD69D2409AB /* libPods.a */ = {isa = PBXFileReference; explicitFileType = archive.ar; includeInIndex = 0; path = libPods.a; sourceTree = BUILT_PRODUCTS_DIR; };
/* End PBXFileReference section */

/* Begin PBXFrameworksBuildPhase section */
		3CA385DC1CC467AC008B6CFC /* Frameworks */ = {
			isa = PBXFrameworksBuildPhase;
			buildActionMask = 2147483647;
			files = (
				3CA387A11CC476C9008B6CFC /* AVFoundation.framework in Frameworks */,
				3CA3879F1CC476C4008B6CFC /* CoreGraphics.framework in Frameworks */,
				3CA3879D1CC476BF008B6CFC /* AudioToolbox.framework in Frameworks */,
				C23166AD1CCB219A00E39DE9 /* libCCPiPhoneSDK_FullLib.a in Frameworks */,
				3CA3879B1CC476B8008B6CFC /* MobileCoreServices.framework in Frameworks */,
				3CA387991CC476B2008B6CFC /* SystemConfiguration.framework in Frameworks */,
				3CA387971CC476AC008B6CFC /* CFNetwork.framework in Frameworks */,
				3CA387951CC476A6008B6CFC /* MediaPlayer.framework in Frameworks */,
				3CA387931CC476A2008B6CFC /* CoreTelephony.framework in Frameworks */,
				3CA387911CC4768C008B6CFC /* libstdc++.6.0.9.tbd in Frameworks */,
				3CA3878F1CC4767F008B6CFC /* libz.tbd in Frameworks */,
				3CA3878D1CC47679008B6CFC /* libsqlite3.tbd in Frameworks */,
				3CA3878B1CC47672008B6CFC /* libicucore.tbd in Frameworks */,
				42D6AE3F901201BC44806FA2 /* libPods.a in Frameworks */,
			);
			runOnlyForDeploymentPostprocessing = 0;
		};
		3CA385F51CC467AC008B6CFC /* Frameworks */ = {
			isa = PBXFrameworksBuildPhase;
			buildActionMask = 2147483647;
			files = (
			);
			runOnlyForDeploymentPostprocessing = 0;
		};
/* End PBXFrameworksBuildPhase section */

/* Begin PBXGroup section */
		3CA385D61CC467AC008B6CFC = {
			isa = PBXGroup;
			children = (
				3CA385E11CC467AC008B6CFC /* HeySay */,
				3CA385FB1CC467AC008B6CFC /* HeySayTests */,
				3CA385E01CC467AC008B6CFC /* Products */,
				507D63713C583AA257E4FA7A /* Pods */,
				EC0A82692D6F649CB56E0C88 /* Frameworks */,
			);
			sourceTree = "<group>";
		};
		3CA385E01CC467AC008B6CFC /* Products */ = {
			isa = PBXGroup;
			children = (
				3CA385DF1CC467AC008B6CFC /* HeySay.app */,
				3CA385F81CC467AC008B6CFC /* HeySayTests.xctest */,
			);
			name = Products;
			sourceTree = "<group>";
		};
		3CA385E11CC467AC008B6CFC /* HeySay */ = {
			isa = PBXGroup;
			children = (
				3CA387521CC47490008B6CFC /* Classes */,
				3CCCDB981CD1A26A005C5465 /* Wellcom */,
				3CA385E51CC467AC008B6CFC /* AppDelegate.h */,
				3CA385E61CC467AC008B6CFC /* AppDelegate.mm */,
				3CA387621CC47490008B6CFC /* ViewController.h */,
				3CA387631CC47490008B6CFC /* ViewController.m */,
				3CCD01E01CC678FC004C5703 /* Main.storyboard */,
				3C20B9091CCCDC49006170F4 /* Assets.xcassets */,
				3CA385F01CC467AC008B6CFC /* LaunchScreen.storyboard */,
				3CA385F31CC467AC008B6CFC /* Info.plist */,
				C231666D1CCB219A00E39DE9 /* SDK */,
				3CA387381CC473F5008B6CFC /* Source */,
				3CA386491CC473B3008B6CFC /* thirdparty */,
				3CA3871F1CC473F5008B6CFC /* FrameWorks */,
				3CA385E21CC467AC008B6CFC /* Supporting Files */,
			);
			path = HeySay;
			sourceTree = "<group>";
		};
		3CA385E21CC467AC008B6CFC /* Supporting Files */ = {
			isa = PBXGroup;
			children = (
				3CA387891CC47521008B6CFC /* HeySay.pch */,
				3CA385E31CC467AC008B6CFC /* main.m */,
			);
			name = "Supporting Files";
			sourceTree = "<group>";
		};
		3CA385FB1CC467AC008B6CFC /* HeySayTests */ = {
			isa = PBXGroup;
			children = (
				3CA385FC1CC467AC008B6CFC /* HeySayTests.m */,
				3CA385FE1CC467AC008B6CFC /* Info.plist */,
			);
			path = HeySayTests;
			sourceTree = "<group>";
		};
		3CA386491CC473B3008B6CFC /* thirdparty */ = {
			isa = PBXGroup;
			children = (
				3CA8F4B41CC9C8E200B96088 /* MBProgressHUD */,
				3CA386B71CC473B3008B6CFC /* Pinyin */,
			);
			path = thirdparty;
			sourceTree = "<group>";
		};
		3CA386B71CC473B3008B6CFC /* Pinyin */ = {
			isa = PBXGroup;
			children = (
				3CA386B81CC473B3008B6CFC /* KCPinyinHelper.h */,
				3CA386B91CC473B3008B6CFC /* KCPinyinHelper.m */,
			);
			path = Pinyin;
			sourceTree = "<group>";
		};
		3CA3871F1CC473F5008B6CFC /* FrameWorks */ = {
			isa = PBXGroup;
			children = (
				3CA387A01CC476C9008B6CFC /* AVFoundation.framework */,
				3CA3879E1CC476C4008B6CFC /* CoreGraphics.framework */,
				3CA3879C1CC476BF008B6CFC /* AudioToolbox.framework */,
				3CA3879A1CC476B8008B6CFC /* MobileCoreServices.framework */,
				3CA387981CC476B2008B6CFC /* SystemConfiguration.framework */,
				3CA387961CC476AC008B6CFC /* CFNetwork.framework */,
				3CA387941CC476A6008B6CFC /* MediaPlayer.framework */,
				3CA387921CC476A2008B6CFC /* CoreTelephony.framework */,
				3CA387901CC4768C008B6CFC /* libstdc++.6.0.9.tbd */,
				3CA3878E1CC4767F008B6CFC /* libz.tbd */,
				3CA3878C1CC47679008B6CFC /* libsqlite3.tbd */,
				3CA3878A1CC47672008B6CFC /* libicucore.tbd */,
			);
			path = FrameWorks;
			sourceTree = "<group>";
		};
		3CA387381CC473F5008B6CFC /* Source */ = {
			isa = PBXGroup;
			children = (
				3CCCDBAE1CD1BA35005C5465 /* 5174f7aa15e99af391d797a7f2b6cb58.jpeg */,
				3CCCDBAC1CD1B046005C5465 /* pic-5285-9-1080x1920.jpg */,
				3CCCDBAA1CD1AEC0005C5465 /* 10279353.jpg */,
				3C80135C1CC7BEEA005F3027 /* 占位头像.png */,
				3CCD01821CC60E87004C5703 /* 用户2.png */,
				3CCD01741CC5DF4D004C5703 /* chat_receiver_bg@2x.png */,
				3CCD01751CC5DF4D004C5703 /* chat_sender_bg@2x.png */,
				3CCD01881CC61A90004C5703 /* backgroundImg01.jpg */,
				3CA387391CC473F5008B6CFC /* LoginBackgroundImg.png */,
			);
			path = Source;
			sourceTree = "<group>";
		};
		3CA387521CC47490008B6CFC /* Classes */ = {
			isa = PBXGroup;
			children = (
				3CCD01901CC658DA004C5703 /* MainTabBarController */,
				3CA387E71CC51250008B6CFC /* Tools */,
				3CA387531CC47490008B6CFC /* Chat */,
				3CA3875A1CC47490008B6CFC /* Friends */,
				3CA387611CC47490008B6CFC /* Login&Register */,
				3CA387641CC47490008B6CFC /* Mine */,
				3CA3876B1CC47490008B6CFC /* Session */,
				3CA387721CC47490008B6CFC /* TimeLine */,
			);
			path = Classes;
			sourceTree = "<group>";
		};
		3CA387531CC47490008B6CFC /* Chat */ = {
			isa = PBXGroup;
			children = (
				3CA387541CC47490008B6CFC /* Controller */,
				3CA387561CC47490008B6CFC /* Model */,
				3CA387581CC47490008B6CFC /* Views */,
			);
			path = Chat;
			sourceTree = "<group>";
		};
		3CA387541CC47490008B6CFC /* Controller */ = {
			isa = PBXGroup;
			children = (
				3CA387551CC47490008B6CFC /* .gitignore */,
				3CA387A21CC4E1B1008B6CFC /* ChatViewController.h */,
				3CA387A31CC4E1B1008B6CFC /* ChatViewController.m */,
				3CA387A41CC4E1B1008B6CFC /* ChatViewController.xib */,
			);
			path = Controller;
			sourceTree = "<group>";
		};
		3CA387561CC47490008B6CFC /* Model */ = {
			isa = PBXGroup;
			children = (
				3CA387571CC47490008B6CFC /* .gitignore */,
				3CD073341CCF61F5008ADF21 /* ChatLogModel.h */,
				3CD073351CCF61F5008ADF21 /* ChatLogModel.m */,
			);
			path = Model;
			sourceTree = "<group>";
		};
		3CA387581CC47490008B6CFC /* Views */ = {
			isa = PBXGroup;
			children = (
				3CA387591CC47490008B6CFC /* .gitignore */,
				3CA387AC1CC4E498008B6CFC /* ChatKeyBoardInputView.h */,
				3CA387AD1CC4E498008B6CFC /* ChatKeyBoardInputView.m */,
				3CA387FA1CC517B4008B6CFC /* MessageTableViewCell.h */,
				3CA387FB1CC517B4008B6CFC /* MessageTableViewCell.m */,
			);
			path = Views;
			sourceTree = "<group>";
		};
		3CA3875A1CC47490008B6CFC /* Friends */ = {
			isa = PBXGroup;
			children = (
				3CA3875B1CC47490008B6CFC /* Controller */,
				3CA3875D1CC47490008B6CFC /* Model */,
				3CA3875F1CC47490008B6CFC /* Views */,
			);
			path = Friends;
			sourceTree = "<group>";
		};
		3CA3875B1CC47490008B6CFC /* Controller */ = {
			isa = PBXGroup;
			children = (
				3CA3875C1CC47490008B6CFC /* .gitignore */,
				3CA8F4B91CCA48D100B96088 /* FriendsViewController.h */,
				3CA8F4BA1CCA48D100B96088 /* FriendsViewController.m */,
				3CC084B31CCDB9E90006D71C /* AddFriendsViewController.h */,
				3CC084B41CCDB9E90006D71C /* AddFriendsViewController.m */,
				3CC084BE1CCDBCDC0006D71C /* AddFriendsViewController.xib */,
			);
			path = Controller;
			sourceTree = "<group>";
		};
		3CA3875D1CC47490008B6CFC /* Model */ = {
			isa = PBXGroup;
			children = (
				3CC084B91CCDBC640006D71C /* FriendModel.h */,
				3CC084BA1CCDBC640006D71C /* FriendModel.m */,
				3CA3875E1CC47490008B6CFC /* .gitignore */,
			);
			path = Model;
			sourceTree = "<group>";
		};
		3CA3875F1CC47490008B6CFC /* Views */ = {
			isa = PBXGroup;
			children = (
				3CA387601CC47490008B6CFC /* .gitignore */,
				3CC084C01CCE17790006D71C /* FriendTableViewCell.h */,
				3CC084C11CCE17790006D71C /* FriendTableViewCell.m */,
				3CC084C21CCE17790006D71C /* FriendTableViewCell.xib */,
			);
			path = Views;
			sourceTree = "<group>";
		};
		3CA387611CC47490008B6CFC /* Login&Register */ = {
			isa = PBXGroup;
			children = (
				3CCD017F1CC60BDD004C5703 /* RegisterViewController.h */,
				3CCD01801CC60BDD004C5703 /* RegisterViewController.m */,
			);
			path = "Login&Register";
			sourceTree = "<group>";
		};
		3CA387641CC47490008B6CFC /* Mine */ = {
			isa = PBXGroup;
			children = (
				3CA387651CC47490008B6CFC /* Controller */,
				3CA387671CC47490008B6CFC /* Model */,
				3CA387691CC47490008B6CFC /* Views */,
			);
			path = Mine;
			sourceTree = "<group>";
		};
		3CA387651CC47490008B6CFC /* Controller */ = {
			isa = PBXGroup;
			children = (
				3CA387661CC47490008B6CFC /* .gitignore */,
				3CCD01941CC65A67004C5703 /* MineViewController.h */,
				3CCD01951CC65A67004C5703 /* MineViewController.m */,
				3CF4AE6E1CD10A3100462255 /* PersonInfoViewController.h */,
				3CF4AE6F1CD10A3100462255 /* PersonInfoViewController.m */,
				3CF4AE701CD10A3100462255 /* PersonInfoViewController.xib */,
				3CF4AE731CD10A4300462255 /* AboutUsViewController.h */,
				3CF4AE741CD10A4300462255 /* AboutUsViewController.m */,
				3CF4AE751CD10A4300462255 /* AboutUsViewController.xib */,
			);
			path = Controller;
			sourceTree = "<group>";
		};
		3CA387671CC47490008B6CFC /* Model */ = {
			isa = PBXGroup;
			children = (
				3CA387681CC47490008B6CFC /* .gitignore */,
			);
			path = Model;
			sourceTree = "<group>";
		};
		3CA387691CC47490008B6CFC /* Views */ = {
			isa = PBXGroup;
			children = (
				3CA3876A1CC47490008B6CFC /* .gitignore */,
			);
			path = Views;
			sourceTree = "<group>";
		};
		3CA3876B1CC47490008B6CFC /* Session */ = {
			isa = PBXGroup;
			children = (
				3CA3876C1CC47490008B6CFC /* Controller */,
				3CA3876E1CC47490008B6CFC /* Model */,
				3CA387701CC47490008B6CFC /* Views */,
			);
			path = Session;
			sourceTree = "<group>";
		};
		3CA3876C1CC47490008B6CFC /* Controller */ = {
			isa = PBXGroup;
			children = (
				3CA3876D1CC47490008B6CFC /* .gitignore */,
				3CA387A71CC4E29D008B6CFC /* SessionViewController.h */,
				3CA387A81CC4E29D008B6CFC /* SessionViewController.m */,
				3CA387A91CC4E29D008B6CFC /* SessionViewController.xib */,
			);
			path = Controller;
			sourceTree = "<group>";
		};
		3CA3876E1CC47490008B6CFC /* Model */ = {
			isa = PBXGroup;
			children = (
				3CA3876F1CC47490008B6CFC /* .gitignore */,
				3CD0735D1CCFAB57008ADF21 /* SessionModel.h */,
				3CD0735E1CCFAB57008ADF21 /* SessionModel.m */,
			);
			path = Model;
			sourceTree = "<group>";
		};
		3CA387701CC47490008B6CFC /* Views */ = {
			isa = PBXGroup;
			children = (
				3CA387711CC47490008B6CFC /* .gitignore */,
				3CF4AE611CD0A33F00462255 /* SessionTableViewCell.h */,
				3CF4AE621CD0A33F00462255 /* SessionTableViewCell.m */,
				3CF4AE631CD0A33F00462255 /* SessionTableViewCell.xib */,
			);
			path = Views;
			sourceTree = "<group>";
		};
		3CA387721CC47490008B6CFC /* TimeLine */ = {
			isa = PBXGroup;
			children = (
				C23166B71CCB247300E39DE9 /* 111111 */,
				3CA387731CC47490008B6CFC /* Controller */,
				3CA387751CC47490008B6CFC /* Model */,
				3CA387771CC47490008B6CFC /* Views */,
			);
			path = TimeLine;
			sourceTree = "<group>";
		};
		3CA387731CC47490008B6CFC /* Controller */ = {
			isa = PBXGroup;
			children = (
				3CA387741CC47490008B6CFC /* .gitignore */,
				3C2758071CCB1BD900E2FFCF /* TimeLineTableViewController.h */,
				3C2758081CCB1BD900E2FFCF /* TimeLineTableViewController.m */,
			);
			path = Controller;
			sourceTree = "<group>";
		};
		3CA387751CC47490008B6CFC /* Model */ = {
			isa = PBXGroup;
			children = (
				C23166AE1CCB228D00E39DE9 /* TimeLineFrame.h */,
				C23166AF1CCB228D00E39DE9 /* TimeLineFrame.m */,
				C23166B01CCB228D00E39DE9 /* TimeLineModel.h */,
				C23166B11CCB228D00E39DE9 /* TimeLineModel.m */,
				3CA387761CC47490008B6CFC /* .gitignore */,
			);
			path = Model;
			sourceTree = "<group>";
		};
		3CA387771CC47490008B6CFC /* Views */ = {
			isa = PBXGroup;
			children = (
				C23166B41CCB229600E39DE9 /* TimeLineCell.h */,
				C23166B51CCB229600E39DE9 /* TimeLineCell.m */,
				3CA387781CC47490008B6CFC /* .gitignore */,
			);
			path = Views;
			sourceTree = "<group>";
		};
		3CA387E71CC51250008B6CFC /* Tools */ = {
			isa = PBXGroup;
			children = (
				3CBECFAE1CC8BCC700B83B5F /* Category */,
				3CCD01791CC6058E004C5703 /* DeviceDelegateHelper.h */,
				3CCD01781CC6058E004C5703 /* DeviceDelegateHelper.m */,
				3CD073371CCF6278008ADF21 /* ChatLogManager.h */,
				3CD073381CCF6278008ADF21 /* ChatLogManager.m */,
				3CF4AE661CD0A7BF00462255 /* SessionListManager.h */,
				3CF4AE671CD0A7BF00462255 /* SessionListManager.m */,
				3CBECFAB1CC8826300B83B5F /* LeanCloudManager.h */,
				3CBECFAC1CC8826300B83B5F /* LeanCloudManager.m */,
				3CBECFB81CC90EE300B83B5F /* UserModel.h */,
				3CBECFB91CC90EE300B83B5F /* UserModel.m */,
			);
			path = Tools;
			sourceTree = "<group>";
		};
		3CA8F4B41CC9C8E200B96088 /* MBProgressHUD */ = {
			isa = PBXGroup;
			children = (
				3CA8F4B51CC9C8E200B96088 /* MBProgressHUD.h */,
				3CA8F4B61CC9C8E200B96088 /* MBProgressHUD.m */,
			);
			path = MBProgressHUD;
			sourceTree = "<group>";
		};
		3CBECFAE1CC8BCC700B83B5F /* Category */ = {
			isa = PBXGroup;
			children = (
				3CBECFAF1CC8BCC700B83B5F /* NSString+DocumentPath.h */,
				3CBECFB01CC8BCC700B83B5F /* NSString+DocumentPath.m */,
				3CBECFB11CC8BCC700B83B5F /* NSString+MD5.h */,
				3CBECFB21CC8BCC700B83B5F /* NSString+MD5.m */,
			);
			path = Category;
			sourceTree = "<group>";
		};
		3CCCDB981CD1A26A005C5465 /* Wellcom */ = {
			isa = PBXGroup;
			children = (
				3CCCDB9F1CD1A2FC005C5465 /* LaunchScreenViewController.h */,
				3CCCDBA01CD1A2FC005C5465 /* LaunchScreenViewController.m */,
			);
			name = Wellcom;
			path = Classes/TimeLine/Wellcom;
			sourceTree = "<group>";
		};
		3CCD01901CC658DA004C5703 /* MainTabBarController */ = {
			isa = PBXGroup;
			children = (
				3CCD01911CC65902004C5703 /* MainTabBarController.h */,
				3CCD01921CC65902004C5703 /* MainTabBarController.m */,
			);
			path = MainTabBarController;
			sourceTree = "<group>";
		};
		507D63713C583AA257E4FA7A /* Pods */ = {
			isa = PBXGroup;
			children = (
				8182D54A00801ECC9D21F5FF /* Pods.debug.xcconfig */,
				781EE794A961C6017E0DEDB5 /* Pods.release.xcconfig */,
			);
			name = Pods;
			sourceTree = "<group>";
		};
		C231666D1CCB219A00E39DE9 /* SDK */ = {
			isa = PBXGroup;
			children = (
				C231666E1CCB219A00E39DE9 /* YTX_iOS_Full_SDK_v5.2.0r8 */,
			);
			path = SDK;
			sourceTree = "<group>";
		};
		C231666E1CCB219A00E39DE9 /* YTX_iOS_Full_SDK_v5.2.0r8 */ = {
			isa = PBXGroup;
			children = (
				C231666F1CCB219A00E39DE9 /* CCPSDKBundle.bundle */,
				C23166701CCB219A00E39DE9 /* Delegate */,
				C231667A1CCB219A00E39DE9 /* ECDevice.h */,
				C231667B1CCB219A00E39DE9 /* ECDeviceDelegate.h */,
				C231667C1CCB219A00E39DE9 /* ECDeviceHeaders.h */,
				C231667D1CCB219A00E39DE9 /* enums */,
				C231667F1CCB219A00E39DE9 /* lib */,
				C23166811CCB219A00E39DE9 /* Manager */,
				C231668B1CCB219A00E39DE9 /* types */,
			);
			path = YTX_iOS_Full_SDK_v5.2.0r8;
			sourceTree = "<group>";
		};
		C23166701CCB219A00E39DE9 /* Delegate */ = {
			isa = PBXGroup;
			children = (
				C23166711CCB219A00E39DE9 /* ECChatDelegate.h */,
				C23166721CCB219A00E39DE9 /* ECDelegateBase.h */,
				C23166731CCB219A00E39DE9 /* ECDeskDelegate.h */,
				C23166741CCB219A00E39DE9 /* ECGroupDelegate.h */,
				C23166751CCB219A00E39DE9 /* ECMeetingDelegate.h */,
				C23166761CCB219A00E39DE9 /* ECMessageDelegate.h */,
				C23166771CCB219A00E39DE9 /* ECNetworkDelegate.h */,
				C23166781CCB219A00E39DE9 /* ECSystemDelegate.h */,
				C23166791CCB219A00E39DE9 /* ECVoIPCallDelegate.h */,
			);
			path = Delegate;
			sourceTree = "<group>";
		};
		C231667D1CCB219A00E39DE9 /* enums */ = {
			isa = PBXGroup;
			children = (
				C231667E1CCB219A00E39DE9 /* ECEnumDefs.h */,
			);
			path = enums;
			sourceTree = "<group>";
		};
		C231667F1CCB219A00E39DE9 /* lib */ = {
			isa = PBXGroup;
			children = (
				C23166801CCB219A00E39DE9 /* libCCPiPhoneSDK_FullLib.a */,
			);
			path = lib;
			sourceTree = "<group>";
		};
		C23166811CCB219A00E39DE9 /* Manager */ = {
			isa = PBXGroup;
			children = (
				C23166821CCB219A00E39DE9 /* ECChatManager.h */,
				C23166831CCB219A00E39DE9 /* ECDeskManager.h */,
				C23166841CCB219A00E39DE9 /* ECGroupManager.h */,
				C23166851CCB219A00E39DE9 /* ECManagerBase.h */,
				C23166861CCB219A00E39DE9 /* ECMeetingManager.h */,
				C23166871CCB219A00E39DE9 /* ECMessageManager.h */,
				C23166881CCB219A00E39DE9 /* ECVoIPCallManager.h */,
				C23166891CCB219A00E39DE9 /* ECVoIPManager.h */,
				C231668A1CCB219A00E39DE9 /* ECVoIPSetManager.h */,
			);
			path = Manager;
			sourceTree = "<group>";
		};
		C231668B1CCB219A00E39DE9 /* types */ = {
			isa = PBXGroup;
			children = (
				C231668C1CCB219A00E39DE9 /* CameraDeviceInfo.h */,
				C231668D1CCB219A00E39DE9 /* ECAudioConfig.h */,
				C231668E1CCB219A00E39DE9 /* ECCallMessageBody.h */,
				C231668F1CCB219A00E39DE9 /* ECCreateMeetingParams.h */,
				C23166901CCB219A00E39DE9 /* ECError.h */,
				C23166911CCB219A00E39DE9 /* ECFileMessageBody.h */,
				C23166921CCB219A00E39DE9 /* ECGroup.h */,
				C23166931CCB219A00E39DE9 /* ECGroupMatch.h */,
				C23166941CCB219A00E39DE9 /* ECGroupMember.h */,
				C23166951CCB219A00E39DE9 /* ECGroupNoticeMessage.h */,
				C23166961CCB219A00E39DE9 /* ECGroupOption.h */,
				C23166971CCB219A00E39DE9 /* ECImageMessageBody.h */,
				C23166981CCB219A00E39DE9 /* ECInterphoneMeetingMsg.h */,
				C23166991CCB219A00E39DE9 /* ECLocationMessageBody.h */,
				C231669A1CCB219A00E39DE9 /* ECLoginInfo.h */,
				C231669B1CCB219A00E39DE9 /* ECMeetingMember.h */,
				C231669C1CCB219A00E39DE9 /* ECMeetingRoom.h */,
				C231669D1CCB219A00E39DE9 /* ECMessage.h */,
				C231669E1CCB219A00E39DE9 /* ECMessageBody.h */,
				C231669F1CCB219A00E39DE9 /* ECMessageNotifyMsg.h */,
				C23166A01CCB219A00E39DE9 /* ECMultiDeviceState.h */,
				C23166A11CCB219A00E39DE9 /* ECMultiVideoMeetingMsg.h */,
				C23166A21CCB219A00E39DE9 /* ECMultiVoiceMeetingMsg.h */,
				C23166A31CCB219A00E39DE9 /* ECPersonInfo.h */,
				C23166A41CCB219A00E39DE9 /* ECProgressDelegate.h */,
				C23166A51CCB219A00E39DE9 /* ECSountTouchConfig.h */,
				C23166A61CCB219A00E39DE9 /* ECTextMessageBody.h */,
				C23166A71CCB219A00E39DE9 /* ECUserState.h */,
				C23166A81CCB219A00E39DE9 /* ECVideoMessageBody.h */,
				C23166A91CCB219A00E39DE9 /* ECVoiceMessageBody.h */,
				C23166AA1CCB219A00E39DE9 /* NetworkStatistic.h */,
				C23166AB1CCB219A00E39DE9 /* VoipCall.h */,
			);
			path = types;
			sourceTree = "<group>";
		};
		C23166B71CCB247300E39DE9 /* 111111 */ = {
			isa = PBXGroup;
			children = (
				C23166B81CCB24AF00E39DE9 /* 范冰冰.png */,
				C23166B91CCB24AF00E39DE9 /* 高圆圆.png */,
				C23166BA1CCB24AF00E39DE9 /* 林峰.png */,
				C23166BB1CCB24AF00E39DE9 /* addPictures.png */,
				C23166BC1CCB24AF00E39DE9 /* background.jpg */,
				C23166BD1CCB24AF00E39DE9 /* buttonSend@2x.png */,
				C23166BE1CCB24AF00E39DE9 /* FamilyGroup.plist */,
				C23166BF1CCB24AF00E39DE9 /* headicon.png */,
				C23166C01CCB24AF00E39DE9 /* location.png */,
				C23166C11CCB24AF00E39DE9 /* picture1.png */,
				C23166C21CCB24AF00E39DE9 /* picture2.png */,
				C23166C31CCB24AF00E39DE9 /* picture3.png */,
				C23166C41CCB24AF00E39DE9 /* picture4.png */,
				C23166C51CCB24AF00E39DE9 /* reply.png */,
				C23166C61CCB24AF00E39DE9 /* seen.png */,
			);
			path = 111111;
			sourceTree = "<group>";
		};
		EC0A82692D6F649CB56E0C88 /* Frameworks */ = {
			isa = PBXGroup;
			children = (
				EEDFBC959DFB9DD69D2409AB /* libPods.a */,
			);
			name = Frameworks;
			sourceTree = "<group>";
		};
/* End PBXGroup section */

/* Begin PBXNativeTarget section */
		3CA385DE1CC467AC008B6CFC /* HeySay */ = {
			isa = PBXNativeTarget;
			buildConfigurationList = 3CA386011CC467AC008B6CFC /* Build configuration list for PBXNativeTarget "HeySay" */;
			buildPhases = (
				F2A6CAA30FBDBA5BD982FDF6 /* Check Pods Manifest.lock */,
				3CA385DB1CC467AC008B6CFC /* Sources */,
				3CA385DC1CC467AC008B6CFC /* Frameworks */,
				3CA385DD1CC467AC008B6CFC /* Resources */,
				47DEAF628D4E824C0AD4B3D7 /* Embed Pods Frameworks */,
				140FD12FEEE9FADC67DED594 /* Copy Pods Resources */,
			);
			buildRules = (
			);
			dependencies = (
			);
			name = HeySay;
			productName = HeySay;
			productReference = 3CA385DF1CC467AC008B6CFC /* HeySay.app */;
			productType = "com.apple.product-type.application";
		};
		3CA385F71CC467AC008B6CFC /* HeySayTests */ = {
			isa = PBXNativeTarget;
			buildConfigurationList = 3CA386041CC467AC008B6CFC /* Build configuration list for PBXNativeTarget "HeySayTests" */;
			buildPhases = (
				3CA385F41CC467AC008B6CFC /* Sources */,
				3CA385F51CC467AC008B6CFC /* Frameworks */,
				3CA385F61CC467AC008B6CFC /* Resources */,
			);
			buildRules = (
			);
			dependencies = (
				3CA385FA1CC467AC008B6CFC /* PBXTargetDependency */,
			);
			name = HeySayTests;
			productName = HeySayTests;
			productReference = 3CA385F81CC467AC008B6CFC /* HeySayTests.xctest */;
			productType = "com.apple.product-type.bundle.unit-test";
		};
/* End PBXNativeTarget section */

/* Begin PBXProject section */
		3CA385D71CC467AC008B6CFC /* Project object */ = {
			isa = PBXProject;
			attributes = {
				LastUpgradeCheck = 0730;
				ORGANIZATIONNAME = ChinaChong;
				TargetAttributes = {
					3CA385DE1CC467AC008B6CFC = {
						CreatedOnToolsVersion = 7.3;
						DevelopmentTeam = TA5737D738;
					};
					3CA385F71CC467AC008B6CFC = {
						CreatedOnToolsVersion = 7.3;
						DevelopmentTeam = TA5737D738;
						TestTargetID = 3CA385DE1CC467AC008B6CFC;
					};
				};
			};
			buildConfigurationList = 3CA385DA1CC467AC008B6CFC /* Build configuration list for PBXProject "HeySay" */;
			compatibilityVersion = "Xcode 3.2";
			developmentRegion = English;
			hasScannedForEncodings = 0;
			knownRegions = (
				en,
				Base,
			);
			mainGroup = 3CA385D61CC467AC008B6CFC;
			productRefGroup = 3CA385E01CC467AC008B6CFC /* Products */;
			projectDirPath = "";
			projectRoot = "";
			targets = (
				3CA385DE1CC467AC008B6CFC /* HeySay */,
				3CA385F71CC467AC008B6CFC /* HeySayTests */,
			);
		};
/* End PBXProject section */

/* Begin PBXResourcesBuildPhase section */
		3CA385DD1CC467AC008B6CFC /* Resources */ = {
			isa = PBXResourcesBuildPhase;
			buildActionMask = 2147483647;
			files = (
				C23166C91CCB24AF00E39DE9 /* 林峰.png in Resources */,
				3CF4AE721CD10A3100462255 /* PersonInfoViewController.xib in Resources */,
				3CA387811CC47490008B6CFC /* .gitignore in Resources */,
				C23166CD1CCB24AF00E39DE9 /* FamilyGroup.plist in Resources */,
				3CCD01891CC61A90004C5703 /* backgroundImg01.jpg in Resources */,
				3C20B90A1CCCDC49006170F4 /* Assets.xcassets in Resources */,
				C23166CF1CCB24AF00E39DE9 /* location.png in Resources */,
				C23166CE1CCB24AF00E39DE9 /* headicon.png in Resources */,
				3CA387821CC47490008B6CFC /* .gitignore in Resources */,
				C23166AC1CCB219A00E39DE9 /* CCPSDKBundle.bundle in Resources */,
				3CCCDBAD1CD1B046005C5465 /* pic-5285-9-1080x1920.jpg in Resources */,
				3C80135D1CC7BEEA005F3027 /* 占位头像.png in Resources */,
				C23166C71CCB24AF00E39DE9 /* 范冰冰.png in Resources */,
				C23166C81CCB24AF00E39DE9 /* 高圆圆.png in Resources */,
				3CA387A61CC4E1B1008B6CFC /* ChatViewController.xib in Resources */,
				3CCD01771CC5DF4D004C5703 /* chat_sender_bg@2x.png in Resources */,
				3CCCDBAB1CD1AEC0005C5465 /* 10279353.jpg in Resources */,
				C23166CA1CCB24AF00E39DE9 /* addPictures.png in Resources */,
				3CA3877C1CC47490008B6CFC /* .gitignore in Resources */,
				3CCD01E11CC678FC004C5703 /* Main.storyboard in Resources */,
				3CC084BF1CCDBCDC0006D71C /* AddFriendsViewController.xib in Resources */,
				3CA387831CC47490008B6CFC /* .gitignore in Resources */,
				3CA387841CC47490008B6CFC /* .gitignore in Resources */,
				3CA387881CC47490008B6CFC /* .gitignore in Resources */,
				3CA385F21CC467AC008B6CFC /* LaunchScreen.storyboard in Resources */,
				3CCCDBAF1CD1BA35005C5465 /* 5174f7aa15e99af391d797a7f2b6cb58.jpeg in Resources */,
				3CA3877D1CC47490008B6CFC /* .gitignore in Resources */,
				C23166D11CCB24AF00E39DE9 /* picture2.png in Resources */,
				C23166D21CCB24AF00E39DE9 /* picture3.png in Resources */,
				3CF4AE771CD10A4300462255 /* AboutUsViewController.xib in Resources */,
				3CA387861CC47490008B6CFC /* .gitignore in Resources */,
				3CA387AB1CC4E29D008B6CFC /* SessionViewController.xib in Resources */,
				3CCD01831CC60E87004C5703 /* 用户2.png in Resources */,
				3CCD01761CC5DF4D004C5703 /* chat_receiver_bg@2x.png in Resources */,
				C23166CC1CCB24AF00E39DE9 /* buttonSend@2x.png in Resources */,
				3CA3877A1CC47490008B6CFC /* .gitignore in Resources */,
				3CA387801CC47490008B6CFC /* .gitignore in Resources */,
				C23166D41CCB24AF00E39DE9 /* reply.png in Resources */,
				3CA387851CC47490008B6CFC /* .gitignore in Resources */,
				C23166D01CCB24AF00E39DE9 /* picture1.png in Resources */,
				3CF4AE651CD0A33F00462255 /* SessionTableViewCell.xib in Resources */,
				3CA3874E1CC473F5008B6CFC /* LoginBackgroundImg.png in Resources */,
				3CA3877B1CC47490008B6CFC /* .gitignore in Resources */,
				3CA387791CC47490008B6CFC /* .gitignore in Resources */,
				C23166CB1CCB24AF00E39DE9 /* background.jpg in Resources */,
				C23166D51CCB24AF00E39DE9 /* seen.png in Resources */,
				3CA3877E1CC47490008B6CFC /* .gitignore in Resources */,
				3CA387871CC47490008B6CFC /* .gitignore in Resources */,
				C23166D31CCB24AF00E39DE9 /* picture4.png in Resources */,
				3CC084C41CCE17790006D71C /* FriendTableViewCell.xib in Resources */,
			);
			runOnlyForDeploymentPostprocessing = 0;
		};
		3CA385F61CC467AC008B6CFC /* Resources */ = {
			isa = PBXResourcesBuildPhase;
			buildActionMask = 2147483647;
			files = (
			);
			runOnlyForDeploymentPostprocessing = 0;
		};
/* End PBXResourcesBuildPhase section */

/* Begin PBXShellScriptBuildPhase section */
		140FD12FEEE9FADC67DED594 /* Copy Pods Resources */ = {
			isa = PBXShellScriptBuildPhase;
			buildActionMask = 2147483647;
			files = (
			);
			inputPaths = (
			);
			name = "Copy Pods Resources";
			outputPaths = (
			);
			runOnlyForDeploymentPostprocessing = 0;
			shellPath = /bin/sh;
			shellScript = "\"${SRCROOT}/Pods/Target Support Files/Pods/Pods-resources.sh\"\n";
			showEnvVarsInLog = 0;
		};
		47DEAF628D4E824C0AD4B3D7 /* Embed Pods Frameworks */ = {
			isa = PBXShellScriptBuildPhase;
			buildActionMask = 2147483647;
			files = (
			);
			inputPaths = (
			);
			name = "Embed Pods Frameworks";
			outputPaths = (
			);
			runOnlyForDeploymentPostprocessing = 0;
			shellPath = /bin/sh;
			shellScript = "\"${SRCROOT}/Pods/Target Support Files/Pods/Pods-frameworks.sh\"\n";
			showEnvVarsInLog = 0;
		};
		F2A6CAA30FBDBA5BD982FDF6 /* Check Pods Manifest.lock */ = {
			isa = PBXShellScriptBuildPhase;
			buildActionMask = 2147483647;
			files = (
			);
			inputPaths = (
			);
			name = "Check Pods Manifest.lock";
			outputPaths = (
			);
			runOnlyForDeploymentPostprocessing = 0;
			shellPath = /bin/sh;
			shellScript = "diff \"${PODS_ROOT}/../Podfile.lock\" \"${PODS_ROOT}/Manifest.lock\" > /dev/null\nif [[ $? != 0 ]] ; then\n    cat << EOM\nerror: The sandbox is not in sync with the Podfile.lock. Run 'pod install' or update your CocoaPods installation.\nEOM\n    exit 1\nfi\n";
			showEnvVarsInLog = 0;
		};
/* End PBXShellScriptBuildPhase section */

/* Begin PBXSourcesBuildPhase section */
		3CA385DB1CC467AC008B6CFC /* Sources */ = {
			isa = PBXSourcesBuildPhase;
			buildActionMask = 2147483647;
			files = (
				3CA3877F1CC47490008B6CFC /* ViewController.m in Sources */,
				3CCD01961CC65A67004C5703 /* MineViewController.m in Sources */,
				3CA8F4BB1CCA48D100B96088 /* FriendsViewController.m in Sources */,
				3CBECFB41CC8BCC700B83B5F /* NSString+MD5.m in Sources */,
				C23166B31CCB228D00E39DE9 /* TimeLineModel.m in Sources */,
				3CA385E71CC467AC008B6CFC /* AppDelegate.mm in Sources */,
				3CA387FC1CC517B4008B6CFC /* MessageTableViewCell.m in Sources */,
				3CC084C31CCE17790006D71C /* FriendTableViewCell.m in Sources */,
				3CD073391CCF6278008ADF21 /* ChatLogManager.m in Sources */,
				3CD073361CCF61F5008ADF21 /* ChatLogModel.m in Sources */,
				3C2758091CCB1BD900E2FFCF /* TimeLineTableViewController.m in Sources */,
				3CBECFBA1CC90EE300B83B5F /* UserModel.m in Sources */,
				3CF4AE681CD0A7BF00462255 /* SessionListManager.m in Sources */,
				3CA387AE1CC4E498008B6CFC /* ChatKeyBoardInputView.m in Sources */,
				3CCD017A1CC6058E004C5703 /* DeviceDelegateHelper.m in Sources */,
				C23166B61CCB229600E39DE9 /* TimeLineCell.m in Sources */,
				3CA387081CC473B3008B6CFC /* KCPinyinHelper.m in Sources */,
				3CCCDBA11CD1A2FC005C5465 /* LaunchScreenViewController.m in Sources */,
				3CCD01931CC65902004C5703 /* MainTabBarController.m in Sources */,
				3CA385E41CC467AC008B6CFC /* main.m in Sources */,
				3CC084BB1CCDBC640006D71C /* FriendModel.m in Sources */,
				3CF4AE761CD10A4300462255 /* AboutUsViewController.m in Sources */,
				3CA387A51CC4E1B1008B6CFC /* ChatViewController.m in Sources */,
				3CC084B51CCDB9E90006D71C /* AddFriendsViewController.m in Sources */,
				3CF4AE711CD10A3100462255 /* PersonInfoViewController.m in Sources */,
				3CBECFB31CC8BCC700B83B5F /* NSString+DocumentPath.m in Sources */,
				3CA8F4B71CC9C8E200B96088 /* MBProgressHUD.m in Sources */,
				3CCD01811CC60BDD004C5703 /* RegisterViewController.m in Sources */,
				3CF4AE641CD0A33F00462255 /* SessionTableViewCell.m in Sources */,
				3CA387AA1CC4E29D008B6CFC /* SessionViewController.m in Sources */,
				C23166B21CCB228D00E39DE9 /* TimeLineFrame.m in Sources */,
				3CD0735F1CCFAB57008ADF21 /* SessionModel.m in Sources */,
				3CBECFAD1CC8826300B83B5F /* LeanCloudManager.m in Sources */,
			);
			runOnlyForDeploymentPostprocessing = 0;
		};
		3CA385F41CC467AC008B6CFC /* Sources */ = {
			isa = PBXSourcesBuildPhase;
			buildActionMask = 2147483647;
			files = (
				3CA385FD1CC467AC008B6CFC /* HeySayTests.m in Sources */,
			);
			runOnlyForDeploymentPostprocessing = 0;
		};
/* End PBXSourcesBuildPhase section */

/* Begin PBXTargetDependency section */
		3CA385FA1CC467AC008B6CFC /* PBXTargetDependency */ = {
			isa = PBXTargetDependency;
			target = 3CA385DE1CC467AC008B6CFC /* HeySay */;
			targetProxy = 3CA385F91CC467AC008B6CFC /* PBXContainerItemProxy */;
		};
/* End PBXTargetDependency section */

/* Begin PBXVariantGroup section */
		3CA385F01CC467AC008B6CFC /* LaunchScreen.storyboard */ = {
			isa = PBXVariantGroup;
			children = (
				3CA385F11CC467AC008B6CFC /* Base */,
			);
			name = LaunchScreen.storyboard;
			sourceTree = "<group>";
		};
/* End PBXVariantGroup section */

/* Begin XCBuildConfiguration section */
		3CA385FF1CC467AC008B6CFC /* Debug */ = {
			isa = XCBuildConfiguration;
			buildSettings = {
				ALWAYS_SEARCH_USER_PATHS = NO;
				CLANG_ANALYZER_NONNULL = YES;
				CLANG_CXX_LANGUAGE_STANDARD = "gnu++0x";
				CLANG_CXX_LIBRARY = "libc++";
				CLANG_ENABLE_MODULES = YES;
				CLANG_ENABLE_OBJC_ARC = YES;
				CLANG_WARN_BOOL_CONVERSION = YES;
				CLANG_WARN_CONSTANT_CONVERSION = YES;
				CLANG_WARN_DIRECT_OBJC_ISA_USAGE = YES_ERROR;
				CLANG_WARN_EMPTY_BODY = YES;
				CLANG_WARN_ENUM_CONVERSION = YES;
				CLANG_WARN_INT_CONVERSION = YES;
				CLANG_WARN_OBJC_ROOT_CLASS = YES_ERROR;
				CLANG_WARN_UNREACHABLE_CODE = YES;
				CLANG_WARN__DUPLICATE_METHOD_MATCH = YES;
				CODE_SIGN_IDENTITY = "iPhone Developer";
				"CODE_SIGN_IDENTITY[sdk=iphoneos*]" = "iPhone Developer";
				COPY_PHASE_STRIP = NO;
				DEBUG_INFORMATION_FORMAT = dwarf;
				ENABLE_STRICT_OBJC_MSGSEND = YES;
				ENABLE_TESTABILITY = YES;
				GCC_C_LANGUAGE_STANDARD = gnu99;
				GCC_DYNAMIC_NO_PIC = NO;
				GCC_NO_COMMON_BLOCKS = YES;
				GCC_OPTIMIZATION_LEVEL = 0;
				GCC_PREPROCESSOR_DEFINITIONS = (
					"DEBUG=1",
					"$(inherited)",
				);
				GCC_WARN_64_TO_32_BIT_CONVERSION = YES;
				GCC_WARN_ABOUT_RETURN_TYPE = YES_ERROR;
				GCC_WARN_UNDECLARED_SELECTOR = YES;
				GCC_WARN_UNINITIALIZED_AUTOS = YES_AGGRESSIVE;
				GCC_WARN_UNUSED_FUNCTION = YES;
				GCC_WARN_UNUSED_VARIABLE = YES;
				IPHONEOS_DEPLOYMENT_TARGET = 9.0;
				MTL_ENABLE_DEBUG_INFO = YES;
				ONLY_ACTIVE_ARCH = YES;
				SDKROOT = iphoneos;
			};
			name = Debug;
		};
		3CA386001CC467AC008B6CFC /* Release */ = {
			isa = XCBuildConfiguration;
			buildSettings = {
				ALWAYS_SEARCH_USER_PATHS = NO;
				CLANG_ANALYZER_NONNULL = YES;
				CLANG_CXX_LANGUAGE_STANDARD = "gnu++0x";
				CLANG_CXX_LIBRARY = "libc++";
				CLANG_ENABLE_MODULES = YES;
				CLANG_ENABLE_OBJC_ARC = YES;
				CLANG_WARN_BOOL_CONVERSION = YES;
				CLANG_WARN_CONSTANT_CONVERSION = YES;
				CLANG_WARN_DIRECT_OBJC_ISA_USAGE = YES_ERROR;
				CLANG_WARN_EMPTY_BODY = YES;
				CLANG_WARN_ENUM_CONVERSION = YES;
				CLANG_WARN_INT_CONVERSION = YES;
				CLANG_WARN_OBJC_ROOT_CLASS = YES_ERROR;
				CLANG_WARN_UNREACHABLE_CODE = YES;
				CLANG_WARN__DUPLICATE_METHOD_MATCH = YES;
				CODE_SIGN_IDENTITY = "iPhone Developer";
				"CODE_SIGN_IDENTITY[sdk=iphoneos*]" = "iPhone Developer";
				COPY_PHASE_STRIP = NO;
				DEBUG_INFORMATION_FORMAT = "dwarf-with-dsym";
				ENABLE_NS_ASSERTIONS = NO;
				ENABLE_STRICT_OBJC_MSGSEND = YES;
				GCC_C_LANGUAGE_STANDARD = gnu99;
				GCC_NO_COMMON_BLOCKS = YES;
				GCC_WARN_64_TO_32_BIT_CONVERSION = YES;
				GCC_WARN_ABOUT_RETURN_TYPE = YES_ERROR;
				GCC_WARN_UNDECLARED_SELECTOR = YES;
				GCC_WARN_UNINITIALIZED_AUTOS = YES_AGGRESSIVE;
				GCC_WARN_UNUSED_FUNCTION = YES;
				GCC_WARN_UNUSED_VARIABLE = YES;
				IPHONEOS_DEPLOYMENT_TARGET = 9.0;
				MTL_ENABLE_DEBUG_INFO = NO;
				SDKROOT = iphoneos;
				VALIDATE_PRODUCT = YES;
			};
			name = Release;
		};
		3CA386021CC467AC008B6CFC /* Debug */ = {
			isa = XCBuildConfiguration;
			baseConfigurationReference = 8182D54A00801ECC9D21F5FF /* Pods.debug.xcconfig */;
			buildSettings = {
				ASSETCATALOG_COMPILER_APPICON_NAME = AppIcon;
				CODE_SIGN_IDENTITY = "iPhone Developer";
				"CODE_SIGN_IDENTITY[sdk=iphoneos*]" = "iPhone Developer";
				ENABLE_BITCODE = NO;
				FRAMEWORK_SEARCH_PATHS = (
					"$(inherited)",
					"$(PROJECT_DIR)/HeySay/thirdparty/ShareSDK",
					"$(PROJECT_DIR)/HeySay/thirdparty/ShareSDK/Support/Optional",
					"$(PROJECT_DIR)/HeySay/thirdparty/ShareSDK/Support/Required",
				);
				GCC_PREFIX_HEADER = "$(SRCROOT)/HeySay/HeySay.pch";
				INFOPLIST_FILE = HeySay/Info.plist;
				IPHONEOS_DEPLOYMENT_TARGET = 9.0;
				LD_RUNPATH_SEARCH_PATHS = "$(inherited) @executable_path/Frameworks";
				LIBRARY_SEARCH_PATHS = (
					"$(inherited)",
					"$(PROJECT_DIR)/HeySay/YTX_iOS_Full_SDK_v5.2.0r8/lib",
					"$(PROJECT_DIR)/HeySay/thirdparty/ShareSDK/Support/PlatformSDK/WeChatSDK",
					"$(PROJECT_DIR)/HeySay/SDK/YTX_iOS_Full_SDK_v5.2.0r8/lib",
				);
				PRODUCT_BUNDLE_IDENTIFIER = ChinaChong.HeySayhahahaasd;
				PRODUCT_NAME = "$(TARGET_NAME)";
				PROVISIONING_PROFILE = "";
			};
			name = Debug;
		};
		3CA386031CC467AC008B6CFC /* Release */ = {
			isa = XCBuildConfiguration;
			baseConfigurationReference = 781EE794A961C6017E0DEDB5 /* Pods.release.xcconfig */;
			buildSettings = {
				ASSETCATALOG_COMPILER_APPICON_NAME = AppIcon;
				CODE_SIGN_IDENTITY = "iPhone Developer";
				"CODE_SIGN_IDENTITY[sdk=iphoneos*]" = "iPhone Developer";
				ENABLE_BITCODE = NO;
				FRAMEWORK_SEARCH_PATHS = (
					"$(inherited)",
					"$(PROJECT_DIR)/HeySay/thirdparty/ShareSDK",
					"$(PROJECT_DIR)/HeySay/thirdparty/ShareSDK/Support/Optional",
					"$(PROJECT_DIR)/HeySay/thirdparty/ShareSDK/Support/Required",
				);
				GCC_PREFIX_HEADER = "$(SRCROOT)/HeySay/HeySay.pch";
				INFOPLIST_FILE = HeySay/Info.plist;
				IPHONEOS_DEPLOYMENT_TARGET = 9.0;
				LD_RUNPATH_SEARCH_PATHS = "$(inherited) @executable_path/Frameworks";
				LIBRARY_SEARCH_PATHS = (
					"$(inherited)",
					"$(PROJECT_DIR)/HeySay/YTX_iOS_Full_SDK_v5.2.0r8/lib",
					"$(PROJECT_DIR)/HeySay/thirdparty/ShareSDK/Support/PlatformSDK/WeChatSDK",
					"$(PROJECT_DIR)/HeySay/SDK/YTX_iOS_Full_SDK_v5.2.0r8/lib",
				);
				PRODUCT_BUNDLE_IDENTIFIER = ChinaChong.HeySayhahahaasd;
				PRODUCT_NAME = "$(TARGET_NAME)";
				PROVISIONING_PROFILE = "";
			};
			name = Release;
		};
		3CA386051CC467AC008B6CFC /* Debug */ = {
			isa = XCBuildConfiguration;
			buildSettings = {
				BUNDLE_LOADER = "$(TEST_HOST)";
				INFOPLIST_FILE = HeySayTests/Info.plist;
				LD_RUNPATH_SEARCH_PATHS = "$(inherited) @executable_path/Frameworks @loader_path/Frameworks";
				PRODUCT_BUNDLE_IDENTIFIER = ChinaChong.HeySayTests;
				PRODUCT_NAME = "$(TARGET_NAME)";
				TEST_HOST = "$(BUILT_PRODUCTS_DIR)/HeySay.app/HeySay";
			};
			name = Debug;
		};
		3CA386061CC467AC008B6CFC /* Release */ = {
			isa = XCBuildConfiguration;
			buildSettings = {
				BUNDLE_LOADER = "$(TEST_HOST)";
				INFOPLIST_FILE = HeySayTests/Info.plist;
				LD_RUNPATH_SEARCH_PATHS = "$(inherited) @executable_path/Frameworks @loader_path/Frameworks";
				PRODUCT_BUNDLE_IDENTIFIER = ChinaChong.HeySayTests;
				PRODUCT_NAME = "$(TARGET_NAME)";
				TEST_HOST = "$(BUILT_PRODUCTS_DIR)/HeySay.app/HeySay";
			};
			name = Release;
		};
/* End XCBuildConfiguration section */

/* Begin XCConfigurationList section */
		3CA385DA1CC467AC008B6CFC /* Build configuration list for PBXProject "HeySay" */ = {
			isa = XCConfigurationList;
			buildConfigurations = (
				3CA385FF1CC467AC008B6CFC /* Debug */,
				3CA386001CC467AC008B6CFC /* Release */,
			);
			defaultConfigurationIsVisible = 0;
			defaultConfigurationName = Release;
		};
		3CA386011CC467AC008B6CFC /* Build configuration list for PBXNativeTarget "HeySay" */ = {
			isa = XCConfigurationList;
			buildConfigurations = (
				3CA386021CC467AC008B6CFC /* Debug */,
				3CA386031CC467AC008B6CFC /* Release */,
			);
			defaultConfigurationIsVisible = 0;
			defaultConfigurationName = Release;
		};
		3CA386041CC467AC008B6CFC /* Build configuration list for PBXNativeTarget "HeySayTests" */ = {
			isa = XCConfigurationList;
			buildConfigurations = (
				3CA386051CC467AC008B6CFC /* Debug */,
				3CA386061CC467AC008B6CFC /* Release */,
			);
			defaultConfigurationIsVisible = 0;
			defaultConfigurationName = Release;
		};
/* End XCConfigurationList section */
	};
	rootObject = 3CA385D71CC467AC008B6CFC /* Project object */;
}
